PODS:
  - Flutter (1.0.0)
  - flutterpluginfive (0.0.1):
    - Flutter

DEPENDENCIES:
  - Flutter (from `Flutter`)
  - flutterpluginfive (from `.symlinks/plugins/flutterpluginfive/ios`)

EXTERNAL SOURCES:
  Flutter:
    :path: Flutter
  flutterpluginfive:
    :path: ".symlinks/plugins/flutterpluginfive/ios"

SPEC CHECKSUMS:
  Flutter: 0e3d915762c693b495b44d77113d4970485de6ec
  flutterpluginfive: f0fb6c0614dfe8184cddb21a1d84f09ae6e9dac7

PODFILE CHECKSUM: f32fb4e7c14f8b3ca19a369d7be425dd9241af27

COCOAPODS: 1.9.1
