PODS:
  - Flutter (1.0.0)
  - flutterpz (0.0.1):
    - Flutter

DEPENDENCIES:
  - Flutter (from `Flutter`)
  - flutterpz (from `.symlinks/plugins/flutterpz/ios`)

EXTERNAL SOURCES:
  Flutter:
    :path: Flutter
  flutterpz:
    :path: ".symlinks/plugins/flutterpz/ios"

SPEC CHECKSUMS:
  Flutter: 0e3d915762c693b495b44d77113d4970485de6ec
  flutterpz: d0e573372ca65fe0fccfac42043d298da44ab4f7

PODFILE CHECKSUM: f32fb4e7c14f8b3ca19a369d7be425dd9241af27

COCOAPODS: 1.9.1
