PODS:
  - AlipaySDK-iOS (15.7.4)
  - Flutter (1.0.0)
  - sy_flutter_alipay (0.0.1):
    - AlipaySDK-iOS
    - Flutter

DEPENDENCIES:
  - Flutter (from `Flutter`)
  - sy_flutter_alipay (from `.symlinks/plugins/sy_flutter_alipay/ios`)

SPEC REPOS:
  trunk:
    - AlipaySDK-iOS

EXTERNAL SOURCES:
  Flutter:
    :path: Flutter
  sy_flutter_alipay:
    :path: ".symlinks/plugins/sy_flutter_alipay/ios"

SPEC CHECKSUMS:
  AlipaySDK-iOS: 8659cdb4403de7e5f26ad8b699864a9cbe53384c
  Flutter: 0e3d915762c693b495b44d77113d4970485de6ec
  sy_flutter_alipay: 91026ef117961bec68f9d32537336f1e528b1213

PODFILE CHECKSUM: f32fb4e7c14f8b3ca19a369d7be425dd9241af27

COCOAPODS: 1.9.1
