PODS:
  - Flutter (1.0.0)
  - flutterplugintwo (0.0.1):
    - Flutter

DEPENDENCIES:
  - Flutter (from `Flutter`)
  - flutterplugintwo (from `.symlinks/plugins/flutterplugintwo/ios`)

EXTERNAL SOURCES:
  Flutter:
    :path: Flutter
  flutterplugintwo:
    :path: ".symlinks/plugins/flutterplugintwo/ios"

SPEC CHECKSUMS:
  Flutter: 0e3d915762c693b495b44d77113d4970485de6ec
  flutterplugintwo: 91676640158148fd0e3e9540b9e5b72169f5e918

PODFILE CHECKSUM: f32fb4e7c14f8b3ca19a369d7be425dd9241af27

COCOAPODS: 1.9.1
