// !$*UTF8*$!
{
	archiveVersion = 1;
	classes = {
	};
	objectVersion = 50;
	objects = {

/* Begin PBXBuildFile section */
		9C9736D425A17085004E32C1 /* AppDelegate.m in Sources */ = {isa = PBXBuildFile; fileRef = 9C9736D325A17085004E32C1 /* AppDelegate.m */; };
		9C9736D625A17085004E32C1 /* art.scnassets in Resources */ = {isa = PBXBuildFile; fileRef = 9C9736D525A17085004E32C1 /* art.scnassets */; };
		9C9736D925A17085004E32C1 /* GameViewController.m in Sources */ = {isa = PBXBuildFile; fileRef = 9C9736D825A17085004E32C1 /* GameViewController.m */; };
		9C9736DC25A17085004E32C1 /* Main.storyboard in Resources */ = {isa = PBXBuildFile; fileRef = 9C9736DA25A17085004E32C1 /* Main.storyboard */; };
		9C9736DE25A17087004E32C1 /* Assets.xcassets in Resources */ = {isa = PBXBuildFile; fileRef = 9C9736DD25A17087004E32C1 /* Assets.xcassets */; };
		9C9736E125A17087004E32C1 /* main.m in Sources */ = {isa = PBXBuildFile; fileRef = 9C9736E025A17087004E32C1 /* main.m */; };
		9C9736EB25A17087004E32C1 /* ios3dtestTests.m in Sources */ = {isa = PBXBuildFile; fileRef = 9C9736EA25A17087004E32C1 /* ios3dtestTests.m */; };
		9C9736F625A17087004E32C1 /* ios3dtestUITests.m in Sources */ = {isa = PBXBuildFile; fileRef = 9C9736F525A17087004E32C1 /* ios3dtestUITests.m */; };
/* End PBXBuildFile section */

/* Begin PBXContainerItemProxy section */
		9C9736E725A17087004E32C1 /* PBXContainerItemProxy */ = {
			isa = PBXContainerItemProxy;
			containerPortal = 9C9736C725A17085004E32C1 /* Project object */;
			proxyType = 1;
			remoteGlobalIDString = 9C9736CE25A17085004E32C1;
			remoteInfo = ios3dtest;
		};
		9C9736F225A17087004E32C1 /* PBXContainerItemProxy */ = {
			isa = PBXContainerItemProxy;
			containerPortal = 9C9736C725A17085004E32C1 /* Project object */;
			proxyType = 1;
			remoteGlobalIDString = 9C9736CE25A17085004E32C1;
			remoteInfo = ios3dtest;
		};
/* End PBXContainerItemProxy section */

/* Begin PBXFileReference section */
		9C9736CF25A17085004E32C1 /* ios3dtest.app */ = {isa = PBXFileReference; explicitFileType = wrapper.application; includeInIndex = 0; path = ios3dtest.app; sourceTree = BUILT_PRODUCTS_DIR; };
		9C9736D225A17085004E32C1 /* AppDelegate.h */ = {isa = PBXFileReference; lastKnownFileType = sourcecode.c.h; path = AppDelegate.h; sourceTree = "<group>"; };
		9C9736D325A17085004E32C1 /* AppDelegate.m */ = {isa = PBXFileReference; lastKnownFileType = sourcecode.c.objc; path = AppDelegate.m; sourceTree = "<group>"; };
		9C9736D525A17085004E32C1 /* art.scnassets */ = {isa = PBXFileReference; lastKnownFileType = wrapper.scnassets; path = art.scnassets; sourceTree = "<group>"; };
		9C9736D725A17085004E32C1 /* GameViewController.h */ = {isa = PBXFileReference; lastKnownFileType = sourcecode.c.h; path = GameViewController.h; sourceTree = "<group>"; };
		9C9736D825A17085004E32C1 /* GameViewController.m */ = {isa = PBXFileReference; lastKnownFileType = sourcecode.c.objc; path = GameViewController.m; sourceTree = "<group>"; };
		9C9736DB25A17085004E32C1 /* Base */ = {isa = PBXFileReference; lastKnownFileType = file.storyboard; name = Base; path = Base.lproj/Main.storyboard; sourceTree = "<group>"; };
		9C9736DD25A17087004E32C1 /* Assets.xcassets */ = {isa = PBXFileReference; lastKnownFileType = folder.assetcatalog; path = Assets.xcassets; sourceTree = "<group>"; };
		9C9736DF25A17087004E32C1 /* Info.plist */ = {isa = PBXFileReference; lastKnownFileType = text.plist.xml; path = Info.plist; sourceTree = "<group>"; };
		9C9736E025A17087004E32C1 /* main.m */ = {isa = PBXFileReference; lastKnownFileType = sourcecode.c.objc; path = main.m; sourceTree = "<group>"; };
		9C9736E625A17087004E32C1 /* ios3dtestTests.xctest */ = {isa = PBXFileReference; explicitFileType = wrapper.cfbundle; includeInIndex = 0; path = ios3dtestTests.xctest; sourceTree = BUILT_PRODUCTS_DIR; };
		9C9736EA25A17087004E32C1 /* ios3dtestTests.m */ = {isa = PBXFileReference; lastKnownFileType = sourcecode.c.objc; path = ios3dtestTests.m; sourceTree = "<group>"; };
		9C9736EC25A17087004E32C1 /* Info.plist */ = {isa = PBXFileReference; lastKnownFileType = text.plist.xml; path = Info.plist; sourceTree = "<group>"; };
		9C9736F125A17087004E32C1 /* ios3dtestUITests.xctest */ = {isa = PBXFileReference; explicitFileType = wrapper.cfbundle; includeInIndex = 0; path = ios3dtestUITests.xctest; sourceTree = BUILT_PRODUCTS_DIR; };
		9C9736F525A17087004E32C1 /* ios3dtestUITests.m */ = {isa = PBXFileReference; lastKnownFileType = sourcecode.c.objc; path = ios3dtestUITests.m; sourceTree = "<group>"; };
		9C9736F725A17087004E32C1 /* Info.plist */ = {isa = PBXFileReference; lastKnownFileType = text.plist.xml; path = Info.plist; sourceTree = "<group>"; };
/* End PBXFileReference section */

/* Begin PBXFrameworksBuildPhase section */
		9C9736CC25A17085004E32C1 /* Frameworks */ = {
			isa = PBXFrameworksBuildPhase;
			buildActionMask = 2147483647;
			files = (
			);
			runOnlyForDeploymentPostprocessing = 0;
		};
		9C9736E325A17087004E32C1 /* Frameworks */ = {
			isa = PBXFrameworksBuildPhase;
			buildActionMask = 2147483647;
			files = (
			);
			runOnlyForDeploymentPostprocessing = 0;
		};
		9C9736EE25A17087004E32C1 /* Frameworks */ = {
			isa = PBXFrameworksBuildPhase;
			buildActionMask = 2147483647;
			files = (
			);
			runOnlyForDeploymentPostprocessing = 0;
		};
/* End PBXFrameworksBuildPhase section */

/* Begin PBXGroup section */
		9C9736C625A17085004E32C1 = {
			isa = PBXGroup;
			children = (
				9C9736D125A17085004E32C1 /* ios3dtest */,
				9C9736E925A17087004E32C1 /* ios3dtestTests */,
				9C9736F425A17087004E32C1 /* ios3dtestUITests */,
				9C9736D025A17085004E32C1 /* Products */,
			);
			sourceTree = "<group>";
		};
		9C9736D025A17085004E32C1 /* Products */ = {
			isa = PBXGroup;
			children = (
				9C9736CF25A17085004E32C1 /* ios3dtest.app */,
				9C9736E625A17087004E32C1 /* ios3dtestTests.xctest */,
				9C9736F125A17087004E32C1 /* ios3dtestUITests.xctest */,
			);
			name = Products;
			sourceTree = "<group>";
		};
		9C9736D125A17085004E32C1 /* ios3dtest */ = {
			isa = PBXGroup;
			children = (
				9C9736D225A17085004E32C1 /* AppDelegate.h */,
				9C9736D325A17085004E32C1 /* AppDelegate.m */,
				9C9736D525A17085004E32C1 /* art.scnassets */,
				9C9736D725A17085004E32C1 /* GameViewController.h */,
				9C9736D825A17085004E32C1 /* GameViewController.m */,
				9C9736DA25A17085004E32C1 /* Main.storyboard */,
				9C9736DD25A17087004E32C1 /* Assets.xcassets */,
				9C9736DF25A17087004E32C1 /* Info.plist */,
				9C9736E025A17087004E32C1 /* main.m */,
			);
			path = ios3dtest;
			sourceTree = "<group>";
		};
		9C9736E925A17087004E32C1 /* ios3dtestTests */ = {
			isa = PBXGroup;
			children = (
				9C9736EA25A17087004E32C1 /* ios3dtestTests.m */,
				9C9736EC25A17087004E32C1 /* Info.plist */,
			);
			path = ios3dtestTests;
			sourceTree = "<group>";
		};
		9C9736F425A17087004E32C1 /* ios3dtestUITests */ = {
			isa = PBXGroup;
			children = (
				9C9736F525A17087004E32C1 /* ios3dtestUITests.m */,
				9C9736F725A17087004E32C1 /* Info.plist */,
			);
			path = ios3dtestUITests;
			sourceTree = "<group>";
		};
/* End PBXGroup section */

/* Begin PBXNativeTarget section */
		9C9736CE25A17085004E32C1 /* ios3dtest */ = {
			isa = PBXNativeTarget;
			buildConfigurationList = 9C9736FA25A17087004E32C1 /* Build configuration list for PBXNativeTarget "ios3dtest" */;
			buildPhases = (
				9C9736CB25A17085004E32C1 /* Sources */,
				9C9736CC25A17085004E32C1 /* Frameworks */,
				9C9736CD25A17085004E32C1 /* Resources */,
			);
			buildRules = (
			);
			dependencies = (
			);
			name = ios3dtest;
			productName = ios3dtest;
			productReference = 9C9736CF25A17085004E32C1 /* ios3dtest.app */;
			productType = "com.apple.product-type.application";
		};
		9C9736E525A17087004E32C1 /* ios3dtestTests */ = {
			isa = PBXNativeTarget;
			buildConfigurationList = 9C9736FD25A17087004E32C1 /* Build configuration list for PBXNativeTarget "ios3dtestTests" */;
			buildPhases = (
				9C9736E225A17087004E32C1 /* Sources */,
				9C9736E325A17087004E32C1 /* Frameworks */,
				9C9736E425A17087004E32C1 /* Resources */,
			);
			buildRules = (
			);
			dependencies = (
				9C9736E825A17087004E32C1 /* PBXTargetDependency */,
			);
			name = ios3dtestTests;
			productName = ios3dtestTests;
			productReference = 9C9736E625A17087004E32C1 /* ios3dtestTests.xctest */;
			productType = "com.apple.product-type.bundle.unit-test";
		};
		9C9736F025A17087004E32C1 /* ios3dtestUITests */ = {
			isa = PBXNativeTarget;
			buildConfigurationList = 9C97370025A17087004E32C1 /* Build configuration list for PBXNativeTarget "ios3dtestUITests" */;
			buildPhases = (
				9C9736ED25A17087004E32C1 /* Sources */,
				9C9736EE25A17087004E32C1 /* Frameworks */,
				9C9736EF25A17087004E32C1 /* Resources */,
			);
			buildRules = (
			);
			dependencies = (
				9C9736F325A17087004E32C1 /* PBXTargetDependency */,
			);
			name = ios3dtestUITests;
			productName = ios3dtestUITests;
			productReference = 9C9736F125A17087004E32C1 /* ios3dtestUITests.xctest */;
			productType = "com.apple.product-type.bundle.ui-testing";
		};
/* End PBXNativeTarget section */

/* Begin PBXProject section */
		9C9736C725A17085004E32C1 /* Project object */ = {
			isa = PBXProject;
			attributes = {
				LastUpgradeCheck = 1230;
				TargetAttributes = {
					9C9736CE25A17085004E32C1 = {
						CreatedOnToolsVersion = 12.3;
					};
					9C9736E525A17087004E32C1 = {
						CreatedOnToolsVersion = 12.3;
						TestTargetID = 9C9736CE25A17085004E32C1;
					};
					9C9736F025A17087004E32C1 = {
						CreatedOnToolsVersion = 12.3;
						TestTargetID = 9C9736CE25A17085004E32C1;
					};
				};
			};
			buildConfigurationList = 9C9736CA25A17085004E32C1 /* Build configuration list for PBXProject "ios3dtest" */;
			compatibilityVersion = "Xcode 9.3";
			developmentRegion = en;
			hasScannedForEncodings = 0;
			knownRegions = (
				en,
				Base,
			);
			mainGroup = 9C9736C625A17085004E32C1;
			productRefGroup = 9C9736D025A17085004E32C1 /* Products */;
			projectDirPath = "";
			projectRoot = "";
			targets = (
				9C9736CE25A17085004E32C1 /* ios3dtest */,
				9C9736E525A17087004E32C1 /* ios3dtestTests */,
				9C9736F025A17087004E32C1 /* ios3dtestUITests */,
			);
		};
/* End PBXProject section */

/* Begin PBXResourcesBuildPhase section */
		9C9736CD25A17085004E32C1 /* Resources */ = {
			isa = PBXResourcesBuildPhase;
			buildActionMask = 2147483647;
			files = (
				9C9736D625A17085004E32C1 /* art.scnassets in Resources */,
				9C9736DE25A17087004E32C1 /* Assets.xcassets in Resources */,
				9C9736DC25A17085004E32C1 /* Main.storyboard in Resources */,
			);
			runOnlyForDeploymentPostprocessing = 0;
		};
		9C9736E425A17087004E32C1 /* Resources */ = {
			isa = PBXResourcesBuildPhase;
			buildActionMask = 2147483647;
			files = (
			);
			runOnlyForDeploymentPostprocessing = 0;
		};
		9C9736EF25A17087004E32C1 /* Resources */ = {
			isa = PBXResourcesBuildPhase;
			buildActionMask = 2147483647;
			files = (
			);
			runOnlyForDeploymentPostprocessing = 0;
		};
/* End PBXResourcesBuildPhase section */

/* Begin PBXSourcesBuildPhase section */
		9C9736CB25A17085004E32C1 /* Sources */ = {
			isa = PBXSourcesBuildPhase;
			buildActionMask = 2147483647;
			files = (
				9C9736D925A17085004E32C1 /* GameViewController.m in Sources */,
				9C9736E125A17087004E32C1 /* main.m in Sources */,
				9C9736D425A17085004E32C1 /* AppDelegate.m in Sources */,
			);
			runOnlyForDeploymentPostprocessing = 0;
		};
		9C9736E225A17087004E32C1 /* Sources */ = {
			isa = PBXSourcesBuildPhase;
			buildActionMask = 2147483647;
			files = (
				9C9736EB25A17087004E32C1 /* ios3dtestTests.m in Sources */,
			);
			runOnlyForDeploymentPostprocessing = 0;
		};
		9C9736ED25A17087004E32C1 /* Sources */ = {
			isa = PBXSourcesBuildPhase;
			buildActionMask = 2147483647;
			files = (
				9C9736F625A17087004E32C1 /* ios3dtestUITests.m in Sources */,
			);
			runOnlyForDeploymentPostprocessing = 0;
		};
/* End PBXSourcesBuildPhase section */

/* Begin PBXTargetDependency section */
		9C9736E825A17087004E32C1 /* PBXTargetDependency */ = {
			isa = PBXTargetDependency;
			target = 9C9736CE25A17085004E32C1 /* ios3dtest */;
			targetProxy = 9C9736E725A17087004E32C1 /* PBXContainerItemProxy */;
		};
		9C9736F325A17087004E32C1 /* PBXTargetDependency */ = {
			isa = PBXTargetDependency;
			target = 9C9736CE25A17085004E32C1 /* ios3dtest */;
			targetProxy = 9C9736F225A17087004E32C1 /* PBXContainerItemProxy */;
		};
/* End PBXTargetDependency section */

/* Begin PBXVariantGroup section */
		9C9736DA25A17085004E32C1 /* Main.storyboard */ = {
			isa = PBXVariantGroup;
			children = (
				9C9736DB25A17085004E32C1 /* Base */,
			);
			name = Main.storyboard;
			sourceTree = "<group>";
		};
/* End PBXVariantGroup section */

/* Begin XCBuildConfiguration section */
		9C9736F825A17087004E32C1 /* Debug */ = {
			isa = XCBuildConfiguration;
			buildSettings = {
				ALWAYS_SEARCH_USER_PATHS = NO;
				CLANG_ANALYZER_NONNULL = YES;
				CLANG_ANALYZER_NUMBER_OBJECT_CONVERSION = YES_AGGRESSIVE;
				CLANG_CXX_LANGUAGE_STANDARD = "gnu++14";
				CLANG_CXX_LIBRARY = "libc++";
				CLANG_ENABLE_MODULES = YES;
				CLANG_ENABLE_OBJC_ARC = YES;
				CLANG_ENABLE_OBJC_WEAK = YES;
				CLANG_WARN_BLOCK_CAPTURE_AUTORELEASING = YES;
				CLANG_WARN_BOOL_CONVERSION = YES;
				CLANG_WARN_COMMA = YES;
				CLANG_WARN_CONSTANT_CONVERSION = YES;
				CLANG_WARN_DEPRECATED_OBJC_IMPLEMENTATIONS = YES;
				CLANG_WARN_DIRECT_OBJC_ISA_USAGE = YES_ERROR;
				CLANG_WARN_DOCUMENTATION_COMMENTS = YES;
				CLANG_WARN_EMPTY_BODY = YES;
				CLANG_WARN_ENUM_CONVERSION = YES;
				CLANG_WARN_INFINITE_RECURSION = YES;
				CLANG_WARN_INT_CONVERSION = YES;
				CLANG_WARN_NON_LITERAL_NULL_CONVERSION = YES;
				CLANG_WARN_OBJC_IMPLICIT_RETAIN_SELF = YES;
				CLANG_WARN_OBJC_LITERAL_CONVERSION = YES;
				CLANG_WARN_OBJC_ROOT_CLASS = YES_ERROR;
				CLANG_WARN_QUOTED_INCLUDE_IN_FRAMEWORK_HEADER = YES;
				CLANG_WARN_RANGE_LOOP_ANALYSIS = YES;
				CLANG_WARN_STRICT_PROTOTYPES = YES;
				CLANG_WARN_SUSPICIOUS_MOVE = YES;
				CLANG_WARN_UNGUARDED_AVAILABILITY = YES_AGGRESSIVE;
				CLANG_WARN_UNREACHABLE_CODE = YES;
				CLANG_WARN__DUPLICATE_METHOD_MATCH = YES;
				COPY_PHASE_STRIP = NO;
				DEBUG_INFORMATION_FORMAT = dwarf;
				ENABLE_STRICT_OBJC_MSGSEND = YES;
				ENABLE_TESTABILITY = YES;
				GCC_C_LANGUAGE_STANDARD = gnu11;
				GCC_DYNAMIC_NO_PIC = NO;
				GCC_NO_COMMON_BLOCKS = YES;
				GCC_OPTIMIZATION_LEVEL = 0;
				GCC_PREPROCESSOR_DEFINITIONS = (
					"DEBUG=1",
					"$(inherited)",
				);
				GCC_WARN_64_TO_32_BIT_CONVERSION = YES;
				GCC_WARN_ABOUT_RETURN_TYPE = YES_ERROR;
				GCC_WARN_UNDECLARED_SELECTOR = YES;
				GCC_WARN_UNINITIALIZED_AUTOS = YES_AGGRESSIVE;
				GCC_WARN_UNUSED_FUNCTION = YES;
				GCC_WARN_UNUSED_VARIABLE = YES;
				IPHONEOS_DEPLOYMENT_TARGET = 14.3;
				MTL_ENABLE_DEBUG_INFO = INCLUDE_SOURCE;
				MTL_FAST_MATH = YES;
				ONLY_ACTIVE_ARCH = YES;
				SDKROOT = iphoneos;
			};
			name = Debug;
		};
		9C9736F925A17087004E32C1 /* Release */ = {
			isa = XCBuildConfiguration;
			buildSettings = {
				ALWAYS_SEARCH_USER_PATHS = NO;
				CLANG_ANALYZER_NONNULL = YES;
				CLANG_ANALYZER_NUMBER_OBJECT_CONVERSION = YES_AGGRESSIVE;
				CLANG_CXX_LANGUAGE_STANDARD = "gnu++14";
				CLANG_CXX_LIBRARY = "libc++";
				CLANG_ENABLE_MODULES = YES;
				CLANG_ENABLE_OBJC_ARC = YES;
				CLANG_ENABLE_OBJC_WEAK = YES;
				CLANG_WARN_BLOCK_CAPTURE_AUTORELEASING = YES;
				CLANG_WARN_BOOL_CONVERSION = YES;
				CLANG_WARN_COMMA = YES;
				CLANG_WARN_CONSTANT_CONVERSION = YES;
				CLANG_WARN_DEPRECATED_OBJC_IMPLEMENTATIONS = YES;
				CLANG_WARN_DIRECT_OBJC_ISA_USAGE = YES_ERROR;
				CLANG_WARN_DOCUMENTATION_COMMENTS = YES;
				CLANG_WARN_EMPTY_BODY = YES;
				CLANG_WARN_ENUM_CONVERSION = YES;
				CLANG_WARN_INFINITE_RECURSION = YES;
				CLANG_WARN_INT_CONVERSION = YES;
				CLANG_WARN_NON_LITERAL_NULL_CONVERSION = YES;
				CLANG_WARN_OBJC_IMPLICIT_RETAIN_SELF = YES;
				CLANG_WARN_OBJC_LITERAL_CONVERSION = YES;
				CLANG_WARN_OBJC_ROOT_CLASS = YES_ERROR;
				CLANG_WARN_QUOTED_INCLUDE_IN_FRAMEWORK_HEADER = YES;
				CLANG_WARN_RANGE_LOOP_ANALYSIS = YES;
				CLANG_WARN_STRICT_PROTOTYPES = YES;
				CLANG_WARN_SUSPICIOUS_MOVE = YES;
				CLANG_WARN_UNGUARDED_AVAILABILITY = YES_AGGRESSIVE;
				CLANG_WARN_UNREACHABLE_CODE = YES;
				CLANG_WARN__DUPLICATE_METHOD_MATCH = YES;
				COPY_PHASE_STRIP = NO;
				DEBUG_INFORMATION_FORMAT = "dwarf-with-dsym";
				ENABLE_NS_ASSERTIONS = NO;
				ENABLE_STRICT_OBJC_MSGSEND = YES;
				GCC_C_LANGUAGE_STANDARD = gnu11;
				GCC_NO_COMMON_BLOCKS = YES;
				GCC_WARN_64_TO_32_BIT_CONVERSION = YES;
				GCC_WARN_ABOUT_RETURN_TYPE = YES_ERROR;
				GCC_WARN_UNDECLARED_SELECTOR = YES;
				GCC_WARN_UNINITIALIZED_AUTOS = YES_AGGRESSIVE;
				GCC_WARN_UNUSED_FUNCTION = YES;
				GCC_WARN_UNUSED_VARIABLE = YES;
				IPHONEOS_DEPLOYMENT_TARGET = 14.3;
				MTL_ENABLE_DEBUG_INFO = NO;
				MTL_FAST_MATH = YES;
				SDKROOT = iphoneos;
				VALIDATE_PRODUCT = YES;
			};
			name = Release;
		};
		9C9736FB25A17087004E32C1 /* Debug */ = {
			isa = XCBuildConfiguration;
			buildSettings = {
				ASSETCATALOG_COMPILER_APPICON_NAME = AppIcon;
				ASSETCATALOG_COMPILER_GLOBAL_ACCENT_COLOR_NAME = AccentColor;
				CODE_SIGN_STYLE = Automatic;
				DEVELOPMENT_TEAM = B48R9F9449;
				INFOPLIST_FILE = ios3dtest/Info.plist;
				IPHONEOS_DEPLOYMENT_TARGET = 14.0;
				LD_RUNPATH_SEARCH_PATHS = (
					"$(inherited)",
					"@executable_path/Frameworks",
				);
				PRODUCT_BUNDLE_IDENTIFIER = pan3d.ios3dtest;
				PRODUCT_NAME = "$(TARGET_NAME)";
				TARGETED_DEVICE_FAMILY = "1,2";
			};
			name = Debug;
		};
		9C9736FC25A17087004E32C1 /* Release */ = {
			isa = XCBuildConfiguration;
			buildSettings = {
				ASSETCATALOG_COMPILER_APPICON_NAME = AppIcon;
				ASSETCATALOG_COMPILER_GLOBAL_ACCENT_COLOR_NAME = AccentColor;
				CODE_SIGN_STYLE = Automatic;
				DEVELOPMENT_TEAM = B48R9F9449;
				INFOPLIST_FILE = ios3dtest/Info.plist;
				IPHONEOS_DEPLOYMENT_TARGET = 14.0;
				LD_RUNPATH_SEARCH_PATHS = (
					"$(inherited)",
					"@executable_path/Frameworks",
				);
				PRODUCT_BUNDLE_IDENTIFIER = pan3d.ios3dtest;
				PRODUCT_NAME = "$(TARGET_NAME)";
				TARGETED_DEVICE_FAMILY = "1,2";
			};
			name = Release;
		};
		9C9736FE25A17087004E32C1 /* Debug */ = {
			isa = XCBuildConfiguration;
			buildSettings = {
				BUNDLE_LOADER = "$(TEST_HOST)";
				CODE_SIGN_STYLE = Automatic;
				DEVELOPMENT_TEAM = B48R9F9449;
				INFOPLIST_FILE = ios3dtestTests/Info.plist;
				IPHONEOS_DEPLOYMENT_TARGET = 14.3;
				LD_RUNPATH_SEARCH_PATHS = (
					"$(inherited)",
					"@executable_path/Frameworks",
					"@loader_path/Frameworks",
				);
				PRODUCT_BUNDLE_IDENTIFIER = pan3d.ios3dtestTests;
				PRODUCT_NAME = "$(TARGET_NAME)";
				TARGETED_DEVICE_FAMILY = "1,2";
				TEST_HOST = "$(BUILT_PRODUCTS_DIR)/ios3dtest.app/ios3dtest";
			};
			name = Debug;
		};
		9C9736FF25A17087004E32C1 /* Release */ = {
			isa = XCBuildConfiguration;
			buildSettings = {
				BUNDLE_LOADER = "$(TEST_HOST)";
				CODE_SIGN_STYLE = Automatic;
				DEVELOPMENT_TEAM = B48R9F9449;
				INFOPLIST_FILE = ios3dtestTests/Info.plist;
				IPHONEOS_DEPLOYMENT_TARGET = 14.3;
				LD_RUNPATH_SEARCH_PATHS = (
					"$(inherited)",
					"@executable_path/Frameworks",
					"@loader_path/Frameworks",
				);
				PRODUCT_BUNDLE_IDENTIFIER = pan3d.ios3dtestTests;
				PRODUCT_NAME = "$(TARGET_NAME)";
				TARGETED_DEVICE_FAMILY = "1,2";
				TEST_HOST = "$(BUILT_PRODUCTS_DIR)/ios3dtest.app/ios3dtest";
			};
			name = Release;
		};
		9C97370125A17087004E32C1 /* Debug */ = {
			isa = XCBuildConfiguration;
			buildSettings = {
				CODE_SIGN_STYLE = Automatic;
				DEVELOPMENT_TEAM = B48R9F9449;
				INFOPLIST_FILE = ios3dtestUITests/Info.plist;
				LD_RUNPATH_SEARCH_PATHS = (
					"$(inherited)",
					"@executable_path/Frameworks",
					"@loader_path/Frameworks",
				);
				PRODUCT_BUNDLE_IDENTIFIER = pan3d.ios3dtestUITests;
				PRODUCT_NAME = "$(TARGET_NAME)";
				TARGETED_DEVICE_FAMILY = "1,2";
				TEST_TARGET_NAME = ios3dtest;
			};
			name = Debug;
		};
		9C97370225A17087004E32C1 /* Release */ = {
			isa = XCBuildConfiguration;
			buildSettings = {
				CODE_SIGN_STYLE = Automatic;
				DEVELOPMENT_TEAM = B48R9F9449;
				INFOPLIST_FILE = ios3dtestUITests/Info.plist;
				LD_RUNPATH_SEARCH_PATHS = (
					"$(inherited)",
					"@executable_path/Frameworks",
					"@loader_path/Frameworks",
				);
				PRODUCT_BUNDLE_IDENTIFIER = pan3d.ios3dtestUITests;
				PRODUCT_NAME = "$(TARGET_NAME)";
				TARGETED_DEVICE_FAMILY = "1,2";
				TEST_TARGET_NAME = ios3dtest;
			};
			name = Release;
		};
/* End XCBuildConfiguration section */

/* Begin XCConfigurationList section */
		9C9736CA25A17085004E32C1 /* Build configuration list for PBXProject "ios3dtest" */ = {
			isa = XCConfigurationList;
			buildConfigurations = (
				9C9736F825A17087004E32C1 /* Debug */,
				9C9736F925A17087004E32C1 /* Release */,
			);
			defaultConfigurationIsVisible = 0;
			defaultConfigurationName = Release;
		};
		9C9736FA25A17087004E32C1 /* Build configuration list for PBXNativeTarget "ios3dtest" */ = {
			isa = XCConfigurationList;
			buildConfigurations = (
				9C9736FB25A17087004E32C1 /* Debug */,
				9C9736FC25A17087004E32C1 /* Release */,
			);
			defaultConfigurationIsVisible = 0;
			defaultConfigurationName = Release;
		};
		9C9736FD25A17087004E32C1 /* Build configuration list for PBXNativeTarget "ios3dtestTests" */ = {
			isa = XCConfigurationList;
			buildConfigurations = (
				9C9736FE25A17087004E32C1 /* Debug */,
				9C9736FF25A17087004E32C1 /* Release */,
			);
			defaultConfigurationIsVisible = 0;
			defaultConfigurationName = Release;
		};
		9C97370025A17087004E32C1 /* Build configuration list for PBXNativeTarget "ios3dtestUITests" */ = {
			isa = XCConfigurationList;
			buildConfigurations = (
				9C97370125A17087004E32C1 /* Debug */,
				9C97370225A17087004E32C1 /* Release */,
			);
			defaultConfigurationIsVisible = 0;
			defaultConfigurationName = Release;
		};
/* End XCConfigurationList section */
	};
	rootObject = 9C9736C725A17085004E32C1 /* Project object */;
}
