PODS:
  - Flutter (1.0.0)
  - flutterpluginsix (0.0.1):
    - Flutter

DEPENDENCIES:
  - Flutter (from `Flutter`)
  - flutterpluginsix (from `.symlinks/plugins/flutterpluginsix/ios`)

EXTERNAL SOURCES:
  Flutter:
    :path: Flutter
  flutterpluginsix:
    :path: ".symlinks/plugins/flutterpluginsix/ios"

SPEC CHECKSUMS:
  Flutter: 0e3d915762c693b495b44d77113d4970485de6ec
  flutterpluginsix: 88a8150dc959eff0380f00b5a1b75863a23091cf

PODFILE CHECKSUM: f32fb4e7c14f8b3ca19a369d7be425dd9241af27

COCOAPODS: 1.9.1
