PODS:
  - Flutter (1.0.0)
  - flutterpluginthree (0.0.1):
    - Flutter

DEPENDENCIES:
  - Flutter (from `Flutter`)
  - flutterpluginthree (from `.symlinks/plugins/flutterpluginthree/ios`)

EXTERNAL SOURCES:
  Flutter:
    :path: Flutter
  flutterpluginthree:
    :path: ".symlinks/plugins/flutterpluginthree/ios"

SPEC CHECKSUMS:
  Flutter: 0e3d915762c693b495b44d77113d4970485de6ec
  flutterpluginthree: 2da8229dd198cae1f025122d0a58b94398121301

PODFILE CHECKSUM: f32fb4e7c14f8b3ca19a369d7be425dd9241af27

COCOAPODS: 1.9.1
