// !$*UTF8*$!
{
	archiveVersion = 1;
	classes = {
	};
	objectVersion = 50;
	objects = {

/* Begin PBXBuildFile section */
		FE0FC23A2395104700D2483A /* AppDelegate.m in Sources */ = {isa = PBXBuildFile; fileRef = FE0FC2392395104700D2483A /* AppDelegate.m */; };
		FE0FC23D2395104700D2483A /* SceneDelegate.m in Sources */ = {isa = PBXBuildFile; fileRef = FE0FC23C2395104700D2483A /* SceneDelegate.m */; };
		FE0FC2402395104700D2483A /* ViewController.m in Sources */ = {isa = PBXBuildFile; fileRef = FE0FC23F2395104700D2483A /* ViewController.m */; };
		FE0FC2432395104700D2483A /* Main.storyboard in Resources */ = {isa = PBXBuildFile; fileRef = FE0FC2412395104700D2483A /* Main.storyboard */; };
		FE0FC2462395104700D2483A /* iosgl.xcdatamodeld in Sources */ = {isa = PBXBuildFile; fileRef = FE0FC2442395104700D2483A /* iosgl.xcdatamodeld */; };
		FE0FC2482395104800D2483A /* Assets.xcassets in Resources */ = {isa = PBXBuildFile; fileRef = FE0FC2472395104800D2483A /* Assets.xcassets */; };
		FE0FC24B2395104800D2483A /* LaunchScreen.storyboard in Resources */ = {isa = PBXBuildFile; fileRef = FE0FC2492395104800D2483A /* LaunchScreen.storyboard */; };
		FE0FC24E2395104800D2483A /* main.m in Sources */ = {isa = PBXBuildFile; fileRef = FE0FC24D2395104800D2483A /* main.m */; };
/* End PBXBuildFile section */

/* Begin PBXFileReference section */
		FE0FC2352395104700D2483A /* iosgl.app */ = {isa = PBXFileReference; explicitFileType = wrapper.application; includeInIndex = 0; path = iosgl.app; sourceTree = BUILT_PRODUCTS_DIR; };
		FE0FC2382395104700D2483A /* AppDelegate.h */ = {isa = PBXFileReference; lastKnownFileType = sourcecode.c.h; path = AppDelegate.h; sourceTree = "<group>"; };
		FE0FC2392395104700D2483A /* AppDelegate.m */ = {isa = PBXFileReference; lastKnownFileType = sourcecode.c.objc; path = AppDelegate.m; sourceTree = "<group>"; };
		FE0FC23B2395104700D2483A /* SceneDelegate.h */ = {isa = PBXFileReference; lastKnownFileType = sourcecode.c.h; path = SceneDelegate.h; sourceTree = "<group>"; };
		FE0FC23C2395104700D2483A /* SceneDelegate.m */ = {isa = PBXFileReference; lastKnownFileType = sourcecode.c.objc; path = SceneDelegate.m; sourceTree = "<group>"; };
		FE0FC23E2395104700D2483A /* ViewController.h */ = {isa = PBXFileReference; lastKnownFileType = sourcecode.c.h; path = ViewController.h; sourceTree = "<group>"; };
		FE0FC23F2395104700D2483A /* ViewController.m */ = {isa = PBXFileReference; lastKnownFileType = sourcecode.c.objc; path = ViewController.m; sourceTree = "<group>"; };
		FE0FC2422395104700D2483A /* Base */ = {isa = PBXFileReference; lastKnownFileType = file.storyboard; name = Base; path = Base.lproj/Main.storyboard; sourceTree = "<group>"; };
		FE0FC2452395104700D2483A /* iosgl.xcdatamodel */ = {isa = PBXFileReference; lastKnownFileType = wrapper.xcdatamodel; path = iosgl.xcdatamodel; sourceTree = "<group>"; };
		FE0FC2472395104800D2483A /* Assets.xcassets */ = {isa = PBXFileReference; lastKnownFileType = folder.assetcatalog; path = Assets.xcassets; sourceTree = "<group>"; };
		FE0FC24A2395104800D2483A /* Base */ = {isa = PBXFileReference; lastKnownFileType = file.storyboard; name = Base; path = Base.lproj/LaunchScreen.storyboard; sourceTree = "<group>"; };
		FE0FC24C2395104800D2483A /* Info.plist */ = {isa = PBXFileReference; lastKnownFileType = text.plist.xml; path = Info.plist; sourceTree = "<group>"; };
		FE0FC24D2395104800D2483A /* main.m */ = {isa = PBXFileReference; lastKnownFileType = sourcecode.c.objc; path = main.m; sourceTree = "<group>"; };
/* End PBXFileReference section */

/* Begin PBXFrameworksBuildPhase section */
		FE0FC2322395104700D2483A /* Frameworks */ = {
			isa = PBXFrameworksBuildPhase;
			buildActionMask = 2147483647;
			files = (
			);
			runOnlyForDeploymentPostprocessing = 0;
		};
/* End PBXFrameworksBuildPhase section */

/* Begin PBXGroup section */
		FE0FC22C2395104700D2483A = {
			isa = PBXGroup;
			children = (
				FE0FC2372395104700D2483A /* iosgl */,
				FE0FC2362395104700D2483A /* Products */,
			);
			sourceTree = "<group>";
		};
		FE0FC2362395104700D2483A /* Products */ = {
			isa = PBXGroup;
			children = (
				FE0FC2352395104700D2483A /* iosgl.app */,
			);
			name = Products;
			sourceTree = "<group>";
		};
		FE0FC2372395104700D2483A /* iosgl */ = {
			isa = PBXGroup;
			children = (
				FE0FC2382395104700D2483A /* AppDelegate.h */,
				FE0FC2392395104700D2483A /* AppDelegate.m */,
				FE0FC23B2395104700D2483A /* SceneDelegate.h */,
				FE0FC23C2395104700D2483A /* SceneDelegate.m */,
				FE0FC23E2395104700D2483A /* ViewController.h */,
				FE0FC23F2395104700D2483A /* ViewController.m */,
				FE0FC2412395104700D2483A /* Main.storyboard */,
				FE0FC2472395104800D2483A /* Assets.xcassets */,
				FE0FC2492395104800D2483A /* LaunchScreen.storyboard */,
				FE0FC24C2395104800D2483A /* Info.plist */,
				FE0FC24D2395104800D2483A /* main.m */,
				FE0FC2442395104700D2483A /* iosgl.xcdatamodeld */,
			);
			path = iosgl;
			sourceTree = "<group>";
		};
/* End PBXGroup section */

/* Begin PBXNativeTarget section */
		FE0FC2342395104700D2483A /* iosgl */ = {
			isa = PBXNativeTarget;
			buildConfigurationList = FE0FC2512395104800D2483A /* Build configuration list for PBXNativeTarget "iosgl" */;
			buildPhases = (
				FE0FC2312395104700D2483A /* Sources */,
				FE0FC2322395104700D2483A /* Frameworks */,
				FE0FC2332395104700D2483A /* Resources */,
			);
			buildRules = (
			);
			dependencies = (
			);
			name = iosgl;
			productName = iosgl;
			productReference = FE0FC2352395104700D2483A /* iosgl.app */;
			productType = "com.apple.product-type.application";
		};
/* End PBXNativeTarget section */

/* Begin PBXProject section */
		FE0FC22D2395104700D2483A /* Project object */ = {
			isa = PBXProject;
			attributes = {
				LastUpgradeCheck = 1110;
				ORGANIZATIONNAME = zhao;
				TargetAttributes = {
					FE0FC2342395104700D2483A = {
						CreatedOnToolsVersion = 11.1;
					};
				};
			};
			buildConfigurationList = FE0FC2302395104700D2483A /* Build configuration list for PBXProject "iosgl" */;
			compatibilityVersion = "Xcode 9.3";
			developmentRegion = en;
			hasScannedForEncodings = 0;
			knownRegions = (
				en,
				Base,
			);
			mainGroup = FE0FC22C2395104700D2483A;
			productRefGroup = FE0FC2362395104700D2483A /* Products */;
			projectDirPath = "";
			projectRoot = "";
			targets = (
				FE0FC2342395104700D2483A /* iosgl */,
			);
		};
/* End PBXProject section */

/* Begin PBXResourcesBuildPhase section */
		FE0FC2332395104700D2483A /* Resources */ = {
			isa = PBXResourcesBuildPhase;
			buildActionMask = 2147483647;
			files = (
				FE0FC24B2395104800D2483A /* LaunchScreen.storyboard in Resources */,
				FE0FC2482395104800D2483A /* Assets.xcassets in Resources */,
				FE0FC2432395104700D2483A /* Main.storyboard in Resources */,
			);
			runOnlyForDeploymentPostprocessing = 0;
		};
/* End PBXResourcesBuildPhase section */

/* Begin PBXSourcesBuildPhase section */
		FE0FC2312395104700D2483A /* Sources */ = {
			isa = PBXSourcesBuildPhase;
			buildActionMask = 2147483647;
			files = (
				FE0FC24E2395104800D2483A /* main.m in Sources */,
				FE0FC2462395104700D2483A /* iosgl.xcdatamodeld in Sources */,
				FE0FC2402395104700D2483A /* ViewController.m in Sources */,
				FE0FC23A2395104700D2483A /* AppDelegate.m in Sources */,
				FE0FC23D2395104700D2483A /* SceneDelegate.m in Sources */,
			);
			runOnlyForDeploymentPostprocessing = 0;
		};
/* End PBXSourcesBuildPhase section */

/* Begin PBXVariantGroup section */
		FE0FC2412395104700D2483A /* Main.storyboard */ = {
			isa = PBXVariantGroup;
			children = (
				FE0FC2422395104700D2483A /* Base */,
			);
			name = Main.storyboard;
			sourceTree = "<group>";
		};
		FE0FC2492395104800D2483A /* LaunchScreen.storyboard */ = {
			isa = PBXVariantGroup;
			children = (
				FE0FC24A2395104800D2483A /* Base */,
			);
			name = LaunchScreen.storyboard;
			sourceTree = "<group>";
		};
/* End PBXVariantGroup section */

/* Begin XCBuildConfiguration section */
		FE0FC24F2395104800D2483A /* Debug */ = {
			isa = XCBuildConfiguration;
			buildSettings = {
				ALWAYS_SEARCH_USER_PATHS = NO;
				CLANG_ANALYZER_NONNULL = YES;
				CLANG_ANALYZER_NUMBER_OBJECT_CONVERSION = YES_AGGRESSIVE;
				CLANG_CXX_LANGUAGE_STANDARD = "gnu++14";
				CLANG_CXX_LIBRARY = "libc++";
				CLANG_ENABLE_MODULES = YES;
				CLANG_ENABLE_OBJC_ARC = YES;
				CLANG_ENABLE_OBJC_WEAK = YES;
				CLANG_WARN_BLOCK_CAPTURE_AUTORELEASING = YES;
				CLANG_WARN_BOOL_CONVERSION = YES;
				CLANG_WARN_COMMA = YES;
				CLANG_WARN_CONSTANT_CONVERSION = YES;
				CLANG_WARN_DEPRECATED_OBJC_IMPLEMENTATIONS = YES;
				CLANG_WARN_DIRECT_OBJC_ISA_USAGE = YES_ERROR;
				CLANG_WARN_DOCUMENTATION_COMMENTS = YES;
				CLANG_WARN_EMPTY_BODY = YES;
				CLANG_WARN_ENUM_CONVERSION = YES;
				CLANG_WARN_INFINITE_RECURSION = YES;
				CLANG_WARN_INT_CONVERSION = YES;
				CLANG_WARN_NON_LITERAL_NULL_CONVERSION = YES;
				CLANG_WARN_OBJC_IMPLICIT_RETAIN_SELF = YES;
				CLANG_WARN_OBJC_LITERAL_CONVERSION = YES;
				CLANG_WARN_OBJC_ROOT_CLASS = YES_ERROR;
				CLANG_WARN_RANGE_LOOP_ANALYSIS = YES;
				CLANG_WARN_STRICT_PROTOTYPES = YES;
				CLANG_WARN_SUSPICIOUS_MOVE = YES;
				CLANG_WARN_UNGUARDED_AVAILABILITY = YES_AGGRESSIVE;
				CLANG_WARN_UNREACHABLE_CODE = YES;
				CLANG_WARN__DUPLICATE_METHOD_MATCH = YES;
				COPY_PHASE_STRIP = NO;
				DEBUG_INFORMATION_FORMAT = dwarf;
				ENABLE_STRICT_OBJC_MSGSEND = YES;
				ENABLE_TESTABILITY = YES;
				GCC_C_LANGUAGE_STANDARD = gnu11;
				GCC_DYNAMIC_NO_PIC = NO;
				GCC_NO_COMMON_BLOCKS = YES;
				GCC_OPTIMIZATION_LEVEL = 0;
				GCC_PREPROCESSOR_DEFINITIONS = (
					"DEBUG=1",
					"$(inherited)",
				);
				GCC_WARN_64_TO_32_BIT_CONVERSION = YES;
				GCC_WARN_ABOUT_RETURN_TYPE = YES_ERROR;
				GCC_WARN_UNDECLARED_SELECTOR = YES;
				GCC_WARN_UNINITIALIZED_AUTOS = YES_AGGRESSIVE;
				GCC_WARN_UNUSED_FUNCTION = YES;
				GCC_WARN_UNUSED_VARIABLE = YES;
				IPHONEOS_DEPLOYMENT_TARGET = 13.1;
				MTL_ENABLE_DEBUG_INFO = INCLUDE_SOURCE;
				MTL_FAST_MATH = YES;
				ONLY_ACTIVE_ARCH = YES;
				SDKROOT = iphoneos;
			};
			name = Debug;
		};
		FE0FC2502395104800D2483A /* Release */ = {
			isa = XCBuildConfiguration;
			buildSettings = {
				ALWAYS_SEARCH_USER_PATHS = NO;
				CLANG_ANALYZER_NONNULL = YES;
				CLANG_ANALYZER_NUMBER_OBJECT_CONVERSION = YES_AGGRESSIVE;
				CLANG_CXX_LANGUAGE_STANDARD = "gnu++14";
				CLANG_CXX_LIBRARY = "libc++";
				CLANG_ENABLE_MODULES = YES;
				CLANG_ENABLE_OBJC_ARC = YES;
				CLANG_ENABLE_OBJC_WEAK = YES;
				CLANG_WARN_BLOCK_CAPTURE_AUTORELEASING = YES;
				CLANG_WARN_BOOL_CONVERSION = YES;
				CLANG_WARN_COMMA = YES;
				CLANG_WARN_CONSTANT_CONVERSION = YES;
				CLANG_WARN_DEPRECATED_OBJC_IMPLEMENTATIONS = YES;
				CLANG_WARN_DIRECT_OBJC_ISA_USAGE = YES_ERROR;
				CLANG_WARN_DOCUMENTATION_COMMENTS = YES;
				CLANG_WARN_EMPTY_BODY = YES;
				CLANG_WARN_ENUM_CONVERSION = YES;
				CLANG_WARN_INFINITE_RECURSION = YES;
				CLANG_WARN_INT_CONVERSION = YES;
				CLANG_WARN_NON_LITERAL_NULL_CONVERSION = YES;
				CLANG_WARN_OBJC_IMPLICIT_RETAIN_SELF = YES;
				CLANG_WARN_OBJC_LITERAL_CONVERSION = YES;
				CLANG_WARN_OBJC_ROOT_CLASS = YES_ERROR;
				CLANG_WARN_RANGE_LOOP_ANALYSIS = YES;
				CLANG_WARN_STRICT_PROTOTYPES = YES;
				CLANG_WARN_SUSPICIOUS_MOVE = YES;
				CLANG_WARN_UNGUARDED_AVAILABILITY = YES_AGGRESSIVE;
				CLANG_WARN_UNREACHABLE_CODE = YES;
				CLANG_WARN__DUPLICATE_METHOD_MATCH = YES;
				COPY_PHASE_STRIP = NO;
				DEBUG_INFORMATION_FORMAT = "dwarf-with-dsym";
				ENABLE_NS_ASSERTIONS = NO;
				ENABLE_STRICT_OBJC_MSGSEND = YES;
				GCC_C_LANGUAGE_STANDARD = gnu11;
				GCC_NO_COMMON_BLOCKS = YES;
				GCC_WARN_64_TO_32_BIT_CONVERSION = YES;
				GCC_WARN_ABOUT_RETURN_TYPE = YES_ERROR;
				GCC_WARN_UNDECLARED_SELECTOR = YES;
				GCC_WARN_UNINITIALIZED_AUTOS = YES_AGGRESSIVE;
				GCC_WARN_UNUSED_FUNCTION = YES;
				GCC_WARN_UNUSED_VARIABLE = YES;
				IPHONEOS_DEPLOYMENT_TARGET = 13.1;
				MTL_ENABLE_DEBUG_INFO = NO;
				MTL_FAST_MATH = YES;
				SDKROOT = iphoneos;
				VALIDATE_PRODUCT = YES;
			};
			name = Release;
		};
		FE0FC2522395104800D2483A /* Debug */ = {
			isa = XCBuildConfiguration;
			buildSettings = {
				ASSETCATALOG_COMPILER_APPICON_NAME = AppIcon;
				CODE_SIGN_STYLE = Automatic;
				DEVELOPMENT_TEAM = XR8B28QY58;
				INFOPLIST_FILE = iosgl/Info.plist;
				LD_RUNPATH_SEARCH_PATHS = (
					"$(inherited)",
					"@executable_path/Frameworks",
				);
				PRODUCT_BUNDLE_IDENTIFIER = "-88.iosgl";
				PRODUCT_NAME = "$(TARGET_NAME)";
				TARGETED_DEVICE_FAMILY = "1,2";
			};
			name = Debug;
		};
		FE0FC2532395104800D2483A /* Release */ = {
			isa = XCBuildConfiguration;
			buildSettings = {
				ASSETCATALOG_COMPILER_APPICON_NAME = AppIcon;
				CODE_SIGN_STYLE = Automatic;
				DEVELOPMENT_TEAM = XR8B28QY58;
				INFOPLIST_FILE = iosgl/Info.plist;
				LD_RUNPATH_SEARCH_PATHS = (
					"$(inherited)",
					"@executable_path/Frameworks",
				);
				PRODUCT_BUNDLE_IDENTIFIER = "-88.iosgl";
				PRODUCT_NAME = "$(TARGET_NAME)";
				TARGETED_DEVICE_FAMILY = "1,2";
			};
			name = Release;
		};
/* End XCBuildConfiguration section */

/* Begin XCConfigurationList section */
		FE0FC2302395104700D2483A /* Build configuration list for PBXProject "iosgl" */ = {
			isa = XCConfigurationList;
			buildConfigurations = (
				FE0FC24F2395104800D2483A /* Debug */,
				FE0FC2502395104800D2483A /* Release */,
			);
			defaultConfigurationIsVisible = 0;
			defaultConfigurationName = Release;
		};
		FE0FC2512395104800D2483A /* Build configuration list for PBXNativeTarget "iosgl" */ = {
			isa = XCConfigurationList;
			buildConfigurations = (
				FE0FC2522395104800D2483A /* Debug */,
				FE0FC2532395104800D2483A /* Release */,
			);
			defaultConfigurationIsVisible = 0;
			defaultConfigurationName = Release;
		};
/* End XCConfigurationList section */

/* Begin XCVersionGroup section */
		FE0FC2442395104700D2483A /* iosgl.xcdatamodeld */ = {
			isa = XCVersionGroup;
			children = (
				FE0FC2452395104700D2483A /* iosgl.xcdatamodel */,
			);
			currentVersion = FE0FC2452395104700D2483A /* iosgl.xcdatamodel */;
			path = iosgl.xcdatamodeld;
			sourceTree = "<group>";
			versionGroupType = wrapper.xcdatamodel;
		};
/* End XCVersionGroup section */
	};
	rootObject = FE0FC22D2395104700D2483A /* Project object */;
}
