// !$*UTF8*$!
{
	archiveVersion = 1;
	classes = {
	};
	objectVersion = 51;
	objects = {

/* Begin PBXBuildFile section */
		E547434BFBFFABC9DC0BD21E /* libPods-iosgl.a in Frameworks */ = {isa = PBXBuildFile; fileRef = 763CC9DEC659D32C2CA1B43E /* libPods-iosgl.a */; };
		FE0FC23A2395104700D2483A /* AppDelegate.m in Sources */ = {isa = PBXBuildFile; fileRef = FE0FC2392395104700D2483A /* AppDelegate.m */; };
		FE0FC23D2395104700D2483A /* SceneDelegate.m in Sources */ = {isa = PBXBuildFile; fileRef = FE0FC23C2395104700D2483A /* SceneDelegate.m */; };
		FE0FC2402395104700D2483A /* ViewController.m in Sources */ = {isa = PBXBuildFile; fileRef = FE0FC23F2395104700D2483A /* ViewController.m */; };
		FE0FC2432395104700D2483A /* Main.storyboard in Resources */ = {isa = PBXBuildFile; fileRef = FE0FC2412395104700D2483A /* Main.storyboard */; };
		FE0FC2462395104700D2483A /* iosgl.xcdatamodeld in Sources */ = {isa = PBXBuildFile; fileRef = FE0FC2442395104700D2483A /* iosgl.xcdatamodeld */; };
		FE0FC2482395104800D2483A /* Assets.xcassets in Resources */ = {isa = PBXBuildFile; fileRef = FE0FC2472395104800D2483A /* Assets.xcassets */; };
		FE0FC24B2395104800D2483A /* LaunchScreen.storyboard in Resources */ = {isa = PBXBuildFile; fileRef = FE0FC2492395104800D2483A /* LaunchScreen.storyboard */; };
		FE0FC24E2395104800D2483A /* main.m in Sources */ = {isa = PBXBuildFile; fileRef = FE0FC24D2395104800D2483A /* main.m */; };
		FE0FC26323951ABE00D2483A /* CtxUIView.m in Sources */ = {isa = PBXBuildFile; fileRef = FE0FC26223951ABE00D2483A /* CtxUIView.m */; };
		FE0FC2712395294900D2483A /* BaseNavigationViewController.m in Sources */ = {isa = PBXBuildFile; fileRef = FE0FC2702395294900D2483A /* BaseNavigationViewController.m */; };
		FE0FC27423952A3A00D2483A /* MyNavigationBar.m in Sources */ = {isa = PBXBuildFile; fileRef = FE0FC27323952A3A00D2483A /* MyNavigationBar.m */; };
		FE0FC2772395531700D2483A /* MathCore.m in Sources */ = {isa = PBXBuildFile; fileRef = FE0FC2762395531700D2483A /* MathCore.m */; };
		FE0FC27B2395533500D2483A /* MathClass.m in Sources */ = {isa = PBXBuildFile; fileRef = FE0FC27A2395533500D2483A /* MathClass.m */; };
		FE0FC28023955AA200D2483A /* OnePageView.m in Sources */ = {isa = PBXBuildFile; fileRef = FE0FC27E23955AA200D2483A /* OnePageView.m */; };
		FE0FC28123955AA200D2483A /* OnePageView.xib in Resources */ = {isa = PBXBuildFile; fileRef = FE0FC27F23955AA200D2483A /* OnePageView.xib */; };
		FE0FC28523955D0200D2483A /* TwoPageView.m in Sources */ = {isa = PBXBuildFile; fileRef = FE0FC28323955D0200D2483A /* TwoPageView.m */; };
		FE0FC28623955D0200D2483A /* TwoPageView.xib in Resources */ = {isa = PBXBuildFile; fileRef = FE0FC28423955D0200D2483A /* TwoPageView.xib */; };
		FE0FC28A2395654D00D2483A /* ThirdPageView.m in Sources */ = {isa = PBXBuildFile; fileRef = FE0FC2882395654C00D2483A /* ThirdPageView.m */; };
		FE0FC28B2395654D00D2483A /* ThirdPageView.xib in Resources */ = {isa = PBXBuildFile; fileRef = FE0FC2892395654D00D2483A /* ThirdPageView.xib */; };
		FE0FC28E2395669100D2483A /* BaseUIViewController.m in Sources */ = {isa = PBXBuildFile; fileRef = FE0FC28D2395669100D2483A /* BaseUIViewController.m */; };
		FE0FC292239568BE00D2483A /* FourPageView.m in Sources */ = {isa = PBXBuildFile; fileRef = FE0FC290239568BE00D2483A /* FourPageView.m */; };
		FE0FC293239568BE00D2483A /* FourPageView.xib in Resources */ = {isa = PBXBuildFile; fileRef = FE0FC291239568BE00D2483A /* FourPageView.xib */; };
		FE0FC29E2395768D00D2483A /* FivePageView.m in Sources */ = {isa = PBXBuildFile; fileRef = FE0FC29C2395768D00D2483A /* FivePageView.m */; };
		FE0FC29F2395768D00D2483A /* FivePageView.xib in Resources */ = {isa = PBXBuildFile; fileRef = FE0FC29D2395768D00D2483A /* FivePageView.xib */; };
		FE1376A1239E90AE00755136 /* ObjDataManager.m in Sources */ = {isa = PBXBuildFile; fileRef = FE1376A0239E90AE00755136 /* ObjDataManager.m */; };
		FE189AD824026AF1008E2FF6 /* TimeLineData.m in Sources */ = {isa = PBXBuildFile; fileRef = FE189AD724026AF1008E2FF6 /* TimeLineData.m */; };
		FE189ADB24026B7E008E2FF6 /* KeyFrame.m in Sources */ = {isa = PBXBuildFile; fileRef = FE189ADA24026B7E008E2FF6 /* KeyFrame.m */; };
		FE189B2224049454008E2FF6 /* Display3DBallPartilce.m in Sources */ = {isa = PBXBuildFile; fileRef = FE189B2124049454008E2FF6 /* Display3DBallPartilce.m */; };
		FE189B2524049C2E008E2FF6 /* TimeLine.m in Sources */ = {isa = PBXBuildFile; fileRef = FE189B2424049C2E008E2FF6 /* TimeLine.m */; };
		FE1D8B4324118B3900A04FC4 /* TimeUtil.m in Sources */ = {isa = PBXBuildFile; fileRef = FE1D8B4224118B3900A04FC4 /* TimeUtil.m */; };
		FE1D8B4824128B1400A04FC4 /* LineDisplaySprite.m in Sources */ = {isa = PBXBuildFile; fileRef = FE1D8B4724128B1400A04FC4 /* LineDisplaySprite.m */; };
		FE1D8B4B24128B3C00A04FC4 /* LineDisplayShader.m in Sources */ = {isa = PBXBuildFile; fileRef = FE1D8B4A24128B3C00A04FC4 /* LineDisplayShader.m */; };
		FE1D8B4F2412902200A04FC4 /* DisplayBaseTriSprite.m in Sources */ = {isa = PBXBuildFile; fileRef = FE1D8B4E2412902200A04FC4 /* DisplayBaseTriSprite.m */; };
		FE1D8B522412903600A04FC4 /* DisplayBaseTriShader.m in Sources */ = {isa = PBXBuildFile; fileRef = FE1D8B512412903600A04FC4 /* DisplayBaseTriShader.m */; };
		FE1D8B552412A64E00A04FC4 /* GridLineSprite.m in Sources */ = {isa = PBXBuildFile; fileRef = FE1D8B542412A64E00A04FC4 /* GridLineSprite.m */; };
		FE2088DD239BDF60007FB797 /* Shader3D.m in Sources */ = {isa = PBXBuildFile; fileRef = FE2088DC239BDF60007FB797 /* Shader3D.m */; };
		FE2088E0239BE86A007FB797 /* ResGC.m in Sources */ = {isa = PBXBuildFile; fileRef = FE2088DF239BE86A007FB797 /* ResGC.m */; };
		FE2088E3239BE899007FB797 /* ProgrmaManager.m in Sources */ = {isa = PBXBuildFile; fileRef = FE2088E2239BE899007FB797 /* ProgrmaManager.m */; };
		FE2088EC239BFC70007FB797 /* DisplayBaseShader3D.m in Sources */ = {isa = PBXBuildFile; fileRef = FE2088EB239BFC70007FB797 /* DisplayBaseShader3D.m */; };
		FE2088F0239C176A007FB797 /* TextureRes.m in Sources */ = {isa = PBXBuildFile; fileRef = FE2088EF239C176A007FB797 /* TextureRes.m */; };
		FE2088F4239C183B007FB797 /* MaterialManager.m in Sources */ = {isa = PBXBuildFile; fileRef = FE2088F3239C183B007FB797 /* MaterialManager.m */; };
		FE259A2F239A0BB6007360E6 /* Vector3D.m in Sources */ = {isa = PBXBuildFile; fileRef = FE259A2E239A0BB6007360E6 /* Vector3D.m */; };
		FE2A61C1239CB9DF0011BF9E /* Scene3D.m in Sources */ = {isa = PBXBuildFile; fileRef = FE2A61C0239CB9DF0011BF9E /* Scene3D.m */; };
		FE2A61C4239D04FD0011BF9E /* Context3D.m in Sources */ = {isa = PBXBuildFile; fileRef = FE2A61C3239D04FD0011BF9E /* Context3D.m */; };
		FE2BB2D62397F38A00597658 /* GlkView.m in Sources */ = {isa = PBXBuildFile; fileRef = FE2BB2D52397F38A00597658 /* GlkView.m */; };
		FE2BB2DC23980EE600597658 /* GLSpriteView.m in Sources */ = {isa = PBXBuildFile; fileRef = FE2BB2DB23980EE600597658 /* GLSpriteView.m */; };
		FE2C6A7E241D77F100291B5D /* TextureLoad.m in Sources */ = {isa = PBXBuildFile; fileRef = FE2C6A7D241D77F100291B5D /* TextureLoad.m */; };
		FE2F1BA02409EEE0005E287F /* Vector2D.m in Sources */ = {isa = PBXBuildFile; fileRef = FE2F1B9F2409EEE0005E287F /* Vector2D.m */; };
		FE2F1BA6240BAD5A005E287F /* Quaternion.m in Sources */ = {isa = PBXBuildFile; fileRef = FE2F1BA5240BAD5A005E287F /* Quaternion.m */; };
		FE2F1BAC240BF2D0005E287F /* Scene_data.m in Sources */ = {isa = PBXBuildFile; fileRef = FE2F1BAB240BF2D0005E287F /* Scene_data.m */; };
		FE2F2FCB2417FAF80005F686 /* DynamicController.m in Sources */ = {isa = PBXBuildFile; fileRef = FE2F2FCA2417FAF80005F686 /* DynamicController.m */; };
		FE2F2FD12418BE7A0005F686 /* LoaderThread.m in Sources */ = {isa = PBXBuildFile; fileRef = FE2F2FD02418BE7A0005F686 /* LoaderThread.m */; };
		FE2F3016241C28490005F686 /* Curve.m in Sources */ = {isa = PBXBuildFile; fileRef = FE2F3015241C28480005F686 /* Curve.m */; };
		FE2F3019241C2CBD0005F686 /* TextureManager.m in Sources */ = {isa = PBXBuildFile; fileRef = FE2F3018241C2CBD0005F686 /* TextureManager.m */; };
		FE36BBE423A53D3A00180D7C /* MetalMatrixUtilities.m in Sources */ = {isa = PBXBuildFile; fileRef = FE36BBE323A53D3A00180D7C /* MetalMatrixUtilities.m */; };
		FE3D4EDB2401B52600185FD3 /* levelup_base.txt in Resources */ = {isa = PBXBuildFile; fileRef = FE3D4ED92401B52600185FD3 /* levelup_base.txt */; };
		FE3D4EDC2401B52600185FD3 /* levelup_lyf.txt in Resources */ = {isa = PBXBuildFile; fileRef = FE3D4EDA2401B52600185FD3 /* levelup_lyf.txt */; };
		FE3D4EDF2401BF5A00185FD3 /* ParticleManager.m in Sources */ = {isa = PBXBuildFile; fileRef = FE3D4EDE2401BF5A00185FD3 /* ParticleManager.m */; };
		FE3D4EE32401C15300185FD3 /* EventDispatcher.m in Sources */ = {isa = PBXBuildFile; fileRef = FE3D4EE22401C15300185FD3 /* EventDispatcher.m */; };
		FE3D4EE62401C16C00185FD3 /* CombineParticle.m in Sources */ = {isa = PBXBuildFile; fileRef = FE3D4EE52401C16C00185FD3 /* CombineParticle.m */; };
		FE3D4EE92401C18B00185FD3 /* CombineParticleData.m in Sources */ = {isa = PBXBuildFile; fileRef = FE3D4EE82401C18B00185FD3 /* CombineParticleData.m */; };
		FE3D4EEC2401C24200185FD3 /* Display3DParticle.m in Sources */ = {isa = PBXBuildFile; fileRef = FE3D4EEB2401C24200185FD3 /* Display3DParticle.m */; };
		FE3D4EEF2401C25D00185FD3 /* ParticleData.m in Sources */ = {isa = PBXBuildFile; fileRef = FE3D4EEE2401C25D00185FD3 /* ParticleData.m */; };
		FE3D4EF32401C79000185FD3 /* ParticleFacetData.m in Sources */ = {isa = PBXBuildFile; fileRef = FE3D4EF22401C79000185FD3 /* ParticleFacetData.m */; };
		FE3D4EF72401C9CC00185FD3 /* ParticleBallData.m in Sources */ = {isa = PBXBuildFile; fileRef = FE3D4EF62401C9CC00185FD3 /* ParticleBallData.m */; };
		FE49FE6023C70E3A001FAE9B /* 1001_base.txt in Resources */ = {isa = PBXBuildFile; fileRef = FE49FE5423C70E39001FAE9B /* 1001_base.txt */; };
		FE49FE6123C70E3A001FAE9B /* shadow.png in Resources */ = {isa = PBXBuildFile; fileRef = FE49FE5523C70E39001FAE9B /* shadow.png */; };
		FE49FE6223C70E3A001FAE9B /* 256.jpg in Resources */ = {isa = PBXBuildFile; fileRef = FE49FE5623C70E39001FAE9B /* 256.jpg */; };
		FE49FE6323C70E3A001FAE9B /* brdf_ltu.jpg in Resources */ = {isa = PBXBuildFile; fileRef = FE49FE5723C70E39001FAE9B /* brdf_ltu.jpg */; };
		FE49FE6423C70E3A001FAE9B /* shadertwo.fsh in Resources */ = {isa = PBXBuildFile; fileRef = FE49FE5823C70E39001FAE9B /* shadertwo.fsh */; };
		FE49FE6723C70E3A001FAE9B /* ball.xml in Resources */ = {isa = PBXBuildFile; fileRef = FE49FE5B23C70E3A001FAE9B /* ball.xml */; };
		FE49FE6823C70E3A001FAE9B /* box.txt in Resources */ = {isa = PBXBuildFile; fileRef = FE49FE5C23C70E3A001FAE9B /* box.txt */; };
		FE49FE6923C70E3A001FAE9B /* shadertwo.vsh in Resources */ = {isa = PBXBuildFile; fileRef = FE49FE5D23C70E3A001FAE9B /* shadertwo.vsh */; };
		FE49FE6A23C70E3A001FAE9B /* 5555_base.txt in Resources */ = {isa = PBXBuildFile; fileRef = FE49FE5E23C70E3A001FAE9B /* 5555_base.txt */; };
		FE49FE6B23C70E3A001FAE9B /* tu001.jpg in Resources */ = {isa = PBXBuildFile; fileRef = FE49FE5F23C70E3A001FAE9B /* tu001.jpg */; };
		FE4CA7D62398DAAA00BE6FB5 /* Matrix3D.m in Sources */ = {isa = PBXBuildFile; fileRef = FE4CA7D52398DAAA00BE6FB5 /* Matrix3D.m */; };
		FE515FAE23A2177A00C49DA5 /* ByteArray.m in Sources */ = {isa = PBXBuildFile; fileRef = FE515FAD23A2177A00C49DA5 /* ByteArray.m */; };
		FE515FB623A2802300C49DA5 /* BaseRes.m in Sources */ = {isa = PBXBuildFile; fileRef = FE515FB523A2802300C49DA5 /* BaseRes.m */; };
		FE515FB923A2803C00C49DA5 /* SceneRes.m in Sources */ = {isa = PBXBuildFile; fileRef = FE515FB823A2803C00C49DA5 /* SceneRes.m */; };
		FE678831239B938200262B53 /* Display3D.m in Sources */ = {isa = PBXBuildFile; fileRef = FE678830239B938200262B53 /* Display3D.m */; };
		FE678836239B946800262B53 /* ResCount.m in Sources */ = {isa = PBXBuildFile; fileRef = FE678835239B946800262B53 /* ResCount.m */; };
		FE678839239B948D00262B53 /* ObjData.m in Sources */ = {isa = PBXBuildFile; fileRef = FE678838239B948D00262B53 /* ObjData.m */; };
		FE67883C239B973C00262B53 /* Display3DSprite.m in Sources */ = {isa = PBXBuildFile; fileRef = FE67883B239B973C00262B53 /* Display3DSprite.m */; };
		FE678843239B980200262B53 /* SceneView.m in Sources */ = {isa = PBXBuildFile; fileRef = FE678842239B980200262B53 /* SceneView.m */; };
		FE74C8882396C85D0069A551 /* Base3dView.m in Sources */ = {isa = PBXBuildFile; fileRef = FE74C8872396C85D0069A551 /* Base3dView.m */; };
		FE7AC45E23C84BBE006E5554 /* SceneDisplay3DShader.m in Sources */ = {isa = PBXBuildFile; fileRef = FE7AC45D23C84BBE006E5554 /* SceneDisplay3DShader.m */; };
		FE80570E2405BE15000F6D17 /* ParticleGpuData.m in Sources */ = {isa = PBXBuildFile; fileRef = FE80570D2405BE15000F6D17 /* ParticleGpuData.m */; };
		FE8057112405BE4F000F6D17 /* ParticleBallGpuData.m in Sources */ = {isa = PBXBuildFile; fileRef = FE8057102405BE4F000F6D17 /* ParticleBallGpuData.m */; };
		FE8057142405CD16000F6D17 /* Display3DBallPartilceShader.m in Sources */ = {isa = PBXBuildFile; fileRef = FE8057132405CD16000F6D17 /* Display3DBallPartilceShader.m */; };
		FE805728240698DD000F6D17 /* Display3DShader.m in Sources */ = {isa = PBXBuildFile; fileRef = FE805727240698DD000F6D17 /* Display3DShader.m */; };
		FE887D502416731200025A74 /* CurveVo.m in Sources */ = {isa = PBXBuildFile; fileRef = FE887D4F2416731200025A74 /* CurveVo.m */; };
		FE887D532416733900025A74 /* ParamDataVo.m in Sources */ = {isa = PBXBuildFile; fileRef = FE887D522416733900025A74 /* ParamDataVo.m */; };
		FE887D562416765600025A74 /* ConstItem.m in Sources */ = {isa = PBXBuildFile; fileRef = FE887D552416765600025A74 /* ConstItem.m */; };
		FE887D592416766700025A74 /* DynamicBaseConstItem.m in Sources */ = {isa = PBXBuildFile; fileRef = FE887D582416766700025A74 /* DynamicBaseConstItem.m */; };
		FE887D5C2416767500025A74 /* DynamicBaseTexItem.m in Sources */ = {isa = PBXBuildFile; fileRef = FE887D5B2416767500025A74 /* DynamicBaseTexItem.m */; };
		FE887D5F2416768700025A74 /* DynamicConstItem.m in Sources */ = {isa = PBXBuildFile; fileRef = FE887D5E2416768700025A74 /* DynamicConstItem.m */; };
		FE887D622416769500025A74 /* DynamicTexItem.m in Sources */ = {isa = PBXBuildFile; fileRef = FE887D612416769500025A74 /* DynamicTexItem.m */; };
		FE887D65241676A200025A74 /* Material.m in Sources */ = {isa = PBXBuildFile; fileRef = FE887D64241676A200025A74 /* Material.m */; };
		FE887D68241676B000025A74 /* MaterialBaseParam.m in Sources */ = {isa = PBXBuildFile; fileRef = FE887D67241676B000025A74 /* MaterialBaseParam.m */; };
		FE887D6B241676BF00025A74 /* MaterialParam.m in Sources */ = {isa = PBXBuildFile; fileRef = FE887D6A241676BF00025A74 /* MaterialParam.m */; };
		FE887D6E241676CC00025A74 /* TexItem.m in Sources */ = {isa = PBXBuildFile; fileRef = FE887D6D241676CC00025A74 /* TexItem.m */; };
		FE887D71241681B300025A74 /* MaterialLoad.m in Sources */ = {isa = PBXBuildFile; fileRef = FE887D70241681B300025A74 /* MaterialLoad.m */; };
		FE887D7424168FDE00025A74 /* LoadManager.m in Sources */ = {isa = PBXBuildFile; fileRef = FE887D7324168FDE00025A74 /* LoadManager.m */; };
		FE887D772416963300025A74 /* LoadInfo.m in Sources */ = {isa = PBXBuildFile; fileRef = FE887D762416963300025A74 /* LoadInfo.m */; };
		FEA2A5F524152C4400EA941D /* GridLineShader.m in Sources */ = {isa = PBXBuildFile; fileRef = FEA2A5F424152C4400EA941D /* GridLineShader.m */; };
		FECBFFBC23B679780009A467 /* SceneDisplay3DSprite.m in Sources */ = {isa = PBXBuildFile; fileRef = FECBFFBB23B679780009A467 /* SceneDisplay3DSprite.m */; };
		FED0DA4624002A94009F6575 /* TokenSceneView.m in Sources */ = {isa = PBXBuildFile; fileRef = FED0DA4424002A94009F6575 /* TokenSceneView.m */; };
		FED0DA4724002A94009F6575 /* TokenSceneView.xib in Resources */ = {isa = PBXBuildFile; fileRef = FED0DA4524002A94009F6575 /* TokenSceneView.xib */; };
		FED0DA4A240162F8009F6575 /* GroupDataManager.m in Sources */ = {isa = PBXBuildFile; fileRef = FED0DA49240162F8009F6575 /* GroupDataManager.m */; };
		FED0DA4D24016395009F6575 /* GroupRes.m in Sources */ = {isa = PBXBuildFile; fileRef = FED0DA4C24016395009F6575 /* GroupRes.m */; };
		FED0DA5624016C44009F6575 /* baoxiang001.txt in Resources */ = {isa = PBXBuildFile; fileRef = FED0DA5424016C43009F6575 /* baoxiang001.txt */; };
		FED0DA5724016C44009F6575 /* baoxiang001_base.txt in Resources */ = {isa = PBXBuildFile; fileRef = FED0DA5524016C44009F6575 /* baoxiang001_base.txt */; };
		FED0DA5A24017531009F6575 /* GroupItem.m in Sources */ = {isa = PBXBuildFile; fileRef = FED0DA5924017531009F6575 /* GroupItem.m */; };
		FEF6063723B9CF5D00DE6C2F /* Object3D.m in Sources */ = {isa = PBXBuildFile; fileRef = FEF6063623B9CF5D00DE6C2F /* Object3D.m */; };
		FEF6063A23B9D10100DE6C2F /* Camera3D.m in Sources */ = {isa = PBXBuildFile; fileRef = FEF6063923B9D10100DE6C2F /* Camera3D.m */; };
		FEF6063D23B9D20200DE6C2F /* Rectangle.m in Sources */ = {isa = PBXBuildFile; fileRef = FEF6063C23B9D20200DE6C2F /* Rectangle.m */; };
/* End PBXBuildFile section */

/* Begin PBXFileReference section */
		341EE0E46673E129BA2F1F73 /* Pods-iosgl.debug.xcconfig */ = {isa = PBXFileReference; includeInIndex = 1; lastKnownFileType = text.xcconfig; name = "Pods-iosgl.debug.xcconfig"; path = "Target Support Files/Pods-iosgl/Pods-iosgl.debug.xcconfig"; sourceTree = "<group>"; };
		6445661AF90F6974C52DB7AF /* Pods-iosgl.release.xcconfig */ = {isa = PBXFileReference; includeInIndex = 1; lastKnownFileType = text.xcconfig; name = "Pods-iosgl.release.xcconfig"; path = "Target Support Files/Pods-iosgl/Pods-iosgl.release.xcconfig"; sourceTree = "<group>"; };
		763CC9DEC659D32C2CA1B43E /* libPods-iosgl.a */ = {isa = PBXFileReference; explicitFileType = archive.ar; includeInIndex = 0; path = "libPods-iosgl.a"; sourceTree = BUILT_PRODUCTS_DIR; };
		FE0FC2352395104700D2483A /* iosgl.app */ = {isa = PBXFileReference; explicitFileType = wrapper.application; includeInIndex = 0; path = iosgl.app; sourceTree = BUILT_PRODUCTS_DIR; };
		FE0FC2382395104700D2483A /* AppDelegate.h */ = {isa = PBXFileReference; lastKnownFileType = sourcecode.c.h; path = AppDelegate.h; sourceTree = "<group>"; };
		FE0FC2392395104700D2483A /* AppDelegate.m */ = {isa = PBXFileReference; lastKnownFileType = sourcecode.c.objc; path = AppDelegate.m; sourceTree = "<group>"; };
		FE0FC23B2395104700D2483A /* SceneDelegate.h */ = {isa = PBXFileReference; lastKnownFileType = sourcecode.c.h; path = SceneDelegate.h; sourceTree = "<group>"; };
		FE0FC23C2395104700D2483A /* SceneDelegate.m */ = {isa = PBXFileReference; lastKnownFileType = sourcecode.c.objc; path = SceneDelegate.m; sourceTree = "<group>"; };
		FE0FC23E2395104700D2483A /* ViewController.h */ = {isa = PBXFileReference; lastKnownFileType = sourcecode.c.h; path = ViewController.h; sourceTree = "<group>"; };
		FE0FC23F2395104700D2483A /* ViewController.m */ = {isa = PBXFileReference; lastKnownFileType = sourcecode.c.objc; path = ViewController.m; sourceTree = "<group>"; };
		FE0FC2422395104700D2483A /* Base */ = {isa = PBXFileReference; lastKnownFileType = file.storyboard; name = Base; path = Base.lproj/Main.storyboard; sourceTree = "<group>"; };
		FE0FC2452395104700D2483A /* iosgl.xcdatamodel */ = {isa = PBXFileReference; lastKnownFileType = wrapper.xcdatamodel; path = iosgl.xcdatamodel; sourceTree = "<group>"; };
		FE0FC2472395104800D2483A /* Assets.xcassets */ = {isa = PBXFileReference; lastKnownFileType = folder.assetcatalog; path = Assets.xcassets; sourceTree = "<group>"; };
		FE0FC24A2395104800D2483A /* Base */ = {isa = PBXFileReference; lastKnownFileType = file.storyboard; name = Base; path = Base.lproj/LaunchScreen.storyboard; sourceTree = "<group>"; };
		FE0FC24C2395104800D2483A /* Info.plist */ = {isa = PBXFileReference; lastKnownFileType = text.plist.xml; path = Info.plist; sourceTree = "<group>"; };
		FE0FC24D2395104800D2483A /* main.m */ = {isa = PBXFileReference; lastKnownFileType = sourcecode.c.objc; path = main.m; sourceTree = "<group>"; };
		FE0FC26123951ABE00D2483A /* CtxUIView.h */ = {isa = PBXFileReference; lastKnownFileType = sourcecode.c.h; path = CtxUIView.h; sourceTree = "<group>"; };
		FE0FC26223951ABE00D2483A /* CtxUIView.m */ = {isa = PBXFileReference; lastKnownFileType = sourcecode.c.objc; path = CtxUIView.m; sourceTree = "<group>"; };
		FE0FC26F2395294900D2483A /* BaseNavigationViewController.h */ = {isa = PBXFileReference; lastKnownFileType = sourcecode.c.h; path = BaseNavigationViewController.h; sourceTree = "<group>"; };
		FE0FC2702395294900D2483A /* BaseNavigationViewController.m */ = {isa = PBXFileReference; lastKnownFileType = sourcecode.c.objc; path = BaseNavigationViewController.m; sourceTree = "<group>"; };
		FE0FC27223952A3A00D2483A /* MyNavigationBar.h */ = {isa = PBXFileReference; lastKnownFileType = sourcecode.c.h; path = MyNavigationBar.h; sourceTree = "<group>"; };
		FE0FC27323952A3A00D2483A /* MyNavigationBar.m */ = {isa = PBXFileReference; lastKnownFileType = sourcecode.c.objc; path = MyNavigationBar.m; sourceTree = "<group>"; };
		FE0FC2752395531700D2483A /* MathCore.h */ = {isa = PBXFileReference; lastKnownFileType = sourcecode.c.h; path = MathCore.h; sourceTree = "<group>"; };
		FE0FC2762395531700D2483A /* MathCore.m */ = {isa = PBXFileReference; lastKnownFileType = sourcecode.c.objc; path = MathCore.m; sourceTree = "<group>"; };
		FE0FC2792395533500D2483A /* MathClass.h */ = {isa = PBXFileReference; lastKnownFileType = sourcecode.c.h; path = MathClass.h; sourceTree = "<group>"; };
		FE0FC27A2395533500D2483A /* MathClass.m */ = {isa = PBXFileReference; lastKnownFileType = sourcecode.c.objc; path = MathClass.m; sourceTree = "<group>"; };
		FE0FC27D23955AA200D2483A /* OnePageView.h */ = {isa = PBXFileReference; lastKnownFileType = sourcecode.c.h; path = OnePageView.h; sourceTree = "<group>"; };
		FE0FC27E23955AA200D2483A /* OnePageView.m */ = {isa = PBXFileReference; lastKnownFileType = sourcecode.c.objc; path = OnePageView.m; sourceTree = "<group>"; };
		FE0FC27F23955AA200D2483A /* OnePageView.xib */ = {isa = PBXFileReference; lastKnownFileType = file.xib; path = OnePageView.xib; sourceTree = "<group>"; };
		FE0FC28223955D0200D2483A /* TwoPageView.h */ = {isa = PBXFileReference; lastKnownFileType = sourcecode.c.h; path = TwoPageView.h; sourceTree = "<group>"; };
		FE0FC28323955D0200D2483A /* TwoPageView.m */ = {isa = PBXFileReference; lastKnownFileType = sourcecode.c.objc; path = TwoPageView.m; sourceTree = "<group>"; };
		FE0FC28423955D0200D2483A /* TwoPageView.xib */ = {isa = PBXFileReference; lastKnownFileType = file.xib; path = TwoPageView.xib; sourceTree = "<group>"; };
		FE0FC2872395654C00D2483A /* ThirdPageView.h */ = {isa = PBXFileReference; lastKnownFileType = sourcecode.c.h; path = ThirdPageView.h; sourceTree = "<group>"; };
		FE0FC2882395654C00D2483A /* ThirdPageView.m */ = {isa = PBXFileReference; lastKnownFileType = sourcecode.c.objc; path = ThirdPageView.m; sourceTree = "<group>"; };
		FE0FC2892395654D00D2483A /* ThirdPageView.xib */ = {isa = PBXFileReference; lastKnownFileType = file.xib; path = ThirdPageView.xib; sourceTree = "<group>"; };
		FE0FC28C2395669100D2483A /* BaseUIViewController.h */ = {isa = PBXFileReference; lastKnownFileType = sourcecode.c.h; path = BaseUIViewController.h; sourceTree = "<group>"; };
		FE0FC28D2395669100D2483A /* BaseUIViewController.m */ = {isa = PBXFileReference; lastKnownFileType = sourcecode.c.objc; path = BaseUIViewController.m; sourceTree = "<group>"; };
		FE0FC28F239568BE00D2483A /* FourPageView.h */ = {isa = PBXFileReference; lastKnownFileType = sourcecode.c.h; path = FourPageView.h; sourceTree = "<group>"; };
		FE0FC290239568BE00D2483A /* FourPageView.m */ = {isa = PBXFileReference; lastKnownFileType = sourcecode.c.objc; path = FourPageView.m; sourceTree = "<group>"; };
		FE0FC291239568BE00D2483A /* FourPageView.xib */ = {isa = PBXFileReference; lastKnownFileType = file.xib; path = FourPageView.xib; sourceTree = "<group>"; };
		FE0FC29B2395768D00D2483A /* FivePageView.h */ = {isa = PBXFileReference; lastKnownFileType = sourcecode.c.h; path = FivePageView.h; sourceTree = "<group>"; };
		FE0FC29C2395768D00D2483A /* FivePageView.m */ = {isa = PBXFileReference; lastKnownFileType = sourcecode.c.objc; path = FivePageView.m; sourceTree = "<group>"; };
		FE0FC29D2395768D00D2483A /* FivePageView.xib */ = {isa = PBXFileReference; lastKnownFileType = file.xib; path = FivePageView.xib; sourceTree = "<group>"; };
		FE13769F239E90AE00755136 /* ObjDataManager.h */ = {isa = PBXFileReference; lastKnownFileType = sourcecode.c.h; path = ObjDataManager.h; sourceTree = "<group>"; };
		FE1376A0239E90AE00755136 /* ObjDataManager.m */ = {isa = PBXFileReference; lastKnownFileType = sourcecode.c.objc; path = ObjDataManager.m; sourceTree = "<group>"; };
		FE189AD624026AF1008E2FF6 /* TimeLineData.h */ = {isa = PBXFileReference; lastKnownFileType = sourcecode.c.h; path = TimeLineData.h; sourceTree = "<group>"; };
		FE189AD724026AF1008E2FF6 /* TimeLineData.m */ = {isa = PBXFileReference; lastKnownFileType = sourcecode.c.objc; path = TimeLineData.m; sourceTree = "<group>"; };
		FE189AD924026B7E008E2FF6 /* KeyFrame.h */ = {isa = PBXFileReference; lastKnownFileType = sourcecode.c.h; path = KeyFrame.h; sourceTree = "<group>"; };
		FE189ADA24026B7E008E2FF6 /* KeyFrame.m */ = {isa = PBXFileReference; lastKnownFileType = sourcecode.c.objc; path = KeyFrame.m; sourceTree = "<group>"; };
		FE189B2024049454008E2FF6 /* Display3DBallPartilce.h */ = {isa = PBXFileReference; lastKnownFileType = sourcecode.c.h; path = Display3DBallPartilce.h; sourceTree = "<group>"; };
		FE189B2124049454008E2FF6 /* Display3DBallPartilce.m */ = {isa = PBXFileReference; lastKnownFileType = sourcecode.c.objc; path = Display3DBallPartilce.m; sourceTree = "<group>"; };
		FE189B2324049C2E008E2FF6 /* TimeLine.h */ = {isa = PBXFileReference; lastKnownFileType = sourcecode.c.h; path = TimeLine.h; sourceTree = "<group>"; };
		FE189B2424049C2E008E2FF6 /* TimeLine.m */ = {isa = PBXFileReference; lastKnownFileType = sourcecode.c.objc; path = TimeLine.m; sourceTree = "<group>"; };
		FE1D8B4124118B3900A04FC4 /* TimeUtil.h */ = {isa = PBXFileReference; lastKnownFileType = sourcecode.c.h; path = TimeUtil.h; sourceTree = "<group>"; };
		FE1D8B4224118B3900A04FC4 /* TimeUtil.m */ = {isa = PBXFileReference; lastKnownFileType = sourcecode.c.objc; path = TimeUtil.m; sourceTree = "<group>"; };
		FE1D8B4624128B1400A04FC4 /* LineDisplaySprite.h */ = {isa = PBXFileReference; lastKnownFileType = sourcecode.c.h; path = LineDisplaySprite.h; sourceTree = "<group>"; };
		FE1D8B4724128B1400A04FC4 /* LineDisplaySprite.m */ = {isa = PBXFileReference; lastKnownFileType = sourcecode.c.objc; path = LineDisplaySprite.m; sourceTree = "<group>"; };
		FE1D8B4924128B3C00A04FC4 /* LineDisplayShader.h */ = {isa = PBXFileReference; lastKnownFileType = sourcecode.c.h; path = LineDisplayShader.h; sourceTree = "<group>"; };
		FE1D8B4A24128B3C00A04FC4 /* LineDisplayShader.m */ = {isa = PBXFileReference; lastKnownFileType = sourcecode.c.objc; path = LineDisplayShader.m; sourceTree = "<group>"; };
		FE1D8B4D2412902200A04FC4 /* DisplayBaseTriSprite.h */ = {isa = PBXFileReference; lastKnownFileType = sourcecode.c.h; path = DisplayBaseTriSprite.h; sourceTree = "<group>"; };
		FE1D8B4E2412902200A04FC4 /* DisplayBaseTriSprite.m */ = {isa = PBXFileReference; lastKnownFileType = sourcecode.c.objc; path = DisplayBaseTriSprite.m; sourceTree = "<group>"; };
		FE1D8B502412903600A04FC4 /* DisplayBaseTriShader.h */ = {isa = PBXFileReference; lastKnownFileType = sourcecode.c.h; path = DisplayBaseTriShader.h; sourceTree = "<group>"; };
		FE1D8B512412903600A04FC4 /* DisplayBaseTriShader.m */ = {isa = PBXFileReference; lastKnownFileType = sourcecode.c.objc; path = DisplayBaseTriShader.m; sourceTree = "<group>"; };
		FE1D8B532412A64E00A04FC4 /* GridLineSprite.h */ = {isa = PBXFileReference; lastKnownFileType = sourcecode.c.h; path = GridLineSprite.h; sourceTree = "<group>"; };
		FE1D8B542412A64E00A04FC4 /* GridLineSprite.m */ = {isa = PBXFileReference; lastKnownFileType = sourcecode.c.objc; path = GridLineSprite.m; sourceTree = "<group>"; };
		FE2088DB239BDF60007FB797 /* Shader3D.h */ = {isa = PBXFileReference; lastKnownFileType = sourcecode.c.h; path = Shader3D.h; sourceTree = "<group>"; };
		FE2088DC239BDF60007FB797 /* Shader3D.m */ = {isa = PBXFileReference; lastKnownFileType = sourcecode.c.objc; path = Shader3D.m; sourceTree = "<group>"; };
		FE2088DE239BE86A007FB797 /* ResGC.h */ = {isa = PBXFileReference; lastKnownFileType = sourcecode.c.h; path = ResGC.h; sourceTree = "<group>"; };
		FE2088DF239BE86A007FB797 /* ResGC.m */ = {isa = PBXFileReference; lastKnownFileType = sourcecode.c.objc; path = ResGC.m; sourceTree = "<group>"; };
		FE2088E1239BE899007FB797 /* ProgrmaManager.h */ = {isa = PBXFileReference; lastKnownFileType = sourcecode.c.h; path = ProgrmaManager.h; sourceTree = "<group>"; };
		FE2088E2239BE899007FB797 /* ProgrmaManager.m */ = {isa = PBXFileReference; lastKnownFileType = sourcecode.c.objc; path = ProgrmaManager.m; sourceTree = "<group>"; };
		FE2088EA239BFC70007FB797 /* DisplayBaseShader3D.h */ = {isa = PBXFileReference; lastKnownFileType = sourcecode.c.h; path = DisplayBaseShader3D.h; sourceTree = "<group>"; };
		FE2088EB239BFC70007FB797 /* DisplayBaseShader3D.m */ = {isa = PBXFileReference; lastKnownFileType = sourcecode.c.objc; path = DisplayBaseShader3D.m; sourceTree = "<group>"; };
		FE2088EE239C176A007FB797 /* TextureRes.h */ = {isa = PBXFileReference; lastKnownFileType = sourcecode.c.h; path = TextureRes.h; sourceTree = "<group>"; };
		FE2088EF239C176A007FB797 /* TextureRes.m */ = {isa = PBXFileReference; lastKnownFileType = sourcecode.c.objc; path = TextureRes.m; sourceTree = "<group>"; };
		FE2088F2239C183B007FB797 /* MaterialManager.h */ = {isa = PBXFileReference; lastKnownFileType = sourcecode.c.h; path = MaterialManager.h; sourceTree = "<group>"; };
		FE2088F3239C183B007FB797 /* MaterialManager.m */ = {isa = PBXFileReference; lastKnownFileType = sourcecode.c.objc; path = MaterialManager.m; sourceTree = "<group>"; };
		FE259A2D239A0BB6007360E6 /* Vector3D.h */ = {isa = PBXFileReference; fileEncoding = 4; lastKnownFileType = sourcecode.c.h; path = Vector3D.h; sourceTree = "<group>"; };
		FE259A2E239A0BB6007360E6 /* Vector3D.m */ = {isa = PBXFileReference; fileEncoding = 4; lastKnownFileType = sourcecode.c.objc; path = Vector3D.m; sourceTree = "<group>"; };
		FE2A61BF239CB9DF0011BF9E /* Scene3D.h */ = {isa = PBXFileReference; lastKnownFileType = sourcecode.c.h; path = Scene3D.h; sourceTree = "<group>"; };
		FE2A61C0239CB9DF0011BF9E /* Scene3D.m */ = {isa = PBXFileReference; lastKnownFileType = sourcecode.c.objc; path = Scene3D.m; sourceTree = "<group>"; };
		FE2A61C2239D04FD0011BF9E /* Context3D.h */ = {isa = PBXFileReference; lastKnownFileType = sourcecode.c.h; path = Context3D.h; sourceTree = "<group>"; };
		FE2A61C3239D04FD0011BF9E /* Context3D.m */ = {isa = PBXFileReference; lastKnownFileType = sourcecode.c.objc; path = Context3D.m; sourceTree = "<group>"; };
		FE2BB2D42397F38A00597658 /* GlkView.h */ = {isa = PBXFileReference; lastKnownFileType = sourcecode.c.h; path = GlkView.h; sourceTree = "<group>"; };
		FE2BB2D52397F38A00597658 /* GlkView.m */ = {isa = PBXFileReference; lastKnownFileType = sourcecode.c.objc; path = GlkView.m; sourceTree = "<group>"; };
		FE2BB2DA23980EE600597658 /* GLSpriteView.h */ = {isa = PBXFileReference; lastKnownFileType = sourcecode.c.h; path = GLSpriteView.h; sourceTree = "<group>"; };
		FE2BB2DB23980EE600597658 /* GLSpriteView.m */ = {isa = PBXFileReference; lastKnownFileType = sourcecode.c.objc; path = GLSpriteView.m; sourceTree = "<group>"; };
		FE2C6A7C241D77F100291B5D /* TextureLoad.h */ = {isa = PBXFileReference; lastKnownFileType = sourcecode.c.h; path = TextureLoad.h; sourceTree = "<group>"; };
		FE2C6A7D241D77F100291B5D /* TextureLoad.m */ = {isa = PBXFileReference; lastKnownFileType = sourcecode.c.objc; path = TextureLoad.m; sourceTree = "<group>"; };
		FE2F1B9E2409EEE0005E287F /* Vector2D.h */ = {isa = PBXFileReference; lastKnownFileType = sourcecode.c.h; path = Vector2D.h; sourceTree = "<group>"; };
		FE2F1B9F2409EEE0005E287F /* Vector2D.m */ = {isa = PBXFileReference; lastKnownFileType = sourcecode.c.objc; path = Vector2D.m; sourceTree = "<group>"; };
		FE2F1BA3240BA820005E287F /* Quaternion3D.h */ = {isa = PBXFileReference; lastKnownFileType = sourcecode.c.h; path = Quaternion3D.h; sourceTree = "<group>"; };
		FE2F1BA4240BAD5A005E287F /* Quaternion.h */ = {isa = PBXFileReference; lastKnownFileType = sourcecode.c.h; path = Quaternion.h; sourceTree = "<group>"; };
		FE2F1BA5240BAD5A005E287F /* Quaternion.m */ = {isa = PBXFileReference; lastKnownFileType = sourcecode.c.objc; path = Quaternion.m; sourceTree = "<group>"; };
		FE2F1BAA240BF2D0005E287F /* Scene_data.h */ = {isa = PBXFileReference; lastKnownFileType = sourcecode.c.h; path = Scene_data.h; sourceTree = "<group>"; };
		FE2F1BAB240BF2D0005E287F /* Scene_data.m */ = {isa = PBXFileReference; lastKnownFileType = sourcecode.c.objc; path = Scene_data.m; sourceTree = "<group>"; };
		FE2F2FC92417FAF80005F686 /* DynamicController.h */ = {isa = PBXFileReference; lastKnownFileType = sourcecode.c.h; path = DynamicController.h; sourceTree = "<group>"; };
		FE2F2FCA2417FAF80005F686 /* DynamicController.m */ = {isa = PBXFileReference; lastKnownFileType = sourcecode.c.objc; path = DynamicController.m; sourceTree = "<group>"; };
		FE2F2FCE2418112D0005F686 /* DynamicHeader.h */ = {isa = PBXFileReference; lastKnownFileType = sourcecode.c.h; path = DynamicHeader.h; sourceTree = "<group>"; };
		FE2F2FCF2418BE7A0005F686 /* LoaderThread.h */ = {isa = PBXFileReference; lastKnownFileType = sourcecode.c.h; path = LoaderThread.h; sourceTree = "<group>"; };
		FE2F2FD02418BE7A0005F686 /* LoaderThread.m */ = {isa = PBXFileReference; lastKnownFileType = sourcecode.c.objc; path = LoaderThread.m; sourceTree = "<group>"; };
		FE2F2FD32418C3340005F686 /* GL_Header.h */ = {isa = PBXFileReference; lastKnownFileType = sourcecode.c.h; path = GL_Header.h; sourceTree = "<group>"; };
		FE2F3014241C28480005F686 /* Curve.h */ = {isa = PBXFileReference; lastKnownFileType = sourcecode.c.h; path = Curve.h; sourceTree = "<group>"; };
		FE2F3015241C28480005F686 /* Curve.m */ = {isa = PBXFileReference; lastKnownFileType = sourcecode.c.objc; path = Curve.m; sourceTree = "<group>"; };
		FE2F3017241C2CBD0005F686 /* TextureManager.h */ = {isa = PBXFileReference; lastKnownFileType = sourcecode.c.h; path = TextureManager.h; sourceTree = "<group>"; };
		FE2F3018241C2CBD0005F686 /* TextureManager.m */ = {isa = PBXFileReference; lastKnownFileType = sourcecode.c.objc; path = TextureManager.m; sourceTree = "<group>"; };
		FE36A7B523FEB7D000F2DE86 /* Matrix3x3.h */ = {isa = PBXFileReference; lastKnownFileType = sourcecode.c.h; path = Matrix3x3.h; sourceTree = "<group>"; };
		FE36BBE223A53D3A00180D7C /* MetalMatrixUtilities.h */ = {isa = PBXFileReference; lastKnownFileType = sourcecode.c.h; path = MetalMatrixUtilities.h; sourceTree = "<group>"; };
		FE36BBE323A53D3A00180D7C /* MetalMatrixUtilities.m */ = {isa = PBXFileReference; lastKnownFileType = sourcecode.c.objc; path = MetalMatrixUtilities.m; sourceTree = "<group>"; };
		FE36BBE523A53D7B00180D7C /* Types.h */ = {isa = PBXFileReference; lastKnownFileType = sourcecode.c.h; path = Types.h; sourceTree = "<group>"; };
		FE3D4ED92401B52600185FD3 /* levelup_base.txt */ = {isa = PBXFileReference; fileEncoding = 4; lastKnownFileType = text; path = levelup_base.txt; sourceTree = "<group>"; };
		FE3D4EDA2401B52600185FD3 /* levelup_lyf.txt */ = {isa = PBXFileReference; fileEncoding = 4; lastKnownFileType = text; path = levelup_lyf.txt; sourceTree = "<group>"; };
		FE3D4EDD2401BF5A00185FD3 /* ParticleManager.h */ = {isa = PBXFileReference; lastKnownFileType = sourcecode.c.h; path = ParticleManager.h; sourceTree = "<group>"; };
		FE3D4EDE2401BF5A00185FD3 /* ParticleManager.m */ = {isa = PBXFileReference; lastKnownFileType = sourcecode.c.objc; path = ParticleManager.m; sourceTree = "<group>"; };
		FE3D4EE12401C15300185FD3 /* EventDispatcher.h */ = {isa = PBXFileReference; lastKnownFileType = sourcecode.c.h; path = EventDispatcher.h; sourceTree = "<group>"; };
		FE3D4EE22401C15300185FD3 /* EventDispatcher.m */ = {isa = PBXFileReference; lastKnownFileType = sourcecode.c.objc; path = EventDispatcher.m; sourceTree = "<group>"; };
		FE3D4EE42401C16C00185FD3 /* CombineParticle.h */ = {isa = PBXFileReference; lastKnownFileType = sourcecode.c.h; path = CombineParticle.h; sourceTree = "<group>"; };
		FE3D4EE52401C16C00185FD3 /* CombineParticle.m */ = {isa = PBXFileReference; lastKnownFileType = sourcecode.c.objc; path = CombineParticle.m; sourceTree = "<group>"; };
		FE3D4EE72401C18B00185FD3 /* CombineParticleData.h */ = {isa = PBXFileReference; lastKnownFileType = sourcecode.c.h; path = CombineParticleData.h; sourceTree = "<group>"; };
		FE3D4EE82401C18B00185FD3 /* CombineParticleData.m */ = {isa = PBXFileReference; lastKnownFileType = sourcecode.c.objc; path = CombineParticleData.m; sourceTree = "<group>"; };
		FE3D4EEA2401C24200185FD3 /* Display3DParticle.h */ = {isa = PBXFileReference; lastKnownFileType = sourcecode.c.h; path = Display3DParticle.h; sourceTree = "<group>"; };
		FE3D4EEB2401C24200185FD3 /* Display3DParticle.m */ = {isa = PBXFileReference; lastKnownFileType = sourcecode.c.objc; path = Display3DParticle.m; sourceTree = "<group>"; };
		FE3D4EED2401C25D00185FD3 /* ParticleData.h */ = {isa = PBXFileReference; lastKnownFileType = sourcecode.c.h; path = ParticleData.h; sourceTree = "<group>"; };
		FE3D4EEE2401C25D00185FD3 /* ParticleData.m */ = {isa = PBXFileReference; lastKnownFileType = sourcecode.c.objc; path = ParticleData.m; sourceTree = "<group>"; };
		FE3D4EF12401C79000185FD3 /* ParticleFacetData.h */ = {isa = PBXFileReference; lastKnownFileType = sourcecode.c.h; path = ParticleFacetData.h; sourceTree = "<group>"; };
		FE3D4EF22401C79000185FD3 /* ParticleFacetData.m */ = {isa = PBXFileReference; lastKnownFileType = sourcecode.c.objc; path = ParticleFacetData.m; sourceTree = "<group>"; };
		FE3D4EF52401C9CC00185FD3 /* ParticleBallData.h */ = {isa = PBXFileReference; lastKnownFileType = sourcecode.c.h; path = ParticleBallData.h; sourceTree = "<group>"; };
		FE3D4EF62401C9CC00185FD3 /* ParticleBallData.m */ = {isa = PBXFileReference; lastKnownFileType = sourcecode.c.objc; path = ParticleBallData.m; sourceTree = "<group>"; };
		FE49FE5423C70E39001FAE9B /* 1001_base.txt */ = {isa = PBXFileReference; fileEncoding = 4; lastKnownFileType = text; path = 1001_base.txt; sourceTree = "<group>"; };
		FE49FE5523C70E39001FAE9B /* shadow.png */ = {isa = PBXFileReference; lastKnownFileType = image.png; path = shadow.png; sourceTree = "<group>"; };
		FE49FE5623C70E39001FAE9B /* 256.jpg */ = {isa = PBXFileReference; lastKnownFileType = image.jpeg; path = 256.jpg; sourceTree = "<group>"; };
		FE49FE5723C70E39001FAE9B /* brdf_ltu.jpg */ = {isa = PBXFileReference; lastKnownFileType = image.jpeg; path = brdf_ltu.jpg; sourceTree = "<group>"; };
		FE49FE5823C70E39001FAE9B /* shadertwo.fsh */ = {isa = PBXFileReference; fileEncoding = 4; lastKnownFileType = sourcecode.glsl; path = shadertwo.fsh; sourceTree = "<group>"; };
		FE49FE5B23C70E3A001FAE9B /* ball.xml */ = {isa = PBXFileReference; fileEncoding = 4; lastKnownFileType = text.xml; path = ball.xml; sourceTree = "<group>"; };
		FE49FE5C23C70E3A001FAE9B /* box.txt */ = {isa = PBXFileReference; fileEncoding = 4; lastKnownFileType = text; path = box.txt; sourceTree = "<group>"; };
		FE49FE5D23C70E3A001FAE9B /* shadertwo.vsh */ = {isa = PBXFileReference; fileEncoding = 4; lastKnownFileType = sourcecode.glsl; path = shadertwo.vsh; sourceTree = "<group>"; };
		FE49FE5E23C70E3A001FAE9B /* 5555_base.txt */ = {isa = PBXFileReference; fileEncoding = 4; lastKnownFileType = text; path = 5555_base.txt; sourceTree = "<group>"; };
		FE49FE5F23C70E3A001FAE9B /* tu001.jpg */ = {isa = PBXFileReference; lastKnownFileType = image.jpeg; path = tu001.jpg; sourceTree = "<group>"; };
		FE4CA7D42398DAAA00BE6FB5 /* Matrix3D.h */ = {isa = PBXFileReference; lastKnownFileType = sourcecode.c.h; path = Matrix3D.h; sourceTree = "<group>"; };
		FE4CA7D52398DAAA00BE6FB5 /* Matrix3D.m */ = {isa = PBXFileReference; lastKnownFileType = sourcecode.c.objc; path = Matrix3D.m; sourceTree = "<group>"; };
		FE515FAC23A2177A00C49DA5 /* ByteArray.h */ = {isa = PBXFileReference; lastKnownFileType = sourcecode.c.h; path = ByteArray.h; sourceTree = "<group>"; };
		FE515FAD23A2177A00C49DA5 /* ByteArray.m */ = {isa = PBXFileReference; lastKnownFileType = sourcecode.c.objc; path = ByteArray.m; sourceTree = "<group>"; };
		FE515FB423A2802300C49DA5 /* BaseRes.h */ = {isa = PBXFileReference; lastKnownFileType = sourcecode.c.h; path = BaseRes.h; sourceTree = "<group>"; };
		FE515FB523A2802300C49DA5 /* BaseRes.m */ = {isa = PBXFileReference; lastKnownFileType = sourcecode.c.objc; path = BaseRes.m; sourceTree = "<group>"; };
		FE515FB723A2803C00C49DA5 /* SceneRes.h */ = {isa = PBXFileReference; lastKnownFileType = sourcecode.c.h; path = SceneRes.h; sourceTree = "<group>"; };
		FE515FB823A2803C00C49DA5 /* SceneRes.m */ = {isa = PBXFileReference; lastKnownFileType = sourcecode.c.objc; path = SceneRes.m; sourceTree = "<group>"; };
		FE67882F239B938200262B53 /* Display3D.h */ = {isa = PBXFileReference; lastKnownFileType = sourcecode.c.h; path = Display3D.h; sourceTree = "<group>"; };
		FE678830239B938200262B53 /* Display3D.m */ = {isa = PBXFileReference; lastKnownFileType = sourcecode.c.objc; path = Display3D.m; sourceTree = "<group>"; };
		FE678834239B946800262B53 /* ResCount.h */ = {isa = PBXFileReference; lastKnownFileType = sourcecode.c.h; path = ResCount.h; sourceTree = "<group>"; };
		FE678835239B946800262B53 /* ResCount.m */ = {isa = PBXFileReference; lastKnownFileType = sourcecode.c.objc; path = ResCount.m; sourceTree = "<group>"; };
		FE678837239B948D00262B53 /* ObjData.h */ = {isa = PBXFileReference; lastKnownFileType = sourcecode.c.h; path = ObjData.h; sourceTree = "<group>"; };
		FE678838239B948D00262B53 /* ObjData.m */ = {isa = PBXFileReference; lastKnownFileType = sourcecode.c.objc; path = ObjData.m; sourceTree = "<group>"; };
		FE67883A239B973C00262B53 /* Display3DSprite.h */ = {isa = PBXFileReference; lastKnownFileType = sourcecode.c.h; path = Display3DSprite.h; sourceTree = "<group>"; };
		FE67883B239B973C00262B53 /* Display3DSprite.m */ = {isa = PBXFileReference; lastKnownFileType = sourcecode.c.objc; path = Display3DSprite.m; sourceTree = "<group>"; };
		FE678841239B980200262B53 /* SceneView.h */ = {isa = PBXFileReference; lastKnownFileType = sourcecode.c.h; path = SceneView.h; sourceTree = "<group>"; };
		FE678842239B980200262B53 /* SceneView.m */ = {isa = PBXFileReference; lastKnownFileType = sourcecode.c.objc; path = SceneView.m; sourceTree = "<group>"; };
		FE74C8862396C85D0069A551 /* Base3dView.h */ = {isa = PBXFileReference; lastKnownFileType = sourcecode.c.h; path = Base3dView.h; sourceTree = "<group>"; };
		FE74C8872396C85D0069A551 /* Base3dView.m */ = {isa = PBXFileReference; lastKnownFileType = sourcecode.c.objc; path = Base3dView.m; sourceTree = "<group>"; };
		FE7AC45C23C84BBE006E5554 /* SceneDisplay3DShader.h */ = {isa = PBXFileReference; lastKnownFileType = sourcecode.c.h; path = SceneDisplay3DShader.h; sourceTree = "<group>"; };
		FE7AC45D23C84BBE006E5554 /* SceneDisplay3DShader.m */ = {isa = PBXFileReference; lastKnownFileType = sourcecode.c.objc; path = SceneDisplay3DShader.m; sourceTree = "<group>"; };
		FE80570C2405BE15000F6D17 /* ParticleGpuData.h */ = {isa = PBXFileReference; lastKnownFileType = sourcecode.c.h; path = ParticleGpuData.h; sourceTree = "<group>"; };
		FE80570D2405BE15000F6D17 /* ParticleGpuData.m */ = {isa = PBXFileReference; lastKnownFileType = sourcecode.c.objc; path = ParticleGpuData.m; sourceTree = "<group>"; };
		FE80570F2405BE4F000F6D17 /* ParticleBallGpuData.h */ = {isa = PBXFileReference; lastKnownFileType = sourcecode.c.h; path = ParticleBallGpuData.h; sourceTree = "<group>"; };
		FE8057102405BE4F000F6D17 /* ParticleBallGpuData.m */ = {isa = PBXFileReference; lastKnownFileType = sourcecode.c.objc; path = ParticleBallGpuData.m; sourceTree = "<group>"; };
		FE8057122405CD16000F6D17 /* Display3DBallPartilceShader.h */ = {isa = PBXFileReference; lastKnownFileType = sourcecode.c.h; path = Display3DBallPartilceShader.h; sourceTree = "<group>"; };
		FE8057132405CD16000F6D17 /* Display3DBallPartilceShader.m */ = {isa = PBXFileReference; lastKnownFileType = sourcecode.c.objc; path = Display3DBallPartilceShader.m; sourceTree = "<group>"; };
		FE805726240698DD000F6D17 /* Display3DShader.h */ = {isa = PBXFileReference; lastKnownFileType = sourcecode.c.h; path = Display3DShader.h; sourceTree = "<group>"; };
		FE805727240698DD000F6D17 /* Display3DShader.m */ = {isa = PBXFileReference; lastKnownFileType = sourcecode.c.objc; path = Display3DShader.m; sourceTree = "<group>"; };
		FE887D4E2416731200025A74 /* CurveVo.h */ = {isa = PBXFileReference; lastKnownFileType = sourcecode.c.h; path = CurveVo.h; sourceTree = "<group>"; };
		FE887D4F2416731200025A74 /* CurveVo.m */ = {isa = PBXFileReference; lastKnownFileType = sourcecode.c.objc; path = CurveVo.m; sourceTree = "<group>"; };
		FE887D512416733900025A74 /* ParamDataVo.h */ = {isa = PBXFileReference; lastKnownFileType = sourcecode.c.h; path = ParamDataVo.h; sourceTree = "<group>"; };
		FE887D522416733900025A74 /* ParamDataVo.m */ = {isa = PBXFileReference; lastKnownFileType = sourcecode.c.objc; path = ParamDataVo.m; sourceTree = "<group>"; };
		FE887D542416765600025A74 /* ConstItem.h */ = {isa = PBXFileReference; lastKnownFileType = sourcecode.c.h; path = ConstItem.h; sourceTree = "<group>"; };
		FE887D552416765600025A74 /* ConstItem.m */ = {isa = PBXFileReference; lastKnownFileType = sourcecode.c.objc; path = ConstItem.m; sourceTree = "<group>"; };
		FE887D572416766700025A74 /* DynamicBaseConstItem.h */ = {isa = PBXFileReference; lastKnownFileType = sourcecode.c.h; path = DynamicBaseConstItem.h; sourceTree = "<group>"; };
		FE887D582416766700025A74 /* DynamicBaseConstItem.m */ = {isa = PBXFileReference; lastKnownFileType = sourcecode.c.objc; path = DynamicBaseConstItem.m; sourceTree = "<group>"; };
		FE887D5A2416767500025A74 /* DynamicBaseTexItem.h */ = {isa = PBXFileReference; lastKnownFileType = sourcecode.c.h; path = DynamicBaseTexItem.h; sourceTree = "<group>"; };
		FE887D5B2416767500025A74 /* DynamicBaseTexItem.m */ = {isa = PBXFileReference; lastKnownFileType = sourcecode.c.objc; path = DynamicBaseTexItem.m; sourceTree = "<group>"; };
		FE887D5D2416768700025A74 /* DynamicConstItem.h */ = {isa = PBXFileReference; lastKnownFileType = sourcecode.c.h; path = DynamicConstItem.h; sourceTree = "<group>"; };
		FE887D5E2416768700025A74 /* DynamicConstItem.m */ = {isa = PBXFileReference; lastKnownFileType = sourcecode.c.objc; path = DynamicConstItem.m; sourceTree = "<group>"; };
		FE887D602416769500025A74 /* DynamicTexItem.h */ = {isa = PBXFileReference; lastKnownFileType = sourcecode.c.h; path = DynamicTexItem.h; sourceTree = "<group>"; };
		FE887D612416769500025A74 /* DynamicTexItem.m */ = {isa = PBXFileReference; lastKnownFileType = sourcecode.c.objc; path = DynamicTexItem.m; sourceTree = "<group>"; };
		FE887D63241676A200025A74 /* Material.h */ = {isa = PBXFileReference; lastKnownFileType = sourcecode.c.h; path = Material.h; sourceTree = "<group>"; };
		FE887D64241676A200025A74 /* Material.m */ = {isa = PBXFileReference; lastKnownFileType = sourcecode.c.objc; path = Material.m; sourceTree = "<group>"; };
		FE887D66241676B000025A74 /* MaterialBaseParam.h */ = {isa = PBXFileReference; lastKnownFileType = sourcecode.c.h; path = MaterialBaseParam.h; sourceTree = "<group>"; };
		FE887D67241676B000025A74 /* MaterialBaseParam.m */ = {isa = PBXFileReference; lastKnownFileType = sourcecode.c.objc; path = MaterialBaseParam.m; sourceTree = "<group>"; };
		FE887D69241676BF00025A74 /* MaterialParam.h */ = {isa = PBXFileReference; lastKnownFileType = sourcecode.c.h; path = MaterialParam.h; sourceTree = "<group>"; };
		FE887D6A241676BF00025A74 /* MaterialParam.m */ = {isa = PBXFileReference; lastKnownFileType = sourcecode.c.objc; path = MaterialParam.m; sourceTree = "<group>"; };
		FE887D6C241676CC00025A74 /* TexItem.h */ = {isa = PBXFileReference; lastKnownFileType = sourcecode.c.h; path = TexItem.h; sourceTree = "<group>"; };
		FE887D6D241676CC00025A74 /* TexItem.m */ = {isa = PBXFileReference; lastKnownFileType = sourcecode.c.objc; path = TexItem.m; sourceTree = "<group>"; };
		FE887D6F241681B300025A74 /* MaterialLoad.h */ = {isa = PBXFileReference; lastKnownFileType = sourcecode.c.h; path = MaterialLoad.h; sourceTree = "<group>"; };
		FE887D70241681B300025A74 /* MaterialLoad.m */ = {isa = PBXFileReference; lastKnownFileType = sourcecode.c.objc; path = MaterialLoad.m; sourceTree = "<group>"; };
		FE887D7224168FDE00025A74 /* LoadManager.h */ = {isa = PBXFileReference; lastKnownFileType = sourcecode.c.h; path = LoadManager.h; sourceTree = "<group>"; };
		FE887D7324168FDE00025A74 /* LoadManager.m */ = {isa = PBXFileReference; lastKnownFileType = sourcecode.c.objc; path = LoadManager.m; sourceTree = "<group>"; };
		FE887D752416963300025A74 /* LoadInfo.h */ = {isa = PBXFileReference; lastKnownFileType = sourcecode.c.h; path = LoadInfo.h; sourceTree = "<group>"; };
		FE887D762416963300025A74 /* LoadInfo.m */ = {isa = PBXFileReference; lastKnownFileType = sourcecode.c.objc; path = LoadInfo.m; sourceTree = "<group>"; };
		FEA2A5F324152C4400EA941D /* GridLineShader.h */ = {isa = PBXFileReference; lastKnownFileType = sourcecode.c.h; path = GridLineShader.h; sourceTree = "<group>"; };
		FEA2A5F424152C4400EA941D /* GridLineShader.m */ = {isa = PBXFileReference; lastKnownFileType = sourcecode.c.objc; path = GridLineShader.m; sourceTree = "<group>"; };
		FEB5AE3F23F1B17900661496 /* Matrix4x4.h */ = {isa = PBXFileReference; lastKnownFileType = sourcecode.c.h; path = Matrix4x4.h; sourceTree = "<group>"; };
		FECBFFBA23B679780009A467 /* SceneDisplay3DSprite.h */ = {isa = PBXFileReference; lastKnownFileType = sourcecode.c.h; path = SceneDisplay3DSprite.h; sourceTree = "<group>"; };
		FECBFFBB23B679780009A467 /* SceneDisplay3DSprite.m */ = {isa = PBXFileReference; lastKnownFileType = sourcecode.c.objc; path = SceneDisplay3DSprite.m; sourceTree = "<group>"; };
		FED0DA4324002A94009F6575 /* TokenSceneView.h */ = {isa = PBXFileReference; lastKnownFileType = sourcecode.c.h; path = TokenSceneView.h; sourceTree = "<group>"; };
		FED0DA4424002A94009F6575 /* TokenSceneView.m */ = {isa = PBXFileReference; lastKnownFileType = sourcecode.c.objc; path = TokenSceneView.m; sourceTree = "<group>"; };
		FED0DA4524002A94009F6575 /* TokenSceneView.xib */ = {isa = PBXFileReference; lastKnownFileType = file.xib; path = TokenSceneView.xib; sourceTree = "<group>"; };
		FED0DA48240162F8009F6575 /* GroupDataManager.h */ = {isa = PBXFileReference; lastKnownFileType = sourcecode.c.h; path = GroupDataManager.h; sourceTree = "<group>"; };
		FED0DA49240162F8009F6575 /* GroupDataManager.m */ = {isa = PBXFileReference; lastKnownFileType = sourcecode.c.objc; path = GroupDataManager.m; sourceTree = "<group>"; };
		FED0DA4B24016395009F6575 /* GroupRes.h */ = {isa = PBXFileReference; lastKnownFileType = sourcecode.c.h; path = GroupRes.h; sourceTree = "<group>"; };
		FED0DA4C24016395009F6575 /* GroupRes.m */ = {isa = PBXFileReference; lastKnownFileType = sourcecode.c.objc; path = GroupRes.m; sourceTree = "<group>"; };
		FED0DA5424016C43009F6575 /* baoxiang001.txt */ = {isa = PBXFileReference; fileEncoding = 4; lastKnownFileType = text; path = baoxiang001.txt; sourceTree = "<group>"; };
		FED0DA5524016C44009F6575 /* baoxiang001_base.txt */ = {isa = PBXFileReference; fileEncoding = 4; lastKnownFileType = text; path = baoxiang001_base.txt; sourceTree = "<group>"; };
		FED0DA5824017531009F6575 /* GroupItem.h */ = {isa = PBXFileReference; lastKnownFileType = sourcecode.c.h; path = GroupItem.h; sourceTree = "<group>"; };
		FED0DA5924017531009F6575 /* GroupItem.m */ = {isa = PBXFileReference; lastKnownFileType = sourcecode.c.objc; path = GroupItem.m; sourceTree = "<group>"; };
		FED0DA5C24017D02009F6575 /* AppWorldHeader.h */ = {isa = PBXFileReference; lastKnownFileType = sourcecode.c.h; path = AppWorldHeader.h; sourceTree = "<group>"; };
		FEF6063523B9CF5D00DE6C2F /* Object3D.h */ = {isa = PBXFileReference; lastKnownFileType = sourcecode.c.h; path = Object3D.h; sourceTree = "<group>"; };
		FEF6063623B9CF5D00DE6C2F /* Object3D.m */ = {isa = PBXFileReference; lastKnownFileType = sourcecode.c.objc; path = Object3D.m; sourceTree = "<group>"; };
		FEF6063823B9D10100DE6C2F /* Camera3D.h */ = {isa = PBXFileReference; lastKnownFileType = sourcecode.c.h; path = Camera3D.h; sourceTree = "<group>"; };
		FEF6063923B9D10100DE6C2F /* Camera3D.m */ = {isa = PBXFileReference; lastKnownFileType = sourcecode.c.objc; path = Camera3D.m; sourceTree = "<group>"; };
		FEF6063B23B9D20200DE6C2F /* Rectangle.h */ = {isa = PBXFileReference; lastKnownFileType = sourcecode.c.h; path = Rectangle.h; sourceTree = "<group>"; };
		FEF6063C23B9D20200DE6C2F /* Rectangle.m */ = {isa = PBXFileReference; lastKnownFileType = sourcecode.c.objc; path = Rectangle.m; sourceTree = "<group>"; };
/* End PBXFileReference section */

/* Begin PBXFrameworksBuildPhase section */
		FE0FC2322395104700D2483A /* Frameworks */ = {
			isa = PBXFrameworksBuildPhase;
			buildActionMask = 2147483647;
			files = (
				E547434BFBFFABC9DC0BD21E /* libPods-iosgl.a in Frameworks */,
			);
			runOnlyForDeploymentPostprocessing = 0;
		};
/* End PBXFrameworksBuildPhase section */

/* Begin PBXGroup section */
		3FFF4BB21976BDEE8C5A83DC /* Frameworks */ = {
			isa = PBXGroup;
			children = (
				763CC9DEC659D32C2CA1B43E /* libPods-iosgl.a */,
			);
			name = Frameworks;
			sourceTree = "<group>";
		};
		D04E05D8DC2E1F6A8ECDF73F /* Pods */ = {
			isa = PBXGroup;
			children = (
				341EE0E46673E129BA2F1F73 /* Pods-iosgl.debug.xcconfig */,
				6445661AF90F6974C52DB7AF /* Pods-iosgl.release.xcconfig */,
			);
			path = Pods;
			sourceTree = "<group>";
		};
		FE0FC22C2395104700D2483A = {
			isa = PBXGroup;
			children = (
				FE0FC2372395104700D2483A /* iosgl */,
				FE0FC2362395104700D2483A /* Products */,
				D04E05D8DC2E1F6A8ECDF73F /* Pods */,
				3FFF4BB21976BDEE8C5A83DC /* Frameworks */,
			);
			sourceTree = "<group>";
		};
		FE0FC2362395104700D2483A /* Products */ = {
			isa = PBXGroup;
			children = (
				FE0FC2352395104700D2483A /* iosgl.app */,
			);
			name = Products;
			sourceTree = "<group>";
		};
		FE0FC2372395104700D2483A /* iosgl */ = {
			isa = PBXGroup;
			children = (
				FE2F2FC82417FA940005F686 /*  dynamic */,
				FE0FC25A239512E500D2483A /* base */,
				FE0FC254239511AC00D2483A /* bt */,
				FE0FC27C23955A7F00D2483A /* Page */,
				FE0FC2382395104700D2483A /* AppDelegate.h */,
				FE0FC2392395104700D2483A /* AppDelegate.m */,
				FE0FC23B2395104700D2483A /* SceneDelegate.h */,
				FE0FC23C2395104700D2483A /* SceneDelegate.m */,
				FE0FC23E2395104700D2483A /* ViewController.h */,
				FE0FC23F2395104700D2483A /* ViewController.m */,
				FE0FC2412395104700D2483A /* Main.storyboard */,
				FE0FC2472395104800D2483A /* Assets.xcassets */,
				FE0FC2492395104800D2483A /* LaunchScreen.storyboard */,
				FE0FC24C2395104800D2483A /* Info.plist */,
				FE0FC24D2395104800D2483A /* main.m */,
				FE0FC29A2395735800D2483A /* assetfile */,
				FE0FC2442395104700D2483A /* iosgl.xcdatamodeld */,
			);
			path = iosgl;
			sourceTree = "<group>";
		};
		FE0FC254239511AC00D2483A /* bt */ = {
			isa = PBXGroup;
			children = (
				FE1D8B4024118B2700A04FC4 /* utils */,
				FE515FB323A2800500C49DA5 /* res */,
				FE13769E239E908100755136 /* filemode */,
				FE2088F1239C1821007FB797 /* material */,
				FE2088DA239BDF0B007FB797 /* program */,
				FE678832239B944600262B53 /* base */,
				FE67882E239B934C00262B53 /* display */,
				FE0FC2782395531F00D2483A /* core */,
				FE67883D239B974C00262B53 /* scene */,
				FE678841239B980200262B53 /* SceneView.h */,
				FE678842239B980200262B53 /* SceneView.m */,
				FE2F2FD32418C3340005F686 /* GL_Header.h */,
			);
			path = bt;
			sourceTree = "<group>";
		};
		FE0FC25A239512E500D2483A /* base */ = {
			isa = PBXGroup;
			children = (
				FE0FC27223952A3A00D2483A /* MyNavigationBar.h */,
				FE0FC27323952A3A00D2483A /* MyNavigationBar.m */,
				FE0FC26F2395294900D2483A /* BaseNavigationViewController.h */,
				FE0FC2702395294900D2483A /* BaseNavigationViewController.m */,
			);
			path = base;
			sourceTree = "<group>";
		};
		FE0FC26423951FAC00D2483A /* Other */ = {
			isa = PBXGroup;
			children = (
				FE0FC26123951ABE00D2483A /* CtxUIView.h */,
				FE0FC26223951ABE00D2483A /* CtxUIView.m */,
				FE74C8862396C85D0069A551 /* Base3dView.h */,
				FE74C8872396C85D0069A551 /* Base3dView.m */,
				FE2BB2D42397F38A00597658 /* GlkView.h */,
				FE2BB2D52397F38A00597658 /* GlkView.m */,
				FE2BB2DA23980EE600597658 /* GLSpriteView.h */,
				FE2BB2DB23980EE600597658 /* GLSpriteView.m */,
			);
			path = Other;
			sourceTree = "<group>";
		};
		FE0FC2782395531F00D2483A /* core */ = {
			isa = PBXGroup;
			children = (
				FE0FC2752395531700D2483A /* MathCore.h */,
				FE0FC2762395531700D2483A /* MathCore.m */,
				FE0FC2792395533500D2483A /* MathClass.h */,
				FE0FC27A2395533500D2483A /* MathClass.m */,
				FE2A61C2239D04FD0011BF9E /* Context3D.h */,
				FE2A61C3239D04FD0011BF9E /* Context3D.m */,
			);
			path = core;
			sourceTree = "<group>";
		};
		FE0FC27C23955A7F00D2483A /* Page */ = {
			isa = PBXGroup;
			children = (
				FED0DA5B24017CC9009F6575 /* AppBase */,
				FEB5AE3C23F1B10700661496 /* mathother */,
				FE0FC26423951FAC00D2483A /* Other */,
				FE0FC28C2395669100D2483A /* BaseUIViewController.h */,
				FE0FC28D2395669100D2483A /* BaseUIViewController.m */,
				FED0DA4324002A94009F6575 /* TokenSceneView.h */,
				FED0DA4424002A94009F6575 /* TokenSceneView.m */,
				FED0DA4524002A94009F6575 /* TokenSceneView.xib */,
				FE0FC27D23955AA200D2483A /* OnePageView.h */,
				FE0FC27E23955AA200D2483A /* OnePageView.m */,
				FE0FC27F23955AA200D2483A /* OnePageView.xib */,
				FE0FC28223955D0200D2483A /* TwoPageView.h */,
				FE0FC28323955D0200D2483A /* TwoPageView.m */,
				FE0FC28423955D0200D2483A /* TwoPageView.xib */,
				FE0FC2872395654C00D2483A /* ThirdPageView.h */,
				FE0FC2882395654C00D2483A /* ThirdPageView.m */,
				FE0FC2892395654D00D2483A /* ThirdPageView.xib */,
				FE0FC28F239568BE00D2483A /* FourPageView.h */,
				FE0FC290239568BE00D2483A /* FourPageView.m */,
				FE0FC291239568BE00D2483A /* FourPageView.xib */,
				FE0FC29B2395768D00D2483A /* FivePageView.h */,
				FE0FC29C2395768D00D2483A /* FivePageView.m */,
				FE0FC29D2395768D00D2483A /* FivePageView.xib */,
			);
			path = Page;
			sourceTree = "<group>";
		};
		FE0FC29A2395735800D2483A /* assetfile */ = {
			isa = PBXGroup;
			children = (
				FE49FE5623C70E39001FAE9B /* 256.jpg */,
				FE3D4ED92401B52600185FD3 /* levelup_base.txt */,
				FE3D4EDA2401B52600185FD3 /* levelup_lyf.txt */,
				FED0DA5524016C44009F6575 /* baoxiang001_base.txt */,
				FED0DA5424016C43009F6575 /* baoxiang001.txt */,
				FE49FE5423C70E39001FAE9B /* 1001_base.txt */,
				FE49FE5E23C70E3A001FAE9B /* 5555_base.txt */,
				FE49FE5B23C70E3A001FAE9B /* ball.xml */,
				FE49FE5C23C70E3A001FAE9B /* box.txt */,
				FE49FE5723C70E39001FAE9B /* brdf_ltu.jpg */,
				FE49FE5823C70E39001FAE9B /* shadertwo.fsh */,
				FE49FE5D23C70E3A001FAE9B /* shadertwo.vsh */,
				FE49FE5523C70E39001FAE9B /* shadow.png */,
				FE49FE5F23C70E3A001FAE9B /* tu001.jpg */,
			);
			path = assetfile;
			sourceTree = "<group>";
		};
		FE13769E239E908100755136 /* filemode */ = {
			isa = PBXGroup;
			children = (
				FE515FAC23A2177A00C49DA5 /* ByteArray.h */,
				FE515FAD23A2177A00C49DA5 /* ByteArray.m */,
				FE13769F239E90AE00755136 /* ObjDataManager.h */,
				FE1376A0239E90AE00755136 /* ObjDataManager.m */,
				FED0DA48240162F8009F6575 /* GroupDataManager.h */,
				FED0DA49240162F8009F6575 /* GroupDataManager.m */,
				FE3D4EDD2401BF5A00185FD3 /* ParticleManager.h */,
				FE3D4EDE2401BF5A00185FD3 /* ParticleManager.m */,
				FE2C6A7C241D77F100291B5D /* TextureLoad.h */,
				FE2C6A7D241D77F100291B5D /* TextureLoad.m */,
				FE2F3017241C2CBD0005F686 /* TextureManager.h */,
				FE2F3018241C2CBD0005F686 /* TextureManager.m */,
			);
			path = filemode;
			sourceTree = "<group>";
		};
		FE189AD524026AC8008E2FF6 /* ctrl */ = {
			isa = PBXGroup;
			children = (
				FE189AD624026AF1008E2FF6 /* TimeLineData.h */,
				FE189AD724026AF1008E2FF6 /* TimeLineData.m */,
				FE189AD924026B7E008E2FF6 /* KeyFrame.h */,
				FE189ADA24026B7E008E2FF6 /* KeyFrame.m */,
				FE189B2324049C2E008E2FF6 /* TimeLine.h */,
				FE189B2424049C2E008E2FF6 /* TimeLine.m */,
				FE887D4E2416731200025A74 /* CurveVo.h */,
				FE887D4F2416731200025A74 /* CurveVo.m */,
				FE2F3014241C28480005F686 /* Curve.h */,
				FE2F3015241C28480005F686 /* Curve.m */,
				FE887D512416733900025A74 /* ParamDataVo.h */,
				FE887D522416733900025A74 /* ParamDataVo.m */,
			);
			path = ctrl;
			sourceTree = "<group>";
		};
		FE1D8B4024118B2700A04FC4 /* utils */ = {
			isa = PBXGroup;
			children = (
				FE1D8B4124118B3900A04FC4 /* TimeUtil.h */,
				FE1D8B4224118B3900A04FC4 /* TimeUtil.m */,
				FE887D752416963300025A74 /* LoadInfo.h */,
				FE887D762416963300025A74 /* LoadInfo.m */,
				FE2F2FCF2418BE7A0005F686 /* LoaderThread.h */,
				FE2F2FD02418BE7A0005F686 /* LoaderThread.m */,
				FE887D7224168FDE00025A74 /* LoadManager.h */,
				FE887D7324168FDE00025A74 /* LoadManager.m */,
			);
			path = utils;
			sourceTree = "<group>";
		};
		FE1D8B4524128AFF00A04FC4 /* line */ = {
			isa = PBXGroup;
			children = (
				FE1D8B4924128B3C00A04FC4 /* LineDisplayShader.h */,
				FE1D8B4A24128B3C00A04FC4 /* LineDisplayShader.m */,
				FE1D8B4624128B1400A04FC4 /* LineDisplaySprite.h */,
				FE1D8B4724128B1400A04FC4 /* LineDisplaySprite.m */,
				FEA2A5F324152C4400EA941D /* GridLineShader.h */,
				FEA2A5F424152C4400EA941D /* GridLineShader.m */,
				FE1D8B532412A64E00A04FC4 /* GridLineSprite.h */,
				FE1D8B542412A64E00A04FC4 /* GridLineSprite.m */,
			);
			path = line;
			sourceTree = "<group>";
		};
		FE1D8B4C24128FDC00A04FC4 /* basedis */ = {
			isa = PBXGroup;
			children = (
				FE1D8B502412903600A04FC4 /* DisplayBaseTriShader.h */,
				FE1D8B512412903600A04FC4 /* DisplayBaseTriShader.m */,
				FE1D8B4D2412902200A04FC4 /* DisplayBaseTriSprite.h */,
				FE1D8B4E2412902200A04FC4 /* DisplayBaseTriSprite.m */,
			);
			path = basedis;
			sourceTree = "<group>";
		};
		FE2088DA239BDF0B007FB797 /* program */ = {
			isa = PBXGroup;
			children = (
				FE2088DB239BDF60007FB797 /* Shader3D.h */,
				FE2088DC239BDF60007FB797 /* Shader3D.m */,
				FE2088EA239BFC70007FB797 /* DisplayBaseShader3D.h */,
				FE2088EB239BFC70007FB797 /* DisplayBaseShader3D.m */,
				FE2088E1239BE899007FB797 /* ProgrmaManager.h */,
				FE2088E2239BE899007FB797 /* ProgrmaManager.m */,
			);
			path = program;
			sourceTree = "<group>";
		};
		FE2088F1239C1821007FB797 /* material */ = {
			isa = PBXGroup;
			children = (
				FE887D6F241681B300025A74 /* MaterialLoad.h */,
				FE887D70241681B300025A74 /* MaterialLoad.m */,
				FE2088EE239C176A007FB797 /* TextureRes.h */,
				FE2088EF239C176A007FB797 /* TextureRes.m */,
				FE2088F2239C183B007FB797 /* MaterialManager.h */,
				FE2088F3239C183B007FB797 /* MaterialManager.m */,
				FE887D542416765600025A74 /* ConstItem.h */,
				FE887D552416765600025A74 /* ConstItem.m */,
				FE887D572416766700025A74 /* DynamicBaseConstItem.h */,
				FE887D582416766700025A74 /* DynamicBaseConstItem.m */,
				FE887D5A2416767500025A74 /* DynamicBaseTexItem.h */,
				FE887D5B2416767500025A74 /* DynamicBaseTexItem.m */,
				FE887D5D2416768700025A74 /* DynamicConstItem.h */,
				FE887D5E2416768700025A74 /* DynamicConstItem.m */,
				FE887D602416769500025A74 /* DynamicTexItem.h */,
				FE887D612416769500025A74 /* DynamicTexItem.m */,
				FE887D63241676A200025A74 /* Material.h */,
				FE887D64241676A200025A74 /* Material.m */,
				FE887D66241676B000025A74 /* MaterialBaseParam.h */,
				FE887D67241676B000025A74 /* MaterialBaseParam.m */,
				FE887D69241676BF00025A74 /* MaterialParam.h */,
				FE887D6A241676BF00025A74 /* MaterialParam.m */,
				FE887D6C241676CC00025A74 /* TexItem.h */,
				FE887D6D241676CC00025A74 /* TexItem.m */,
			);
			path = material;
			sourceTree = "<group>";
		};
		FE2F2FC82417FA940005F686 /*  dynamic */ = {
			isa = PBXGroup;
			children = (
				FE2F2FC92417FAF80005F686 /* DynamicController.h */,
				FE2F2FCA2417FAF80005F686 /* DynamicController.m */,
				FE2F2FCE2418112D0005F686 /* DynamicHeader.h */,
			);
			path = " dynamic";
			sourceTree = "<group>";
		};
		FE3D4EE02401C12400185FD3 /* particle */ = {
			isa = PBXGroup;
			children = (
				FE189AD524026AC8008E2FF6 /* ctrl */,
				FE3D4EF42401C9B900185FD3 /* ball */,
				FE3D4EF02401C76500185FD3 /* face */,
				FE3D4EE42401C16C00185FD3 /* CombineParticle.h */,
				FE3D4EE52401C16C00185FD3 /* CombineParticle.m */,
				FE3D4EE72401C18B00185FD3 /* CombineParticleData.h */,
				FE3D4EE82401C18B00185FD3 /* CombineParticleData.m */,
				FE80570C2405BE15000F6D17 /* ParticleGpuData.h */,
				FE80570D2405BE15000F6D17 /* ParticleGpuData.m */,
				FE3D4EED2401C25D00185FD3 /* ParticleData.h */,
				FE3D4EEE2401C25D00185FD3 /* ParticleData.m */,
				FE3D4EEA2401C24200185FD3 /* Display3DParticle.h */,
				FE3D4EEB2401C24200185FD3 /* Display3DParticle.m */,
			);
			path = particle;
			sourceTree = "<group>";
		};
		FE3D4EF02401C76500185FD3 /* face */ = {
			isa = PBXGroup;
			children = (
				FE3D4EF12401C79000185FD3 /* ParticleFacetData.h */,
				FE3D4EF22401C79000185FD3 /* ParticleFacetData.m */,
			);
			path = face;
			sourceTree = "<group>";
		};
		FE3D4EF42401C9B900185FD3 /* ball */ = {
			isa = PBXGroup;
			children = (
				FE3D4EF52401C9CC00185FD3 /* ParticleBallData.h */,
				FE3D4EF62401C9CC00185FD3 /* ParticleBallData.m */,
				FE80570F2405BE4F000F6D17 /* ParticleBallGpuData.h */,
				FE8057102405BE4F000F6D17 /* ParticleBallGpuData.m */,
				FE8057122405CD16000F6D17 /* Display3DBallPartilceShader.h */,
				FE8057132405CD16000F6D17 /* Display3DBallPartilceShader.m */,
				FE189B2024049454008E2FF6 /* Display3DBallPartilce.h */,
				FE189B2124049454008E2FF6 /* Display3DBallPartilce.m */,
			);
			path = ball;
			sourceTree = "<group>";
		};
		FE515FB323A2800500C49DA5 /* res */ = {
			isa = PBXGroup;
			children = (
				FE515FB423A2802300C49DA5 /* BaseRes.h */,
				FE515FB523A2802300C49DA5 /* BaseRes.m */,
				FE515FB723A2803C00C49DA5 /* SceneRes.h */,
				FE515FB823A2803C00C49DA5 /* SceneRes.m */,
				FED0DA4B24016395009F6575 /* GroupRes.h */,
				FED0DA4C24016395009F6575 /* GroupRes.m */,
			);
			path = res;
			sourceTree = "<group>";
		};
		FE67882E239B934C00262B53 /* display */ = {
			isa = PBXGroup;
			children = (
				FE1D8B4C24128FDC00A04FC4 /* basedis */,
				FE1D8B4524128AFF00A04FC4 /* line */,
				FE3D4EE02401C12400185FD3 /* particle */,
				FE67882F239B938200262B53 /* Display3D.h */,
				FE678830239B938200262B53 /* Display3D.m */,
				FE805726240698DD000F6D17 /* Display3DShader.h */,
				FE805727240698DD000F6D17 /* Display3DShader.m */,
				FE67883A239B973C00262B53 /* Display3DSprite.h */,
				FE67883B239B973C00262B53 /* Display3DSprite.m */,
			);
			path = display;
			sourceTree = "<group>";
		};
		FE678832239B944600262B53 /* base */ = {
			isa = PBXGroup;
			children = (
				FE2088DE239BE86A007FB797 /* ResGC.h */,
				FE2088DF239BE86A007FB797 /* ResGC.m */,
				FE678834239B946800262B53 /* ResCount.h */,
				FE678835239B946800262B53 /* ResCount.m */,
				FE2F1BA4240BAD5A005E287F /* Quaternion.h */,
				FE2F1BA5240BAD5A005E287F /* Quaternion.m */,
				FE2F1B9E2409EEE0005E287F /* Vector2D.h */,
				FE2F1B9F2409EEE0005E287F /* Vector2D.m */,
				FE259A2D239A0BB6007360E6 /* Vector3D.h */,
				FE259A2E239A0BB6007360E6 /* Vector3D.m */,
				FEF6063523B9CF5D00DE6C2F /* Object3D.h */,
				FEF6063623B9CF5D00DE6C2F /* Object3D.m */,
				FEF6063B23B9D20200DE6C2F /* Rectangle.h */,
				FEF6063C23B9D20200DE6C2F /* Rectangle.m */,
				FEF6063823B9D10100DE6C2F /* Camera3D.h */,
				FEF6063923B9D10100DE6C2F /* Camera3D.m */,
				FE4CA7D42398DAAA00BE6FB5 /* Matrix3D.h */,
				FE4CA7D52398DAAA00BE6FB5 /* Matrix3D.m */,
				FE678837239B948D00262B53 /* ObjData.h */,
				FE678838239B948D00262B53 /* ObjData.m */,
				FE36BBE523A53D7B00180D7C /* Types.h */,
				FE36BBE223A53D3A00180D7C /* MetalMatrixUtilities.h */,
				FE36BBE323A53D3A00180D7C /* MetalMatrixUtilities.m */,
				FED0DA5824017531009F6575 /* GroupItem.h */,
				FED0DA5924017531009F6575 /* GroupItem.m */,
				FE3D4EE12401C15300185FD3 /* EventDispatcher.h */,
				FE3D4EE22401C15300185FD3 /* EventDispatcher.m */,
			);
			path = base;
			sourceTree = "<group>";
		};
		FE67883D239B974C00262B53 /* scene */ = {
			isa = PBXGroup;
			children = (
				FE7AC45C23C84BBE006E5554 /* SceneDisplay3DShader.h */,
				FE7AC45D23C84BBE006E5554 /* SceneDisplay3DShader.m */,
				FECBFFBA23B679780009A467 /* SceneDisplay3DSprite.h */,
				FECBFFBB23B679780009A467 /* SceneDisplay3DSprite.m */,
				FE2A61BF239CB9DF0011BF9E /* Scene3D.h */,
				FE2A61C0239CB9DF0011BF9E /* Scene3D.m */,
				FE2F1BAA240BF2D0005E287F /* Scene_data.h */,
				FE2F1BAB240BF2D0005E287F /* Scene_data.m */,
			);
			path = scene;
			sourceTree = "<group>";
		};
		FEB5AE3C23F1B10700661496 /* mathother */ = {
			isa = PBXGroup;
			children = (
				FE2F1BA3240BA820005E287F /* Quaternion3D.h */,
				FE36A7B523FEB7D000F2DE86 /* Matrix3x3.h */,
				FEB5AE3F23F1B17900661496 /* Matrix4x4.h */,
			);
			path = mathother;
			sourceTree = "<group>";
		};
		FED0DA5B24017CC9009F6575 /* AppBase */ = {
			isa = PBXGroup;
			children = (
				FED0DA5C24017D02009F6575 /* AppWorldHeader.h */,
			);
			path = AppBase;
			sourceTree = "<group>";
		};
/* End PBXGroup section */

/* Begin PBXNativeTarget section */
		FE0FC2342395104700D2483A /* iosgl */ = {
			isa = PBXNativeTarget;
			buildConfigurationList = FE0FC2512395104800D2483A /* Build configuration list for PBXNativeTarget "iosgl" */;
			buildPhases = (
				8D1D2F124FC32704513C175D /* [CP] Check Pods Manifest.lock */,
				FE0FC2312395104700D2483A /* Sources */,
				FE0FC2322395104700D2483A /* Frameworks */,
				FE0FC2332395104700D2483A /* Resources */,
				0EEBB274E1C4CE830A5398C5 /* [CP] Copy Pods Resources */,
			);
			buildRules = (
			);
			dependencies = (
			);
			name = iosgl;
			productName = iosgl;
			productReference = FE0FC2352395104700D2483A /* iosgl.app */;
			productType = "com.apple.product-type.application";
		};
/* End PBXNativeTarget section */

/* Begin PBXProject section */
		FE0FC22D2395104700D2483A /* Project object */ = {
			isa = PBXProject;
			attributes = {
				LastUpgradeCheck = 1110;
				ORGANIZATIONNAME = zhao;
				TargetAttributes = {
					FE0FC2342395104700D2483A = {
						CreatedOnToolsVersion = 11.1;
					};
				};
			};
			buildConfigurationList = FE0FC2302395104700D2483A /* Build configuration list for PBXProject "iosgl" */;
			compatibilityVersion = "Xcode 9.3";
			developmentRegion = en;
			hasScannedForEncodings = 0;
			knownRegions = (
				en,
				Base,
			);
			mainGroup = FE0FC22C2395104700D2483A;
			productRefGroup = FE0FC2362395104700D2483A /* Products */;
			projectDirPath = "";
			projectRoot = "";
			targets = (
				FE0FC2342395104700D2483A /* iosgl */,
			);
		};
/* End PBXProject section */

/* Begin PBXResourcesBuildPhase section */
		FE0FC2332395104700D2483A /* Resources */ = {
			isa = PBXResourcesBuildPhase;
			buildActionMask = 2147483647;
			files = (
				FE49FE6423C70E3A001FAE9B /* shadertwo.fsh in Resources */,
				FE0FC28123955AA200D2483A /* OnePageView.xib in Resources */,
				FE49FE6723C70E3A001FAE9B /* ball.xml in Resources */,
				FE49FE6823C70E3A001FAE9B /* box.txt in Resources */,
				FE0FC29F2395768D00D2483A /* FivePageView.xib in Resources */,
				FE49FE6023C70E3A001FAE9B /* 1001_base.txt in Resources */,
				FED0DA4724002A94009F6575 /* TokenSceneView.xib in Resources */,
				FE49FE6223C70E3A001FAE9B /* 256.jpg in Resources */,
				FE49FE6A23C70E3A001FAE9B /* 5555_base.txt in Resources */,
				FE3D4EDB2401B52600185FD3 /* levelup_base.txt in Resources */,
				FE0FC28623955D0200D2483A /* TwoPageView.xib in Resources */,
				FE49FE6323C70E3A001FAE9B /* brdf_ltu.jpg in Resources */,
				FE0FC24B2395104800D2483A /* LaunchScreen.storyboard in Resources */,
				FED0DA5724016C44009F6575 /* baoxiang001_base.txt in Resources */,
				FE49FE6923C70E3A001FAE9B /* shadertwo.vsh in Resources */,
				FE49FE6123C70E3A001FAE9B /* shadow.png in Resources */,
				FE3D4EDC2401B52600185FD3 /* levelup_lyf.txt in Resources */,
				FE0FC2482395104800D2483A /* Assets.xcassets in Resources */,
				FE0FC28B2395654D00D2483A /* ThirdPageView.xib in Resources */,
				FE0FC2432395104700D2483A /* Main.storyboard in Resources */,
				FE49FE6B23C70E3A001FAE9B /* tu001.jpg in Resources */,
				FE0FC293239568BE00D2483A /* FourPageView.xib in Resources */,
				FED0DA5624016C44009F6575 /* baoxiang001.txt in Resources */,
			);
			runOnlyForDeploymentPostprocessing = 0;
		};
/* End PBXResourcesBuildPhase section */

/* Begin PBXShellScriptBuildPhase section */
		0EEBB274E1C4CE830A5398C5 /* [CP] Copy Pods Resources */ = {
			isa = PBXShellScriptBuildPhase;
			buildActionMask = 2147483647;
			files = (
			);
			inputFileListPaths = (
				"${PODS_ROOT}/Target Support Files/Pods-iosgl/Pods-iosgl-resources-${CONFIGURATION}-input-files.xcfilelist",
			);
			name = "[CP] Copy Pods Resources";
			outputFileListPaths = (
				"${PODS_ROOT}/Target Support Files/Pods-iosgl/Pods-iosgl-resources-${CONFIGURATION}-output-files.xcfilelist",
			);
			runOnlyForDeploymentPostprocessing = 0;
			shellPath = /bin/sh;
			shellScript = "\"${PODS_ROOT}/Target Support Files/Pods-iosgl/Pods-iosgl-resources.sh\"\n";
			showEnvVarsInLog = 0;
		};
		8D1D2F124FC32704513C175D /* [CP] Check Pods Manifest.lock */ = {
			isa = PBXShellScriptBuildPhase;
			buildActionMask = 2147483647;
			files = (
			);
			inputFileListPaths = (
			);
			inputPaths = (
				"${PODS_PODFILE_DIR_PATH}/Podfile.lock",
				"${PODS_ROOT}/Manifest.lock",
			);
			name = "[CP] Check Pods Manifest.lock";
			outputFileListPaths = (
			);
			outputPaths = (
				"$(DERIVED_FILE_DIR)/Pods-iosgl-checkManifestLockResult.txt",
			);
			runOnlyForDeploymentPostprocessing = 0;
			shellPath = /bin/sh;
			shellScript = "diff \"${PODS_PODFILE_DIR_PATH}/Podfile.lock\" \"${PODS_ROOT}/Manifest.lock\" > /dev/null\nif [ $? != 0 ] ; then\n    # print error to STDERR\n    echo \"error: The sandbox is not in sync with the Podfile.lock. Run 'pod install' or update your CocoaPods installation.\" >&2\n    exit 1\nfi\n# This output is used by Xcode 'outputs' to avoid re-running this script phase.\necho \"SUCCESS\" > \"${SCRIPT_OUTPUT_FILE_0}\"\n";
			showEnvVarsInLog = 0;
		};
/* End PBXShellScriptBuildPhase section */

/* Begin PBXSourcesBuildPhase section */
		FE0FC2312395104700D2483A /* Sources */ = {
			isa = PBXSourcesBuildPhase;
			buildActionMask = 2147483647;
			files = (
				FE515FB623A2802300C49DA5 /* BaseRes.m in Sources */,
				FE0FC24E2395104800D2483A /* main.m in Sources */,
				FE2F2FD12418BE7A0005F686 /* LoaderThread.m in Sources */,
				FE2F1BA02409EEE0005E287F /* Vector2D.m in Sources */,
				FE2BB2D62397F38A00597658 /* GlkView.m in Sources */,
				FE887D532416733900025A74 /* ParamDataVo.m in Sources */,
				FEA2A5F524152C4400EA941D /* GridLineShader.m in Sources */,
				FE2088F0239C176A007FB797 /* TextureRes.m in Sources */,
				FE0FC2462395104700D2483A /* iosgl.xcdatamodeld in Sources */,
				FE887D5F2416768700025A74 /* DynamicConstItem.m in Sources */,
				FE189ADB24026B7E008E2FF6 /* KeyFrame.m in Sources */,
				FE80570E2405BE15000F6D17 /* ParticleGpuData.m in Sources */,
				FE1D8B522412903600A04FC4 /* DisplayBaseTriShader.m in Sources */,
				FE0FC2712395294900D2483A /* BaseNavigationViewController.m in Sources */,
				FE0FC2772395531700D2483A /* MathCore.m in Sources */,
				FE0FC2402395104700D2483A /* ViewController.m in Sources */,
				FE0FC23A2395104700D2483A /* AppDelegate.m in Sources */,
				FE2F2FCB2417FAF80005F686 /* DynamicController.m in Sources */,
				FE2A61C4239D04FD0011BF9E /* Context3D.m in Sources */,
				FE515FAE23A2177A00C49DA5 /* ByteArray.m in Sources */,
				FE887D6B241676BF00025A74 /* MaterialParam.m in Sources */,
				FE7AC45E23C84BBE006E5554 /* SceneDisplay3DShader.m in Sources */,
				FE3D4EE62401C16C00185FD3 /* CombineParticle.m in Sources */,
				FECBFFBC23B679780009A467 /* SceneDisplay3DSprite.m in Sources */,
				FE805728240698DD000F6D17 /* Display3DShader.m in Sources */,
				FE0FC23D2395104700D2483A /* SceneDelegate.m in Sources */,
				FE887D622416769500025A74 /* DynamicTexItem.m in Sources */,
				FE259A2F239A0BB6007360E6 /* Vector3D.m in Sources */,
				FE0FC28A2395654D00D2483A /* ThirdPageView.m in Sources */,
				FE8057142405CD16000F6D17 /* Display3DBallPartilceShader.m in Sources */,
				FE2088DD239BDF60007FB797 /* Shader3D.m in Sources */,
				FE2F1BAC240BF2D0005E287F /* Scene_data.m in Sources */,
				FE3D4EE32401C15300185FD3 /* EventDispatcher.m in Sources */,
				FE1D8B4824128B1400A04FC4 /* LineDisplaySprite.m in Sources */,
				FE3D4EE92401C18B00185FD3 /* CombineParticleData.m in Sources */,
				FE887D772416963300025A74 /* LoadInfo.m in Sources */,
				FE2088E0239BE86A007FB797 /* ResGC.m in Sources */,
				FED0DA5A24017531009F6575 /* GroupItem.m in Sources */,
				FE678836239B946800262B53 /* ResCount.m in Sources */,
				FE4CA7D62398DAAA00BE6FB5 /* Matrix3D.m in Sources */,
				FE887D68241676B000025A74 /* MaterialBaseParam.m in Sources */,
				FE887D71241681B300025A74 /* MaterialLoad.m in Sources */,
				FE0FC292239568BE00D2483A /* FourPageView.m in Sources */,
				FE678843239B980200262B53 /* SceneView.m in Sources */,
				FE0FC28E2395669100D2483A /* BaseUIViewController.m in Sources */,
				FE3D4EEF2401C25D00185FD3 /* ParticleData.m in Sources */,
				FE2A61C1239CB9DF0011BF9E /* Scene3D.m in Sources */,
				FEF6063723B9CF5D00DE6C2F /* Object3D.m in Sources */,
				FE3D4EF72401C9CC00185FD3 /* ParticleBallData.m in Sources */,
				FE887D592416766700025A74 /* DynamicBaseConstItem.m in Sources */,
				FE3D4EDF2401BF5A00185FD3 /* ParticleManager.m in Sources */,
				FE1D8B4F2412902200A04FC4 /* DisplayBaseTriSprite.m in Sources */,
				FE2088E3239BE899007FB797 /* ProgrmaManager.m in Sources */,
				FE887D6E241676CC00025A74 /* TexItem.m in Sources */,
				FE74C8882396C85D0069A551 /* Base3dView.m in Sources */,
				FE2F1BA6240BAD5A005E287F /* Quaternion.m in Sources */,
				FE2088EC239BFC70007FB797 /* DisplayBaseShader3D.m in Sources */,
				FED0DA4624002A94009F6575 /* TokenSceneView.m in Sources */,
				FE3D4EF32401C79000185FD3 /* ParticleFacetData.m in Sources */,
				FED0DA4A240162F8009F6575 /* GroupDataManager.m in Sources */,
				FE515FB923A2803C00C49DA5 /* SceneRes.m in Sources */,
				FE2F3016241C28490005F686 /* Curve.m in Sources */,
				FE0FC28023955AA200D2483A /* OnePageView.m in Sources */,
				FE0FC29E2395768D00D2483A /* FivePageView.m in Sources */,
				FE887D502416731200025A74 /* CurveVo.m in Sources */,
				FED0DA4D24016395009F6575 /* GroupRes.m in Sources */,
				FE189B2224049454008E2FF6 /* Display3DBallPartilce.m in Sources */,
				FE1376A1239E90AE00755136 /* ObjDataManager.m in Sources */,
				FE1D8B552412A64E00A04FC4 /* GridLineSprite.m in Sources */,
				FE678839239B948D00262B53 /* ObjData.m in Sources */,
				FE887D562416765600025A74 /* ConstItem.m in Sources */,
				FE0FC28523955D0200D2483A /* TwoPageView.m in Sources */,
				FE678831239B938200262B53 /* Display3D.m in Sources */,
				FE8057112405BE4F000F6D17 /* ParticleBallGpuData.m in Sources */,
				FE0FC26323951ABE00D2483A /* CtxUIView.m in Sources */,
				FE887D5C2416767500025A74 /* DynamicBaseTexItem.m in Sources */,
				FE2088F4239C183B007FB797 /* MaterialManager.m in Sources */,
				FE3D4EEC2401C24200185FD3 /* Display3DParticle.m in Sources */,
				FE0FC27423952A3A00D2483A /* MyNavigationBar.m in Sources */,
				FE189B2524049C2E008E2FF6 /* TimeLine.m in Sources */,
				FE887D65241676A200025A74 /* Material.m in Sources */,
				FEF6063A23B9D10100DE6C2F /* Camera3D.m in Sources */,
				FE2C6A7E241D77F100291B5D /* TextureLoad.m in Sources */,
				FEF6063D23B9D20200DE6C2F /* Rectangle.m in Sources */,
				FE1D8B4324118B3900A04FC4 /* TimeUtil.m in Sources */,
				FE36BBE423A53D3A00180D7C /* MetalMatrixUtilities.m in Sources */,
				FE67883C239B973C00262B53 /* Display3DSprite.m in Sources */,
				FE887D7424168FDE00025A74 /* LoadManager.m in Sources */,
				FE2F3019241C2CBD0005F686 /* TextureManager.m in Sources */,
				FE189AD824026AF1008E2FF6 /* TimeLineData.m in Sources */,
				FE0FC27B2395533500D2483A /* MathClass.m in Sources */,
				FE2BB2DC23980EE600597658 /* GLSpriteView.m in Sources */,
				FE1D8B4B24128B3C00A04FC4 /* LineDisplayShader.m in Sources */,
			);
			runOnlyForDeploymentPostprocessing = 0;
		};
/* End PBXSourcesBuildPhase section */

/* Begin PBXVariantGroup section */
		FE0FC2412395104700D2483A /* Main.storyboard */ = {
			isa = PBXVariantGroup;
			children = (
				FE0FC2422395104700D2483A /* Base */,
			);
			name = Main.storyboard;
			sourceTree = "<group>";
		};
		FE0FC2492395104800D2483A /* LaunchScreen.storyboard */ = {
			isa = PBXVariantGroup;
			children = (
				FE0FC24A2395104800D2483A /* Base */,
			);
			name = LaunchScreen.storyboard;
			sourceTree = "<group>";
		};
/* End PBXVariantGroup section */

/* Begin XCBuildConfiguration section */
		FE0FC24F2395104800D2483A /* Debug */ = {
			isa = XCBuildConfiguration;
			buildSettings = {
				ALWAYS_SEARCH_USER_PATHS = NO;
				CLANG_ANALYZER_NONNULL = YES;
				CLANG_ANALYZER_NUMBER_OBJECT_CONVERSION = YES_AGGRESSIVE;
				CLANG_CXX_LANGUAGE_STANDARD = "gnu++14";
				CLANG_CXX_LIBRARY = "libc++";
				CLANG_ENABLE_MODULES = YES;
				CLANG_ENABLE_OBJC_ARC = YES;
				CLANG_ENABLE_OBJC_WEAK = YES;
				CLANG_WARN_BLOCK_CAPTURE_AUTORELEASING = YES;
				CLANG_WARN_BOOL_CONVERSION = YES;
				CLANG_WARN_COMMA = YES;
				CLANG_WARN_CONSTANT_CONVERSION = YES;
				CLANG_WARN_DEPRECATED_OBJC_IMPLEMENTATIONS = YES;
				CLANG_WARN_DIRECT_OBJC_ISA_USAGE = YES_ERROR;
				CLANG_WARN_DOCUMENTATION_COMMENTS = YES;
				CLANG_WARN_EMPTY_BODY = YES;
				CLANG_WARN_ENUM_CONVERSION = YES;
				CLANG_WARN_INFINITE_RECURSION = YES;
				CLANG_WARN_INT_CONVERSION = YES;
				CLANG_WARN_NON_LITERAL_NULL_CONVERSION = YES;
				CLANG_WARN_OBJC_IMPLICIT_RETAIN_SELF = YES;
				CLANG_WARN_OBJC_LITERAL_CONVERSION = YES;
				CLANG_WARN_OBJC_ROOT_CLASS = YES_ERROR;
				CLANG_WARN_RANGE_LOOP_ANALYSIS = YES;
				CLANG_WARN_STRICT_PROTOTYPES = YES;
				CLANG_WARN_SUSPICIOUS_MOVE = YES;
				CLANG_WARN_UNGUARDED_AVAILABILITY = YES_AGGRESSIVE;
				CLANG_WARN_UNREACHABLE_CODE = YES;
				CLANG_WARN__DUPLICATE_METHOD_MATCH = YES;
				COPY_PHASE_STRIP = NO;
				DEBUG_INFORMATION_FORMAT = dwarf;
				ENABLE_STRICT_OBJC_MSGSEND = YES;
				ENABLE_TESTABILITY = YES;
				GCC_C_LANGUAGE_STANDARD = gnu11;
				GCC_DYNAMIC_NO_PIC = NO;
				GCC_NO_COMMON_BLOCKS = YES;
				GCC_OPTIMIZATION_LEVEL = 0;
				GCC_PREPROCESSOR_DEFINITIONS = (
					"DEBUG=1",
					"$(inherited)",
				);
				GCC_WARN_64_TO_32_BIT_CONVERSION = YES;
				GCC_WARN_ABOUT_RETURN_TYPE = YES_ERROR;
				GCC_WARN_UNDECLARED_SELECTOR = YES;
				GCC_WARN_UNINITIALIZED_AUTOS = YES_AGGRESSIVE;
				GCC_WARN_UNUSED_FUNCTION = YES;
				GCC_WARN_UNUSED_VARIABLE = YES;
				IPHONEOS_DEPLOYMENT_TARGET = 11.0;
				MTL_ENABLE_DEBUG_INFO = INCLUDE_SOURCE;
				MTL_FAST_MATH = YES;
				ONLY_ACTIVE_ARCH = YES;
				SDKROOT = iphoneos;
			};
			name = Debug;
		};
		FE0FC2502395104800D2483A /* Release */ = {
			isa = XCBuildConfiguration;
			buildSettings = {
				ALWAYS_SEARCH_USER_PATHS = NO;
				CLANG_ANALYZER_NONNULL = YES;
				CLANG_ANALYZER_NUMBER_OBJECT_CONVERSION = YES_AGGRESSIVE;
				CLANG_CXX_LANGUAGE_STANDARD = "gnu++14";
				CLANG_CXX_LIBRARY = "libc++";
				CLANG_ENABLE_MODULES = YES;
				CLANG_ENABLE_OBJC_ARC = YES;
				CLANG_ENABLE_OBJC_WEAK = YES;
				CLANG_WARN_BLOCK_CAPTURE_AUTORELEASING = YES;
				CLANG_WARN_BOOL_CONVERSION = YES;
				CLANG_WARN_COMMA = YES;
				CLANG_WARN_CONSTANT_CONVERSION = YES;
				CLANG_WARN_DEPRECATED_OBJC_IMPLEMENTATIONS = YES;
				CLANG_WARN_DIRECT_OBJC_ISA_USAGE = YES_ERROR;
				CLANG_WARN_DOCUMENTATION_COMMENTS = YES;
				CLANG_WARN_EMPTY_BODY = YES;
				CLANG_WARN_ENUM_CONVERSION = YES;
				CLANG_WARN_INFINITE_RECURSION = YES;
				CLANG_WARN_INT_CONVERSION = YES;
				CLANG_WARN_NON_LITERAL_NULL_CONVERSION = YES;
				CLANG_WARN_OBJC_IMPLICIT_RETAIN_SELF = YES;
				CLANG_WARN_OBJC_LITERAL_CONVERSION = YES;
				CLANG_WARN_OBJC_ROOT_CLASS = YES_ERROR;
				CLANG_WARN_RANGE_LOOP_ANALYSIS = YES;
				CLANG_WARN_STRICT_PROTOTYPES = YES;
				CLANG_WARN_SUSPICIOUS_MOVE = YES;
				CLANG_WARN_UNGUARDED_AVAILABILITY = YES_AGGRESSIVE;
				CLANG_WARN_UNREACHABLE_CODE = YES;
				CLANG_WARN__DUPLICATE_METHOD_MATCH = YES;
				COPY_PHASE_STRIP = NO;
				DEBUG_INFORMATION_FORMAT = "dwarf-with-dsym";
				ENABLE_NS_ASSERTIONS = NO;
				ENABLE_STRICT_OBJC_MSGSEND = YES;
				GCC_C_LANGUAGE_STANDARD = gnu11;
				GCC_NO_COMMON_BLOCKS = YES;
				GCC_WARN_64_TO_32_BIT_CONVERSION = YES;
				GCC_WARN_ABOUT_RETURN_TYPE = YES_ERROR;
				GCC_WARN_UNDECLARED_SELECTOR = YES;
				GCC_WARN_UNINITIALIZED_AUTOS = YES_AGGRESSIVE;
				GCC_WARN_UNUSED_FUNCTION = YES;
				GCC_WARN_UNUSED_VARIABLE = YES;
				IPHONEOS_DEPLOYMENT_TARGET = 11.0;
				MTL_ENABLE_DEBUG_INFO = NO;
				MTL_FAST_MATH = YES;
				SDKROOT = iphoneos;
				VALIDATE_PRODUCT = YES;
			};
			name = Release;
		};
		FE0FC2522395104800D2483A /* Debug */ = {
			isa = XCBuildConfiguration;
			baseConfigurationReference = 341EE0E46673E129BA2F1F73 /* Pods-iosgl.debug.xcconfig */;
			buildSettings = {
				ASSETCATALOG_COMPILER_APPICON_NAME = AppIcon;
				CODE_SIGN_STYLE = Automatic;
				DEVELOPMENT_TEAM = XR8B28QY58;
				INFOPLIST_FILE = iosgl/Info.plist;
				LD_RUNPATH_SEARCH_PATHS = (
					"$(inherited)",
					"@executable_path/Frameworks",
				);
				PRODUCT_BUNDLE_IDENTIFIER = "-88.iosgl";
				PRODUCT_NAME = "$(TARGET_NAME)";
				TARGETED_DEVICE_FAMILY = "1,2";
			};
			name = Debug;
		};
		FE0FC2532395104800D2483A /* Release */ = {
			isa = XCBuildConfiguration;
			baseConfigurationReference = 6445661AF90F6974C52DB7AF /* Pods-iosgl.release.xcconfig */;
			buildSettings = {
				ASSETCATALOG_COMPILER_APPICON_NAME = AppIcon;
				CODE_SIGN_STYLE = Automatic;
				DEVELOPMENT_TEAM = XR8B28QY58;
				INFOPLIST_FILE = iosgl/Info.plist;
				LD_RUNPATH_SEARCH_PATHS = (
					"$(inherited)",
					"@executable_path/Frameworks",
				);
				PRODUCT_BUNDLE_IDENTIFIER = "-88.iosgl";
				PRODUCT_NAME = "$(TARGET_NAME)";
				TARGETED_DEVICE_FAMILY = "1,2";
			};
			name = Release;
		};
/* End XCBuildConfiguration section */

/* Begin XCConfigurationList section */
		FE0FC2302395104700D2483A /* Build configuration list for PBXProject "iosgl" */ = {
			isa = XCConfigurationList;
			buildConfigurations = (
				FE0FC24F2395104800D2483A /* Debug */,
				FE0FC2502395104800D2483A /* Release */,
			);
			defaultConfigurationIsVisible = 0;
			defaultConfigurationName = Release;
		};
		FE0FC2512395104800D2483A /* Build configuration list for PBXNativeTarget "iosgl" */ = {
			isa = XCConfigurationList;
			buildConfigurations = (
				FE0FC2522395104800D2483A /* Debug */,
				FE0FC2532395104800D2483A /* Release */,
			);
			defaultConfigurationIsVisible = 0;
			defaultConfigurationName = Release;
		};
/* End XCConfigurationList section */

/* Begin XCVersionGroup section */
		FE0FC2442395104700D2483A /* iosgl.xcdatamodeld */ = {
			isa = XCVersionGroup;
			children = (
				FE0FC2452395104700D2483A /* iosgl.xcdatamodel */,
			);
			currentVersion = FE0FC2452395104700D2483A /* iosgl.xcdatamodel */;
			path = iosgl.xcdatamodeld;
			sourceTree = "<group>";
			versionGroupType = wrapper.xcdatamodel;
		};
/* End XCVersionGroup section */
	};
	rootObject = FE0FC22D2395104700D2483A /* Project object */;
}
