// !$*UTF8*$!
{
	archiveVersion = 1;
	classes = {
	};
	objectVersion = 50;
	objects = {

/* Begin PBXBuildFile section */
		FE0FC23A2395104700D2483A /* AppDelegate.m in Sources */ = {isa = PBXBuildFile; fileRef = FE0FC2392395104700D2483A /* AppDelegate.m */; };
		FE0FC23D2395104700D2483A /* SceneDelegate.m in Sources */ = {isa = PBXBuildFile; fileRef = FE0FC23C2395104700D2483A /* SceneDelegate.m */; };
		FE0FC2402395104700D2483A /* ViewController.m in Sources */ = {isa = PBXBuildFile; fileRef = FE0FC23F2395104700D2483A /* ViewController.m */; };
		FE0FC2432395104700D2483A /* Main.storyboard in Resources */ = {isa = PBXBuildFile; fileRef = FE0FC2412395104700D2483A /* Main.storyboard */; };
		FE0FC2462395104700D2483A /* iosgl.xcdatamodeld in Sources */ = {isa = PBXBuildFile; fileRef = FE0FC2442395104700D2483A /* iosgl.xcdatamodeld */; };
		FE0FC2482395104800D2483A /* Assets.xcassets in Resources */ = {isa = PBXBuildFile; fileRef = FE0FC2472395104800D2483A /* Assets.xcassets */; };
		FE0FC24B2395104800D2483A /* LaunchScreen.storyboard in Resources */ = {isa = PBXBuildFile; fileRef = FE0FC2492395104800D2483A /* LaunchScreen.storyboard */; };
		FE0FC24E2395104800D2483A /* main.m in Sources */ = {isa = PBXBuildFile; fileRef = FE0FC24D2395104800D2483A /* main.m */; };
		FE0FC26323951ABE00D2483A /* CtxUIView.m in Sources */ = {isa = PBXBuildFile; fileRef = FE0FC26223951ABE00D2483A /* CtxUIView.m */; };
		FE0FC2712395294900D2483A /* BaseNavigationViewController.m in Sources */ = {isa = PBXBuildFile; fileRef = FE0FC2702395294900D2483A /* BaseNavigationViewController.m */; };
		FE0FC27423952A3A00D2483A /* MyNavigationBar.m in Sources */ = {isa = PBXBuildFile; fileRef = FE0FC27323952A3A00D2483A /* MyNavigationBar.m */; };
		FE0FC2772395531700D2483A /* MathCore.m in Sources */ = {isa = PBXBuildFile; fileRef = FE0FC2762395531700D2483A /* MathCore.m */; };
		FE0FC27B2395533500D2483A /* MathClass.m in Sources */ = {isa = PBXBuildFile; fileRef = FE0FC27A2395533500D2483A /* MathClass.m */; };
		FE0FC28023955AA200D2483A /* OnePageView.m in Sources */ = {isa = PBXBuildFile; fileRef = FE0FC27E23955AA200D2483A /* OnePageView.m */; };
		FE0FC28123955AA200D2483A /* OnePageView.xib in Resources */ = {isa = PBXBuildFile; fileRef = FE0FC27F23955AA200D2483A /* OnePageView.xib */; };
		FE0FC28523955D0200D2483A /* TwoPageView.m in Sources */ = {isa = PBXBuildFile; fileRef = FE0FC28323955D0200D2483A /* TwoPageView.m */; };
		FE0FC28623955D0200D2483A /* TwoPageView.xib in Resources */ = {isa = PBXBuildFile; fileRef = FE0FC28423955D0200D2483A /* TwoPageView.xib */; };
		FE0FC28A2395654D00D2483A /* ThirdPageView.m in Sources */ = {isa = PBXBuildFile; fileRef = FE0FC2882395654C00D2483A /* ThirdPageView.m */; };
		FE0FC28B2395654D00D2483A /* ThirdPageView.xib in Resources */ = {isa = PBXBuildFile; fileRef = FE0FC2892395654D00D2483A /* ThirdPageView.xib */; };
		FE0FC28E2395669100D2483A /* BaseUIViewController.m in Sources */ = {isa = PBXBuildFile; fileRef = FE0FC28D2395669100D2483A /* BaseUIViewController.m */; };
		FE0FC292239568BE00D2483A /* FourPageView.m in Sources */ = {isa = PBXBuildFile; fileRef = FE0FC290239568BE00D2483A /* FourPageView.m */; };
		FE0FC293239568BE00D2483A /* FourPageView.xib in Resources */ = {isa = PBXBuildFile; fileRef = FE0FC291239568BE00D2483A /* FourPageView.xib */; };
		FE0FC298239571A100D2483A /* tabone@3x.png in Resources */ = {isa = PBXBuildFile; fileRef = FE0FC296239571A100D2483A /* tabone@3x.png */; };
		FE0FC299239571A100D2483A /* tabone@2x.png in Resources */ = {isa = PBXBuildFile; fileRef = FE0FC297239571A100D2483A /* tabone@2x.png */; };
		FE0FC29E2395768D00D2483A /* FivePageView.m in Sources */ = {isa = PBXBuildFile; fileRef = FE0FC29C2395768D00D2483A /* FivePageView.m */; };
		FE0FC29F2395768D00D2483A /* FivePageView.xib in Resources */ = {isa = PBXBuildFile; fileRef = FE0FC29D2395768D00D2483A /* FivePageView.xib */; };
		FE0FC2A123957C7500D2483A /* xinshoupic.png in Resources */ = {isa = PBXBuildFile; fileRef = FE0FC2A023957C7500D2483A /* xinshoupic.png */; };
		FE2088DD239BDF60007FB797 /* Shader3D.m in Sources */ = {isa = PBXBuildFile; fileRef = FE2088DC239BDF60007FB797 /* Shader3D.m */; };
		FE2088E0239BE86A007FB797 /* ResGC.m in Sources */ = {isa = PBXBuildFile; fileRef = FE2088DF239BE86A007FB797 /* ResGC.m */; };
		FE2088E3239BE899007FB797 /* ProgrmaManager.m in Sources */ = {isa = PBXBuildFile; fileRef = FE2088E2239BE899007FB797 /* ProgrmaManager.m */; };
		FE2088EC239BFC70007FB797 /* DisplayBaseShader3D.m in Sources */ = {isa = PBXBuildFile; fileRef = FE2088EB239BFC70007FB797 /* DisplayBaseShader3D.m */; };
		FE2088F0239C176A007FB797 /* TextureRes.m in Sources */ = {isa = PBXBuildFile; fileRef = FE2088EF239C176A007FB797 /* TextureRes.m */; };
		FE2088F4239C183B007FB797 /* MaterialManager.m in Sources */ = {isa = PBXBuildFile; fileRef = FE2088F3239C183B007FB797 /* MaterialManager.m */; };
		FE259A2F239A0BB6007360E6 /* Vector3D.m in Sources */ = {isa = PBXBuildFile; fileRef = FE259A2E239A0BB6007360E6 /* Vector3D.m */; };
		FE2A61C1239CB9DF0011BF9E /* Scene3D.m in Sources */ = {isa = PBXBuildFile; fileRef = FE2A61C0239CB9DF0011BF9E /* Scene3D.m */; };
		FE2A61C4239D04FD0011BF9E /* Context3D.m in Sources */ = {isa = PBXBuildFile; fileRef = FE2A61C3239D04FD0011BF9E /* Context3D.m */; };
		FE2BB2D62397F38A00597658 /* GlkView.m in Sources */ = {isa = PBXBuildFile; fileRef = FE2BB2D52397F38A00597658 /* GlkView.m */; };
		FE2BB2DC23980EE600597658 /* GLSpriteView.m in Sources */ = {isa = PBXBuildFile; fileRef = FE2BB2DB23980EE600597658 /* GLSpriteView.m */; };
		FE2BB2DE23981CD600597658 /* shaderone.fsh in Resources */ = {isa = PBXBuildFile; fileRef = FE2BB2DD23981CD600597658 /* shaderone.fsh */; };
		FE2BB2E023981D3300597658 /* shaderone.vsh in Resources */ = {isa = PBXBuildFile; fileRef = FE2BB2DF23981D3300597658 /* shaderone.vsh */; };
		FE4CA7D62398DAAA00BE6FB5 /* Matrix3D.m in Sources */ = {isa = PBXBuildFile; fileRef = FE4CA7D52398DAAA00BE6FB5 /* Matrix3D.m */; };
		FE678831239B938200262B53 /* Display3D.m in Sources */ = {isa = PBXBuildFile; fileRef = FE678830239B938200262B53 /* Display3D.m */; };
		FE678836239B946800262B53 /* ResCount.m in Sources */ = {isa = PBXBuildFile; fileRef = FE678835239B946800262B53 /* ResCount.m */; };
		FE678839239B948D00262B53 /* ObjData.m in Sources */ = {isa = PBXBuildFile; fileRef = FE678838239B948D00262B53 /* ObjData.m */; };
		FE67883C239B973C00262B53 /* Display3DSprite.m in Sources */ = {isa = PBXBuildFile; fileRef = FE67883B239B973C00262B53 /* Display3DSprite.m */; };
		FE678843239B980200262B53 /* SceneView.m in Sources */ = {isa = PBXBuildFile; fileRef = FE678842239B980200262B53 /* SceneView.m */; };
		FE74C8882396C85D0069A551 /* Base3dView.m in Sources */ = {isa = PBXBuildFile; fileRef = FE74C8872396C85D0069A551 /* Base3dView.m */; };
		FEDE16E6239ACD6A002361C1 /* brdf_ltu.jpg in Resources */ = {isa = PBXBuildFile; fileRef = FEDE16E5239ACD6A002361C1 /* brdf_ltu.jpg */; };
		FEDE16E9239ADA4E002361C1 /* shadertwo.vsh in Resources */ = {isa = PBXBuildFile; fileRef = FEDE16E7239ADA4E002361C1 /* shadertwo.vsh */; };
		FEDE16EA239ADA4E002361C1 /* shadertwo.fsh in Resources */ = {isa = PBXBuildFile; fileRef = FEDE16E8239ADA4E002361C1 /* shadertwo.fsh */; };
/* End PBXBuildFile section */

/* Begin PBXFileReference section */
		FE0FC2352395104700D2483A /* iosgl.app */ = {isa = PBXFileReference; explicitFileType = wrapper.application; includeInIndex = 0; path = iosgl.app; sourceTree = BUILT_PRODUCTS_DIR; };
		FE0FC2382395104700D2483A /* AppDelegate.h */ = {isa = PBXFileReference; lastKnownFileType = sourcecode.c.h; path = AppDelegate.h; sourceTree = "<group>"; };
		FE0FC2392395104700D2483A /* AppDelegate.m */ = {isa = PBXFileReference; lastKnownFileType = sourcecode.c.objc; path = AppDelegate.m; sourceTree = "<group>"; };
		FE0FC23B2395104700D2483A /* SceneDelegate.h */ = {isa = PBXFileReference; lastKnownFileType = sourcecode.c.h; path = SceneDelegate.h; sourceTree = "<group>"; };
		FE0FC23C2395104700D2483A /* SceneDelegate.m */ = {isa = PBXFileReference; lastKnownFileType = sourcecode.c.objc; path = SceneDelegate.m; sourceTree = "<group>"; };
		FE0FC23E2395104700D2483A /* ViewController.h */ = {isa = PBXFileReference; lastKnownFileType = sourcecode.c.h; path = ViewController.h; sourceTree = "<group>"; };
		FE0FC23F2395104700D2483A /* ViewController.m */ = {isa = PBXFileReference; lastKnownFileType = sourcecode.c.objc; path = ViewController.m; sourceTree = "<group>"; };
		FE0FC2422395104700D2483A /* Base */ = {isa = PBXFileReference; lastKnownFileType = file.storyboard; name = Base; path = Base.lproj/Main.storyboard; sourceTree = "<group>"; };
		FE0FC2452395104700D2483A /* iosgl.xcdatamodel */ = {isa = PBXFileReference; lastKnownFileType = wrapper.xcdatamodel; path = iosgl.xcdatamodel; sourceTree = "<group>"; };
		FE0FC2472395104800D2483A /* Assets.xcassets */ = {isa = PBXFileReference; lastKnownFileType = folder.assetcatalog; path = Assets.xcassets; sourceTree = "<group>"; };
		FE0FC24A2395104800D2483A /* Base */ = {isa = PBXFileReference; lastKnownFileType = file.storyboard; name = Base; path = Base.lproj/LaunchScreen.storyboard; sourceTree = "<group>"; };
		FE0FC24C2395104800D2483A /* Info.plist */ = {isa = PBXFileReference; lastKnownFileType = text.plist.xml; path = Info.plist; sourceTree = "<group>"; };
		FE0FC24D2395104800D2483A /* main.m */ = {isa = PBXFileReference; lastKnownFileType = sourcecode.c.objc; path = main.m; sourceTree = "<group>"; };
		FE0FC26123951ABE00D2483A /* CtxUIView.h */ = {isa = PBXFileReference; lastKnownFileType = sourcecode.c.h; path = CtxUIView.h; sourceTree = "<group>"; };
		FE0FC26223951ABE00D2483A /* CtxUIView.m */ = {isa = PBXFileReference; lastKnownFileType = sourcecode.c.objc; path = CtxUIView.m; sourceTree = "<group>"; };
		FE0FC26F2395294900D2483A /* BaseNavigationViewController.h */ = {isa = PBXFileReference; lastKnownFileType = sourcecode.c.h; path = BaseNavigationViewController.h; sourceTree = "<group>"; };
		FE0FC2702395294900D2483A /* BaseNavigationViewController.m */ = {isa = PBXFileReference; lastKnownFileType = sourcecode.c.objc; path = BaseNavigationViewController.m; sourceTree = "<group>"; };
		FE0FC27223952A3A00D2483A /* MyNavigationBar.h */ = {isa = PBXFileReference; lastKnownFileType = sourcecode.c.h; path = MyNavigationBar.h; sourceTree = "<group>"; };
		FE0FC27323952A3A00D2483A /* MyNavigationBar.m */ = {isa = PBXFileReference; lastKnownFileType = sourcecode.c.objc; path = MyNavigationBar.m; sourceTree = "<group>"; };
		FE0FC2752395531700D2483A /* MathCore.h */ = {isa = PBXFileReference; lastKnownFileType = sourcecode.c.h; path = MathCore.h; sourceTree = "<group>"; };
		FE0FC2762395531700D2483A /* MathCore.m */ = {isa = PBXFileReference; lastKnownFileType = sourcecode.c.objc; path = MathCore.m; sourceTree = "<group>"; };
		FE0FC2792395533500D2483A /* MathClass.h */ = {isa = PBXFileReference; lastKnownFileType = sourcecode.c.h; path = MathClass.h; sourceTree = "<group>"; };
		FE0FC27A2395533500D2483A /* MathClass.m */ = {isa = PBXFileReference; lastKnownFileType = sourcecode.c.objc; path = MathClass.m; sourceTree = "<group>"; };
		FE0FC27D23955AA200D2483A /* OnePageView.h */ = {isa = PBXFileReference; lastKnownFileType = sourcecode.c.h; path = OnePageView.h; sourceTree = "<group>"; };
		FE0FC27E23955AA200D2483A /* OnePageView.m */ = {isa = PBXFileReference; lastKnownFileType = sourcecode.c.objc; path = OnePageView.m; sourceTree = "<group>"; };
		FE0FC27F23955AA200D2483A /* OnePageView.xib */ = {isa = PBXFileReference; lastKnownFileType = file.xib; path = OnePageView.xib; sourceTree = "<group>"; };
		FE0FC28223955D0200D2483A /* TwoPageView.h */ = {isa = PBXFileReference; lastKnownFileType = sourcecode.c.h; path = TwoPageView.h; sourceTree = "<group>"; };
		FE0FC28323955D0200D2483A /* TwoPageView.m */ = {isa = PBXFileReference; lastKnownFileType = sourcecode.c.objc; path = TwoPageView.m; sourceTree = "<group>"; };
		FE0FC28423955D0200D2483A /* TwoPageView.xib */ = {isa = PBXFileReference; lastKnownFileType = file.xib; path = TwoPageView.xib; sourceTree = "<group>"; };
		FE0FC2872395654C00D2483A /* ThirdPageView.h */ = {isa = PBXFileReference; lastKnownFileType = sourcecode.c.h; path = ThirdPageView.h; sourceTree = "<group>"; };
		FE0FC2882395654C00D2483A /* ThirdPageView.m */ = {isa = PBXFileReference; lastKnownFileType = sourcecode.c.objc; path = ThirdPageView.m; sourceTree = "<group>"; };
		FE0FC2892395654D00D2483A /* ThirdPageView.xib */ = {isa = PBXFileReference; lastKnownFileType = file.xib; path = ThirdPageView.xib; sourceTree = "<group>"; };
		FE0FC28C2395669100D2483A /* BaseUIViewController.h */ = {isa = PBXFileReference; lastKnownFileType = sourcecode.c.h; path = BaseUIViewController.h; sourceTree = "<group>"; };
		FE0FC28D2395669100D2483A /* BaseUIViewController.m */ = {isa = PBXFileReference; lastKnownFileType = sourcecode.c.objc; path = BaseUIViewController.m; sourceTree = "<group>"; };
		FE0FC28F239568BE00D2483A /* FourPageView.h */ = {isa = PBXFileReference; lastKnownFileType = sourcecode.c.h; path = FourPageView.h; sourceTree = "<group>"; };
		FE0FC290239568BE00D2483A /* FourPageView.m */ = {isa = PBXFileReference; lastKnownFileType = sourcecode.c.objc; path = FourPageView.m; sourceTree = "<group>"; };
		FE0FC291239568BE00D2483A /* FourPageView.xib */ = {isa = PBXFileReference; lastKnownFileType = file.xib; path = FourPageView.xib; sourceTree = "<group>"; };
		FE0FC296239571A100D2483A /* tabone@3x.png */ = {isa = PBXFileReference; lastKnownFileType = image.png; path = "tabone@3x.png"; sourceTree = "<group>"; };
		FE0FC297239571A100D2483A /* tabone@2x.png */ = {isa = PBXFileReference; lastKnownFileType = image.png; path = "tabone@2x.png"; sourceTree = "<group>"; };
		FE0FC29B2395768D00D2483A /* FivePageView.h */ = {isa = PBXFileReference; lastKnownFileType = sourcecode.c.h; path = FivePageView.h; sourceTree = "<group>"; };
		FE0FC29C2395768D00D2483A /* FivePageView.m */ = {isa = PBXFileReference; lastKnownFileType = sourcecode.c.objc; path = FivePageView.m; sourceTree = "<group>"; };
		FE0FC29D2395768D00D2483A /* FivePageView.xib */ = {isa = PBXFileReference; lastKnownFileType = file.xib; path = FivePageView.xib; sourceTree = "<group>"; };
		FE0FC2A023957C7500D2483A /* xinshoupic.png */ = {isa = PBXFileReference; lastKnownFileType = image.png; path = xinshoupic.png; sourceTree = "<group>"; };
		FE2088DB239BDF60007FB797 /* Shader3D.h */ = {isa = PBXFileReference; lastKnownFileType = sourcecode.c.h; path = Shader3D.h; sourceTree = "<group>"; };
		FE2088DC239BDF60007FB797 /* Shader3D.m */ = {isa = PBXFileReference; lastKnownFileType = sourcecode.c.objc; path = Shader3D.m; sourceTree = "<group>"; };
		FE2088DE239BE86A007FB797 /* ResGC.h */ = {isa = PBXFileReference; lastKnownFileType = sourcecode.c.h; path = ResGC.h; sourceTree = "<group>"; };
		FE2088DF239BE86A007FB797 /* ResGC.m */ = {isa = PBXFileReference; lastKnownFileType = sourcecode.c.objc; path = ResGC.m; sourceTree = "<group>"; };
		FE2088E1239BE899007FB797 /* ProgrmaManager.h */ = {isa = PBXFileReference; lastKnownFileType = sourcecode.c.h; path = ProgrmaManager.h; sourceTree = "<group>"; };
		FE2088E2239BE899007FB797 /* ProgrmaManager.m */ = {isa = PBXFileReference; lastKnownFileType = sourcecode.c.objc; path = ProgrmaManager.m; sourceTree = "<group>"; };
		FE2088EA239BFC70007FB797 /* DisplayBaseShader3D.h */ = {isa = PBXFileReference; lastKnownFileType = sourcecode.c.h; path = DisplayBaseShader3D.h; sourceTree = "<group>"; };
		FE2088EB239BFC70007FB797 /* DisplayBaseShader3D.m */ = {isa = PBXFileReference; lastKnownFileType = sourcecode.c.objc; path = DisplayBaseShader3D.m; sourceTree = "<group>"; };
		FE2088EE239C176A007FB797 /* TextureRes.h */ = {isa = PBXFileReference; lastKnownFileType = sourcecode.c.h; path = TextureRes.h; sourceTree = "<group>"; };
		FE2088EF239C176A007FB797 /* TextureRes.m */ = {isa = PBXFileReference; lastKnownFileType = sourcecode.c.objc; path = TextureRes.m; sourceTree = "<group>"; };
		FE2088F2239C183B007FB797 /* MaterialManager.h */ = {isa = PBXFileReference; lastKnownFileType = sourcecode.c.h; path = MaterialManager.h; sourceTree = "<group>"; };
		FE2088F3239C183B007FB797 /* MaterialManager.m */ = {isa = PBXFileReference; lastKnownFileType = sourcecode.c.objc; path = MaterialManager.m; sourceTree = "<group>"; };
		FE259A2D239A0BB6007360E6 /* Vector3D.h */ = {isa = PBXFileReference; fileEncoding = 4; lastKnownFileType = sourcecode.c.h; path = Vector3D.h; sourceTree = "<group>"; };
		FE259A2E239A0BB6007360E6 /* Vector3D.m */ = {isa = PBXFileReference; fileEncoding = 4; lastKnownFileType = sourcecode.c.objc; path = Vector3D.m; sourceTree = "<group>"; };
		FE2A61BF239CB9DF0011BF9E /* Scene3D.h */ = {isa = PBXFileReference; lastKnownFileType = sourcecode.c.h; path = Scene3D.h; sourceTree = "<group>"; };
		FE2A61C0239CB9DF0011BF9E /* Scene3D.m */ = {isa = PBXFileReference; lastKnownFileType = sourcecode.c.objc; path = Scene3D.m; sourceTree = "<group>"; };
		FE2A61C2239D04FD0011BF9E /* Context3D.h */ = {isa = PBXFileReference; lastKnownFileType = sourcecode.c.h; path = Context3D.h; sourceTree = "<group>"; };
		FE2A61C3239D04FD0011BF9E /* Context3D.m */ = {isa = PBXFileReference; lastKnownFileType = sourcecode.c.objc; path = Context3D.m; sourceTree = "<group>"; };
		FE2BB2D42397F38A00597658 /* GlkView.h */ = {isa = PBXFileReference; lastKnownFileType = sourcecode.c.h; path = GlkView.h; sourceTree = "<group>"; };
		FE2BB2D52397F38A00597658 /* GlkView.m */ = {isa = PBXFileReference; lastKnownFileType = sourcecode.c.objc; path = GlkView.m; sourceTree = "<group>"; };
		FE2BB2DA23980EE600597658 /* GLSpriteView.h */ = {isa = PBXFileReference; lastKnownFileType = sourcecode.c.h; path = GLSpriteView.h; sourceTree = "<group>"; };
		FE2BB2DB23980EE600597658 /* GLSpriteView.m */ = {isa = PBXFileReference; lastKnownFileType = sourcecode.c.objc; path = GLSpriteView.m; sourceTree = "<group>"; };
		FE2BB2DD23981CD600597658 /* shaderone.fsh */ = {isa = PBXFileReference; lastKnownFileType = sourcecode.glsl; path = shaderone.fsh; sourceTree = "<group>"; };
		FE2BB2DF23981D3300597658 /* shaderone.vsh */ = {isa = PBXFileReference; lastKnownFileType = sourcecode.glsl; path = shaderone.vsh; sourceTree = "<group>"; };
		FE4CA7D42398DAAA00BE6FB5 /* Matrix3D.h */ = {isa = PBXFileReference; lastKnownFileType = sourcecode.c.h; path = Matrix3D.h; sourceTree = "<group>"; };
		FE4CA7D52398DAAA00BE6FB5 /* Matrix3D.m */ = {isa = PBXFileReference; lastKnownFileType = sourcecode.c.objc; path = Matrix3D.m; sourceTree = "<group>"; };
		FE67882F239B938200262B53 /* Display3D.h */ = {isa = PBXFileReference; lastKnownFileType = sourcecode.c.h; path = Display3D.h; sourceTree = "<group>"; };
		FE678830239B938200262B53 /* Display3D.m */ = {isa = PBXFileReference; lastKnownFileType = sourcecode.c.objc; path = Display3D.m; sourceTree = "<group>"; };
		FE678834239B946800262B53 /* ResCount.h */ = {isa = PBXFileReference; lastKnownFileType = sourcecode.c.h; path = ResCount.h; sourceTree = "<group>"; };
		FE678835239B946800262B53 /* ResCount.m */ = {isa = PBXFileReference; lastKnownFileType = sourcecode.c.objc; path = ResCount.m; sourceTree = "<group>"; };
		FE678837239B948D00262B53 /* ObjData.h */ = {isa = PBXFileReference; lastKnownFileType = sourcecode.c.h; path = ObjData.h; sourceTree = "<group>"; };
		FE678838239B948D00262B53 /* ObjData.m */ = {isa = PBXFileReference; lastKnownFileType = sourcecode.c.objc; path = ObjData.m; sourceTree = "<group>"; };
		FE67883A239B973C00262B53 /* Display3DSprite.h */ = {isa = PBXFileReference; lastKnownFileType = sourcecode.c.h; path = Display3DSprite.h; sourceTree = "<group>"; };
		FE67883B239B973C00262B53 /* Display3DSprite.m */ = {isa = PBXFileReference; lastKnownFileType = sourcecode.c.objc; path = Display3DSprite.m; sourceTree = "<group>"; };
		FE678841239B980200262B53 /* SceneView.h */ = {isa = PBXFileReference; lastKnownFileType = sourcecode.c.h; path = SceneView.h; sourceTree = "<group>"; };
		FE678842239B980200262B53 /* SceneView.m */ = {isa = PBXFileReference; lastKnownFileType = sourcecode.c.objc; path = SceneView.m; sourceTree = "<group>"; };
		FE74C8862396C85D0069A551 /* Base3dView.h */ = {isa = PBXFileReference; lastKnownFileType = sourcecode.c.h; path = Base3dView.h; sourceTree = "<group>"; };
		FE74C8872396C85D0069A551 /* Base3dView.m */ = {isa = PBXFileReference; lastKnownFileType = sourcecode.c.objc; path = Base3dView.m; sourceTree = "<group>"; };
		FEDE16E5239ACD6A002361C1 /* brdf_ltu.jpg */ = {isa = PBXFileReference; lastKnownFileType = image.jpeg; name = brdf_ltu.jpg; path = ../../../../sceneEdit/sceneEdit/res/base/brdf_ltu.jpg; sourceTree = "<group>"; };
		FEDE16E7239ADA4E002361C1 /* shadertwo.vsh */ = {isa = PBXFileReference; fileEncoding = 4; lastKnownFileType = sourcecode.glsl; path = shadertwo.vsh; sourceTree = "<group>"; };
		FEDE16E8239ADA4E002361C1 /* shadertwo.fsh */ = {isa = PBXFileReference; fileEncoding = 4; lastKnownFileType = sourcecode.glsl; path = shadertwo.fsh; sourceTree = "<group>"; };
/* End PBXFileReference section */

/* Begin PBXFrameworksBuildPhase section */
		FE0FC2322395104700D2483A /* Frameworks */ = {
			isa = PBXFrameworksBuildPhase;
			buildActionMask = 2147483647;
			files = (
			);
			runOnlyForDeploymentPostprocessing = 0;
		};
/* End PBXFrameworksBuildPhase section */

/* Begin PBXGroup section */
		FE0FC22C2395104700D2483A = {
			isa = PBXGroup;
			children = (
				FE0FC2372395104700D2483A /* iosgl */,
				FE0FC2362395104700D2483A /* Products */,
			);
			sourceTree = "<group>";
		};
		FE0FC2362395104700D2483A /* Products */ = {
			isa = PBXGroup;
			children = (
				FE0FC2352395104700D2483A /* iosgl.app */,
			);
			name = Products;
			sourceTree = "<group>";
		};
		FE0FC2372395104700D2483A /* iosgl */ = {
			isa = PBXGroup;
			children = (
				FE0FC25A239512E500D2483A /* base */,
				FE0FC254239511AC00D2483A /* bt */,
				FE0FC27C23955A7F00D2483A /* Page */,
				FE0FC2382395104700D2483A /* AppDelegate.h */,
				FE0FC2392395104700D2483A /* AppDelegate.m */,
				FE0FC23B2395104700D2483A /* SceneDelegate.h */,
				FE0FC23C2395104700D2483A /* SceneDelegate.m */,
				FE0FC23E2395104700D2483A /* ViewController.h */,
				FE0FC23F2395104700D2483A /* ViewController.m */,
				FE0FC2412395104700D2483A /* Main.storyboard */,
				FE0FC2472395104800D2483A /* Assets.xcassets */,
				FE0FC2492395104800D2483A /* LaunchScreen.storyboard */,
				FE0FC24C2395104800D2483A /* Info.plist */,
				FE0FC24D2395104800D2483A /* main.m */,
				FE0FC29A2395735800D2483A /* assetfile */,
				FE0FC2442395104700D2483A /* iosgl.xcdatamodeld */,
			);
			path = iosgl;
			sourceTree = "<group>";
		};
		FE0FC254239511AC00D2483A /* bt */ = {
			isa = PBXGroup;
			children = (
				FE2088F1239C1821007FB797 /* material */,
				FE2088DA239BDF0B007FB797 /* program */,
				FE678832239B944600262B53 /* base */,
				FE67882E239B934C00262B53 /* display */,
				FE4CA7D32398DA7C00BE6FB5 /* math */,
				FE0FC2782395531F00D2483A /* core */,
				FE67883D239B974C00262B53 /* scene */,
				FE678841239B980200262B53 /* SceneView.h */,
				FE678842239B980200262B53 /* SceneView.m */,
			);
			path = bt;
			sourceTree = "<group>";
		};
		FE0FC25A239512E500D2483A /* base */ = {
			isa = PBXGroup;
			children = (
				FE0FC27223952A3A00D2483A /* MyNavigationBar.h */,
				FE0FC27323952A3A00D2483A /* MyNavigationBar.m */,
				FE0FC26F2395294900D2483A /* BaseNavigationViewController.h */,
				FE0FC2702395294900D2483A /* BaseNavigationViewController.m */,
			);
			path = base;
			sourceTree = "<group>";
		};
		FE0FC26423951FAC00D2483A /* Other */ = {
			isa = PBXGroup;
			children = (
				FE0FC26123951ABE00D2483A /* CtxUIView.h */,
				FE0FC26223951ABE00D2483A /* CtxUIView.m */,
				FE74C8862396C85D0069A551 /* Base3dView.h */,
				FE74C8872396C85D0069A551 /* Base3dView.m */,
				FE2BB2D42397F38A00597658 /* GlkView.h */,
				FE2BB2D52397F38A00597658 /* GlkView.m */,
				FE2BB2DA23980EE600597658 /* GLSpriteView.h */,
				FE2BB2DB23980EE600597658 /* GLSpriteView.m */,
			);
			path = Other;
			sourceTree = "<group>";
		};
		FE0FC2782395531F00D2483A /* core */ = {
			isa = PBXGroup;
			children = (
				FE0FC2752395531700D2483A /* MathCore.h */,
				FE0FC2762395531700D2483A /* MathCore.m */,
				FE0FC2792395533500D2483A /* MathClass.h */,
				FE0FC27A2395533500D2483A /* MathClass.m */,
				FE2A61C2239D04FD0011BF9E /* Context3D.h */,
				FE2A61C3239D04FD0011BF9E /* Context3D.m */,
			);
			path = core;
			sourceTree = "<group>";
		};
		FE0FC27C23955A7F00D2483A /* Page */ = {
			isa = PBXGroup;
			children = (
				FE0FC26423951FAC00D2483A /* Other */,
				FE0FC28C2395669100D2483A /* BaseUIViewController.h */,
				FE0FC28D2395669100D2483A /* BaseUIViewController.m */,
				FE0FC27D23955AA200D2483A /* OnePageView.h */,
				FE0FC27E23955AA200D2483A /* OnePageView.m */,
				FE0FC27F23955AA200D2483A /* OnePageView.xib */,
				FE0FC28223955D0200D2483A /* TwoPageView.h */,
				FE0FC28323955D0200D2483A /* TwoPageView.m */,
				FE0FC28423955D0200D2483A /* TwoPageView.xib */,
				FE0FC2872395654C00D2483A /* ThirdPageView.h */,
				FE0FC2882395654C00D2483A /* ThirdPageView.m */,
				FE0FC2892395654D00D2483A /* ThirdPageView.xib */,
				FE0FC28F239568BE00D2483A /* FourPageView.h */,
				FE0FC290239568BE00D2483A /* FourPageView.m */,
				FE0FC291239568BE00D2483A /* FourPageView.xib */,
				FE0FC29B2395768D00D2483A /* FivePageView.h */,
				FE0FC29C2395768D00D2483A /* FivePageView.m */,
				FE0FC29D2395768D00D2483A /* FivePageView.xib */,
			);
			path = Page;
			sourceTree = "<group>";
		};
		FE0FC29A2395735800D2483A /* assetfile */ = {
			isa = PBXGroup;
			children = (
				FEDE16E5239ACD6A002361C1 /* brdf_ltu.jpg */,
				FEDE16E8239ADA4E002361C1 /* shadertwo.fsh */,
				FEDE16E7239ADA4E002361C1 /* shadertwo.vsh */,
				FE2BB2DD23981CD600597658 /* shaderone.fsh */,
				FE2BB2DF23981D3300597658 /* shaderone.vsh */,
				FE0FC2A023957C7500D2483A /* xinshoupic.png */,
				FE0FC297239571A100D2483A /* tabone@2x.png */,
				FE0FC296239571A100D2483A /* tabone@3x.png */,
			);
			path = assetfile;
			sourceTree = "<group>";
		};
		FE2088DA239BDF0B007FB797 /* program */ = {
			isa = PBXGroup;
			children = (
				FE2088DB239BDF60007FB797 /* Shader3D.h */,
				FE2088DC239BDF60007FB797 /* Shader3D.m */,
				FE2088EA239BFC70007FB797 /* DisplayBaseShader3D.h */,
				FE2088EB239BFC70007FB797 /* DisplayBaseShader3D.m */,
				FE2088E1239BE899007FB797 /* ProgrmaManager.h */,
				FE2088E2239BE899007FB797 /* ProgrmaManager.m */,
			);
			path = program;
			sourceTree = "<group>";
		};
		FE2088F1239C1821007FB797 /* material */ = {
			isa = PBXGroup;
			children = (
				FE2088F2239C183B007FB797 /* MaterialManager.h */,
				FE2088F3239C183B007FB797 /* MaterialManager.m */,
			);
			path = material;
			sourceTree = "<group>";
		};
		FE4CA7D32398DA7C00BE6FB5 /* math */ = {
			isa = PBXGroup;
			children = (
			);
			path = math;
			sourceTree = "<group>";
		};
		FE67882E239B934C00262B53 /* display */ = {
			isa = PBXGroup;
			children = (
				FE67882F239B938200262B53 /* Display3D.h */,
				FE678830239B938200262B53 /* Display3D.m */,
				FE67883A239B973C00262B53 /* Display3DSprite.h */,
				FE67883B239B973C00262B53 /* Display3DSprite.m */,
			);
			path = display;
			sourceTree = "<group>";
		};
		FE678832239B944600262B53 /* base */ = {
			isa = PBXGroup;
			children = (
				FE2088DE239BE86A007FB797 /* ResGC.h */,
				FE2088DF239BE86A007FB797 /* ResGC.m */,
				FE678834239B946800262B53 /* ResCount.h */,
				FE678835239B946800262B53 /* ResCount.m */,
				FE259A2D239A0BB6007360E6 /* Vector3D.h */,
				FE259A2E239A0BB6007360E6 /* Vector3D.m */,
				FE4CA7D42398DAAA00BE6FB5 /* Matrix3D.h */,
				FE4CA7D52398DAAA00BE6FB5 /* Matrix3D.m */,
				FE678837239B948D00262B53 /* ObjData.h */,
				FE678838239B948D00262B53 /* ObjData.m */,
				FE2088EE239C176A007FB797 /* TextureRes.h */,
				FE2088EF239C176A007FB797 /* TextureRes.m */,
			);
			path = base;
			sourceTree = "<group>";
		};
		FE67883D239B974C00262B53 /* scene */ = {
			isa = PBXGroup;
			children = (
				FE2A61BF239CB9DF0011BF9E /* Scene3D.h */,
				FE2A61C0239CB9DF0011BF9E /* Scene3D.m */,
			);
			path = scene;
			sourceTree = "<group>";
		};
/* End PBXGroup section */

/* Begin PBXNativeTarget section */
		FE0FC2342395104700D2483A /* iosgl */ = {
			isa = PBXNativeTarget;
			buildConfigurationList = FE0FC2512395104800D2483A /* Build configuration list for PBXNativeTarget "iosgl" */;
			buildPhases = (
				FE0FC2312395104700D2483A /* Sources */,
				FE0FC2322395104700D2483A /* Frameworks */,
				FE0FC2332395104700D2483A /* Resources */,
			);
			buildRules = (
			);
			dependencies = (
			);
			name = iosgl;
			productName = iosgl;
			productReference = FE0FC2352395104700D2483A /* iosgl.app */;
			productType = "com.apple.product-type.application";
		};
/* End PBXNativeTarget section */

/* Begin PBXProject section */
		FE0FC22D2395104700D2483A /* Project object */ = {
			isa = PBXProject;
			attributes = {
				LastUpgradeCheck = 1110;
				ORGANIZATIONNAME = zhao;
				TargetAttributes = {
					FE0FC2342395104700D2483A = {
						CreatedOnToolsVersion = 11.1;
					};
				};
			};
			buildConfigurationList = FE0FC2302395104700D2483A /* Build configuration list for PBXProject "iosgl" */;
			compatibilityVersion = "Xcode 9.3";
			developmentRegion = en;
			hasScannedForEncodings = 0;
			knownRegions = (
				en,
				Base,
			);
			mainGroup = FE0FC22C2395104700D2483A;
			productRefGroup = FE0FC2362395104700D2483A /* Products */;
			projectDirPath = "";
			projectRoot = "";
			targets = (
				FE0FC2342395104700D2483A /* iosgl */,
			);
		};
/* End PBXProject section */

/* Begin PBXResourcesBuildPhase section */
		FE0FC2332395104700D2483A /* Resources */ = {
			isa = PBXResourcesBuildPhase;
			buildActionMask = 2147483647;
			files = (
				FE2BB2E023981D3300597658 /* shaderone.vsh in Resources */,
				FE2BB2DE23981CD600597658 /* shaderone.fsh in Resources */,
				FE0FC2A123957C7500D2483A /* xinshoupic.png in Resources */,
				FE0FC28123955AA200D2483A /* OnePageView.xib in Resources */,
				FEDE16EA239ADA4E002361C1 /* shadertwo.fsh in Resources */,
				FE0FC29F2395768D00D2483A /* FivePageView.xib in Resources */,
				FEDE16E6239ACD6A002361C1 /* brdf_ltu.jpg in Resources */,
				FE0FC28623955D0200D2483A /* TwoPageView.xib in Resources */,
				FE0FC299239571A100D2483A /* tabone@2x.png in Resources */,
				FEDE16E9239ADA4E002361C1 /* shadertwo.vsh in Resources */,
				FE0FC24B2395104800D2483A /* LaunchScreen.storyboard in Resources */,
				FE0FC2482395104800D2483A /* Assets.xcassets in Resources */,
				FE0FC298239571A100D2483A /* tabone@3x.png in Resources */,
				FE0FC28B2395654D00D2483A /* ThirdPageView.xib in Resources */,
				FE0FC2432395104700D2483A /* Main.storyboard in Resources */,
				FE0FC293239568BE00D2483A /* FourPageView.xib in Resources */,
			);
			runOnlyForDeploymentPostprocessing = 0;
		};
/* End PBXResourcesBuildPhase section */

/* Begin PBXSourcesBuildPhase section */
		FE0FC2312395104700D2483A /* Sources */ = {
			isa = PBXSourcesBuildPhase;
			buildActionMask = 2147483647;
			files = (
				FE0FC24E2395104800D2483A /* main.m in Sources */,
				FE2BB2D62397F38A00597658 /* GlkView.m in Sources */,
				FE2088F0239C176A007FB797 /* TextureRes.m in Sources */,
				FE0FC2462395104700D2483A /* iosgl.xcdatamodeld in Sources */,
				FE0FC2712395294900D2483A /* BaseNavigationViewController.m in Sources */,
				FE0FC2772395531700D2483A /* MathCore.m in Sources */,
				FE0FC2402395104700D2483A /* ViewController.m in Sources */,
				FE0FC23A2395104700D2483A /* AppDelegate.m in Sources */,
				FE2A61C4239D04FD0011BF9E /* Context3D.m in Sources */,
				FE0FC23D2395104700D2483A /* SceneDelegate.m in Sources */,
				FE259A2F239A0BB6007360E6 /* Vector3D.m in Sources */,
				FE0FC28A2395654D00D2483A /* ThirdPageView.m in Sources */,
				FE2088DD239BDF60007FB797 /* Shader3D.m in Sources */,
				FE2088E0239BE86A007FB797 /* ResGC.m in Sources */,
				FE678836239B946800262B53 /* ResCount.m in Sources */,
				FE4CA7D62398DAAA00BE6FB5 /* Matrix3D.m in Sources */,
				FE0FC292239568BE00D2483A /* FourPageView.m in Sources */,
				FE678843239B980200262B53 /* SceneView.m in Sources */,
				FE0FC28E2395669100D2483A /* BaseUIViewController.m in Sources */,
				FE2A61C1239CB9DF0011BF9E /* Scene3D.m in Sources */,
				FE2088E3239BE899007FB797 /* ProgrmaManager.m in Sources */,
				FE74C8882396C85D0069A551 /* Base3dView.m in Sources */,
				FE2088EC239BFC70007FB797 /* DisplayBaseShader3D.m in Sources */,
				FE0FC28023955AA200D2483A /* OnePageView.m in Sources */,
				FE0FC29E2395768D00D2483A /* FivePageView.m in Sources */,
				FE678839239B948D00262B53 /* ObjData.m in Sources */,
				FE0FC28523955D0200D2483A /* TwoPageView.m in Sources */,
				FE678831239B938200262B53 /* Display3D.m in Sources */,
				FE0FC26323951ABE00D2483A /* CtxUIView.m in Sources */,
				FE2088F4239C183B007FB797 /* MaterialManager.m in Sources */,
				FE0FC27423952A3A00D2483A /* MyNavigationBar.m in Sources */,
				FE67883C239B973C00262B53 /* Display3DSprite.m in Sources */,
				FE0FC27B2395533500D2483A /* MathClass.m in Sources */,
				FE2BB2DC23980EE600597658 /* GLSpriteView.m in Sources */,
			);
			runOnlyForDeploymentPostprocessing = 0;
		};
/* End PBXSourcesBuildPhase section */

/* Begin PBXVariantGroup section */
		FE0FC2412395104700D2483A /* Main.storyboard */ = {
			isa = PBXVariantGroup;
			children = (
				FE0FC2422395104700D2483A /* Base */,
			);
			name = Main.storyboard;
			sourceTree = "<group>";
		};
		FE0FC2492395104800D2483A /* LaunchScreen.storyboard */ = {
			isa = PBXVariantGroup;
			children = (
				FE0FC24A2395104800D2483A /* Base */,
			);
			name = LaunchScreen.storyboard;
			sourceTree = "<group>";
		};
/* End PBXVariantGroup section */

/* Begin XCBuildConfiguration section */
		FE0FC24F2395104800D2483A /* Debug */ = {
			isa = XCBuildConfiguration;
			buildSettings = {
				ALWAYS_SEARCH_USER_PATHS = NO;
				CLANG_ANALYZER_NONNULL = YES;
				CLANG_ANALYZER_NUMBER_OBJECT_CONVERSION = YES_AGGRESSIVE;
				CLANG_CXX_LANGUAGE_STANDARD = "gnu++14";
				CLANG_CXX_LIBRARY = "libc++";
				CLANG_ENABLE_MODULES = YES;
				CLANG_ENABLE_OBJC_ARC = YES;
				CLANG_ENABLE_OBJC_WEAK = YES;
				CLANG_WARN_BLOCK_CAPTURE_AUTORELEASING = YES;
				CLANG_WARN_BOOL_CONVERSION = YES;
				CLANG_WARN_COMMA = YES;
				CLANG_WARN_CONSTANT_CONVERSION = YES;
				CLANG_WARN_DEPRECATED_OBJC_IMPLEMENTATIONS = YES;
				CLANG_WARN_DIRECT_OBJC_ISA_USAGE = YES_ERROR;
				CLANG_WARN_DOCUMENTATION_COMMENTS = YES;
				CLANG_WARN_EMPTY_BODY = YES;
				CLANG_WARN_ENUM_CONVERSION = YES;
				CLANG_WARN_INFINITE_RECURSION = YES;
				CLANG_WARN_INT_CONVERSION = YES;
				CLANG_WARN_NON_LITERAL_NULL_CONVERSION = YES;
				CLANG_WARN_OBJC_IMPLICIT_RETAIN_SELF = YES;
				CLANG_WARN_OBJC_LITERAL_CONVERSION = YES;
				CLANG_WARN_OBJC_ROOT_CLASS = YES_ERROR;
				CLANG_WARN_RANGE_LOOP_ANALYSIS = YES;
				CLANG_WARN_STRICT_PROTOTYPES = YES;
				CLANG_WARN_SUSPICIOUS_MOVE = YES;
				CLANG_WARN_UNGUARDED_AVAILABILITY = YES_AGGRESSIVE;
				CLANG_WARN_UNREACHABLE_CODE = YES;
				CLANG_WARN__DUPLICATE_METHOD_MATCH = YES;
				COPY_PHASE_STRIP = NO;
				DEBUG_INFORMATION_FORMAT = dwarf;
				ENABLE_STRICT_OBJC_MSGSEND = YES;
				ENABLE_TESTABILITY = YES;
				GCC_C_LANGUAGE_STANDARD = gnu11;
				GCC_DYNAMIC_NO_PIC = NO;
				GCC_NO_COMMON_BLOCKS = YES;
				GCC_OPTIMIZATION_LEVEL = 0;
				GCC_PREPROCESSOR_DEFINITIONS = (
					"DEBUG=1",
					"$(inherited)",
				);
				GCC_WARN_64_TO_32_BIT_CONVERSION = YES;
				GCC_WARN_ABOUT_RETURN_TYPE = YES_ERROR;
				GCC_WARN_UNDECLARED_SELECTOR = YES;
				GCC_WARN_UNINITIALIZED_AUTOS = YES_AGGRESSIVE;
				GCC_WARN_UNUSED_FUNCTION = YES;
				GCC_WARN_UNUSED_VARIABLE = YES;
				IPHONEOS_DEPLOYMENT_TARGET = 11.0;
				MTL_ENABLE_DEBUG_INFO = INCLUDE_SOURCE;
				MTL_FAST_MATH = YES;
				ONLY_ACTIVE_ARCH = YES;
				SDKROOT = iphoneos;
			};
			name = Debug;
		};
		FE0FC2502395104800D2483A /* Release */ = {
			isa = XCBuildConfiguration;
			buildSettings = {
				ALWAYS_SEARCH_USER_PATHS = NO;
				CLANG_ANALYZER_NONNULL = YES;
				CLANG_ANALYZER_NUMBER_OBJECT_CONVERSION = YES_AGGRESSIVE;
				CLANG_CXX_LANGUAGE_STANDARD = "gnu++14";
				CLANG_CXX_LIBRARY = "libc++";
				CLANG_ENABLE_MODULES = YES;
				CLANG_ENABLE_OBJC_ARC = YES;
				CLANG_ENABLE_OBJC_WEAK = YES;
				CLANG_WARN_BLOCK_CAPTURE_AUTORELEASING = YES;
				CLANG_WARN_BOOL_CONVERSION = YES;
				CLANG_WARN_COMMA = YES;
				CLANG_WARN_CONSTANT_CONVERSION = YES;
				CLANG_WARN_DEPRECATED_OBJC_IMPLEMENTATIONS = YES;
				CLANG_WARN_DIRECT_OBJC_ISA_USAGE = YES_ERROR;
				CLANG_WARN_DOCUMENTATION_COMMENTS = YES;
				CLANG_WARN_EMPTY_BODY = YES;
				CLANG_WARN_ENUM_CONVERSION = YES;
				CLANG_WARN_INFINITE_RECURSION = YES;
				CLANG_WARN_INT_CONVERSION = YES;
				CLANG_WARN_NON_LITERAL_NULL_CONVERSION = YES;
				CLANG_WARN_OBJC_IMPLICIT_RETAIN_SELF = YES;
				CLANG_WARN_OBJC_LITERAL_CONVERSION = YES;
				CLANG_WARN_OBJC_ROOT_CLASS = YES_ERROR;
				CLANG_WARN_RANGE_LOOP_ANALYSIS = YES;
				CLANG_WARN_STRICT_PROTOTYPES = YES;
				CLANG_WARN_SUSPICIOUS_MOVE = YES;
				CLANG_WARN_UNGUARDED_AVAILABILITY = YES_AGGRESSIVE;
				CLANG_WARN_UNREACHABLE_CODE = YES;
				CLANG_WARN__DUPLICATE_METHOD_MATCH = YES;
				COPY_PHASE_STRIP = NO;
				DEBUG_INFORMATION_FORMAT = "dwarf-with-dsym";
				ENABLE_NS_ASSERTIONS = NO;
				ENABLE_STRICT_OBJC_MSGSEND = YES;
				GCC_C_LANGUAGE_STANDARD = gnu11;
				GCC_NO_COMMON_BLOCKS = YES;
				GCC_WARN_64_TO_32_BIT_CONVERSION = YES;
				GCC_WARN_ABOUT_RETURN_TYPE = YES_ERROR;
				GCC_WARN_UNDECLARED_SELECTOR = YES;
				GCC_WARN_UNINITIALIZED_AUTOS = YES_AGGRESSIVE;
				GCC_WARN_UNUSED_FUNCTION = YES;
				GCC_WARN_UNUSED_VARIABLE = YES;
				IPHONEOS_DEPLOYMENT_TARGET = 11.0;
				MTL_ENABLE_DEBUG_INFO = NO;
				MTL_FAST_MATH = YES;
				SDKROOT = iphoneos;
				VALIDATE_PRODUCT = YES;
			};
			name = Release;
		};
		FE0FC2522395104800D2483A /* Debug */ = {
			isa = XCBuildConfiguration;
			buildSettings = {
				ASSETCATALOG_COMPILER_APPICON_NAME = AppIcon;
				CODE_SIGN_STYLE = Automatic;
				DEVELOPMENT_TEAM = XR8B28QY58;
				INFOPLIST_FILE = iosgl/Info.plist;
				LD_RUNPATH_SEARCH_PATHS = (
					"$(inherited)",
					"@executable_path/Frameworks",
				);
				PRODUCT_BUNDLE_IDENTIFIER = "-88.iosgl";
				PRODUCT_NAME = "$(TARGET_NAME)";
				TARGETED_DEVICE_FAMILY = "1,2";
			};
			name = Debug;
		};
		FE0FC2532395104800D2483A /* Release */ = {
			isa = XCBuildConfiguration;
			buildSettings = {
				ASSETCATALOG_COMPILER_APPICON_NAME = AppIcon;
				CODE_SIGN_STYLE = Automatic;
				DEVELOPMENT_TEAM = XR8B28QY58;
				INFOPLIST_FILE = iosgl/Info.plist;
				LD_RUNPATH_SEARCH_PATHS = (
					"$(inherited)",
					"@executable_path/Frameworks",
				);
				PRODUCT_BUNDLE_IDENTIFIER = "-88.iosgl";
				PRODUCT_NAME = "$(TARGET_NAME)";
				TARGETED_DEVICE_FAMILY = "1,2";
			};
			name = Release;
		};
/* End XCBuildConfiguration section */

/* Begin XCConfigurationList section */
		FE0FC2302395104700D2483A /* Build configuration list for PBXProject "iosgl" */ = {
			isa = XCConfigurationList;
			buildConfigurations = (
				FE0FC24F2395104800D2483A /* Debug */,
				FE0FC2502395104800D2483A /* Release */,
			);
			defaultConfigurationIsVisible = 0;
			defaultConfigurationName = Release;
		};
		FE0FC2512395104800D2483A /* Build configuration list for PBXNativeTarget "iosgl" */ = {
			isa = XCConfigurationList;
			buildConfigurations = (
				FE0FC2522395104800D2483A /* Debug */,
				FE0FC2532395104800D2483A /* Release */,
			);
			defaultConfigurationIsVisible = 0;
			defaultConfigurationName = Release;
		};
/* End XCConfigurationList section */

/* Begin XCVersionGroup section */
		FE0FC2442395104700D2483A /* iosgl.xcdatamodeld */ = {
			isa = XCVersionGroup;
			children = (
				FE0FC2452395104700D2483A /* iosgl.xcdatamodel */,
			);
			currentVersion = FE0FC2452395104700D2483A /* iosgl.xcdatamodel */;
			path = iosgl.xcdatamodeld;
			sourceTree = "<group>";
			versionGroupType = wrapper.xcdatamodel;
		};
/* End XCVersionGroup section */
	};
	rootObject = FE0FC22D2395104700D2483A /* Project object */;
}
